Microsoft Visual Studio Solution File, Format Version 10.00
# Visual Studio 2008
Project("{FAE04EC0-301F-11D3-BF4B-00C04F79EFBC}") = "SetPDFFileInformation", "SetPDFFileInformation.csproj", "{33C61BC1-BB0D-4EA8-A590-E0E83662B970}"
EndProject
Global
	GlobalSection(SolutionConfigurationPlatforms) = preSolution
		Debug|Any CPU = Debug|Any CPU
		Release|Any CPU = Release|Any CPU
	EndGlobalSection
	GlobalSection(ProjectConfigurationPlatforms) = postSolution
		{33C61BC1-BB0D-4EA8-A590-E0E83662B970}.Debug|Any CPU.ActiveCfg = Debug|Any CPU
		{33C61BC1-BB0D-4EA8-A590-E0E83662B970}.Debug|Any CPU.Build.0 = Debug|Any CPU
		{33C61BC1-BB0D-4EA8-A590-E0E83662B970}.Release|Any CPU.ActiveCfg = Release|Any CPU
	EndGlobalSection
	GlobalSection(SolutionProperties) = preSolution
		HideSolutionNode = FALSE
	EndGlobalSection
EndGlobal
