Microsoft Visual Studio Solution File, Format Version 10.00
# Visual Studio 2008
Project("{FAE04EC0-301F-11D3-BF4B-00C04F79EFBC}") = "ExtractBookmarks", "ExtractBookmarks.csproj", "{A9A13733-A567-47E7-B7DF-22DDD1173CDB}"
EndProject
Global
	GlobalSection(SolutionConfigurationPlatforms) = preSolution
		Debug|Any CPU = Debug|Any CPU
		Release|Any CPU = Release|Any CPU
	EndGlobalSection
	GlobalSection(ProjectConfigurationPlatforms) = postSolution
		{A9A13733-A567-47E7-B7DF-22DDD1173CDB}.Debug|Any CPU.ActiveCfg = Debug|Any CPU
		{A9A13733-A567-47E7-B7DF-22DDD1173CDB}.Debug|Any CPU.Build.0 = Debug|Any CPU
		{A9A13733-A567-47E7-B7DF-22DDD1173CDB}.Release|Any CPU.ActiveCfg = Release|Any CPU
	EndGlobalSection
	GlobalSection(SolutionProperties) = preSolution
		HideSolutionNode = FALSE
	EndGlobalSection
EndGlobal
