Microsoft Visual Studio Solution File, Format Version 10.00
# Visual Studio 2008
Project("{2150E333-8FDC-42A3-9474-1A3956D46DE8}") = "ProgrammersGuide", "ProgrammersGuide", "{3C28B2FB-A4F7-46A7-88D4-159410DA7AE1}"
EndProject
Project("{2150E333-8FDC-42A3-9474-1A3956D46DE8}") = "WorkingWithAsposePDF", "WorkingWithAsposePDF", "{1670DD6E-4F07-4963-82D8-31C5D6EB2000}"
EndProject
Project("{2150E333-8FDC-42A3-9474-1A3956D46DE8}") = "WorkingWithPages", "WorkingWithPages", "{7388A035-A891-4CCA-9288-80B5D9AC85BB}"
EndProject
Project("{FAE04EC0-301F-11D3-BF4B-00C04F79EFBC}") = "ConcatenatePdfFiles", "ProgrammersGuide\WorkingWithAsposePDF\WorkingWithPages\ConcatenatePdfFiles\VisualBasic\ConcatenatePdfFiles.vbproj", "{94AF7299-E998-40DE-8026-F61FC48D30F1}"
EndProject
Project("{FAE04EC0-301F-11D3-BF4B-00C04F79EFBC}") = "GetNumberofPagesofaPDFFile", "ProgrammersGuide\WorkingWithAsposePDF\WorkingWithPages\GetNumberofPagesofaPDFFile\VisualBasic\GetNumberofPagesofaPDFFile.vbproj", "{91227632-EDB4-47E2-965B-29F7ACCDC212}"
EndProject
Project("{FAE04EC0-301F-11D3-BF4B-00C04F79EFBC}") = "GetPageProperties", "ProgrammersGuide\WorkingWithAsposePDF\WorkingWithPages\GetPageProperties\VisualBasic\GetPageProperties.vbproj", "{E5CCEEF5-99FD-45CD-A83B-306344802D13}"
EndProject
Project("{FAE04EC0-301F-11D3-BF4B-00C04F79EFBC}") = "InsertEmptyPageInPDFFile", "ProgrammersGuide\WorkingWithAsposePDF\WorkingWithPages\InsertEmptyPageInPDFFile\VisualBasic\InsertEmptyPageInPDFFile.vbproj", "{48370F95-1C5F-48A9-8FF8-03D8F1BBACB9}"
EndProject
Project("{FAE04EC0-301F-11D3-BF4B-00C04F79EFBC}") = "InsertEmptyPageAtEndofPDFFile", "ProgrammersGuide\WorkingWithAsposePDF\WorkingWithPages\InsertEmptyPageAtEndofPDFFile\VisualBasic\InsertEmptyPageAtEndofPDFFile.vbproj", "{3FD937BA-6B78-4F32-B61A-276964DD791D}"
EndProject
Project("{FAE04EC0-301F-11D3-BF4B-00C04F79EFBC}") = "SplitPDFFiletoIndividualPages", "ProgrammersGuide\WorkingWithAsposePDF\WorkingWithPages\SplitPDFFiletoIndividualPages\VisualBasic\SplitPDFFiletoIndividualPages.vbproj", "{CD885C58-9F02-4EC1-8D92-AE89C8E012EE}"
EndProject
Project("{FAE04EC0-301F-11D3-BF4B-00C04F79EFBC}") = "GetParticularPageOfPDFFile", "ProgrammersGuide\WorkingWithAsposePDF\WorkingWithPages\GetParticularPageOfPDFFile\VisualBasic\GetParticularPageOfPDFFile.vbproj", "{61DFC939-F187-45E5-B7B6-404865978BE4}"
EndProject
Project("{FAE04EC0-301F-11D3-BF4B-00C04F79EFBC}") = "DeleteParticularPageFromPDFFile", "ProgrammersGuide\WorkingWithAsposePDF\WorkingWithPages\DeleteParticularPageFromPDFFile\VisualBasic\DeleteParticularPageFromPDFFile.vbproj", "{DCAC153D-FD02-4837-A9A5-1E7DAC4E75EF}"
EndProject
Project("{FAE04EC0-301F-11D3-BF4B-00C04F79EFBC}") = "UpdatePageDimensions", "ProgrammersGuide\WorkingWithAsposePDF\WorkingWithPages\UpdatePageDimensions\VisualBasic\UpdatePageDimensions.vbproj", "{64B29320-74D2-4DE8-AE4C-51C7D7E02002}"
EndProject
Project("{FAE04EC0-301F-11D3-BF4B-00C04F79EFBC}") = "AddImageAsPageBackground", "ProgrammersGuide\WorkingWithAsposePDF\WorkingWithPages\AddImageAsPageBackground\VisualBasic\AddImageAsPageBackground.vbproj", "{81668E3A-5106-45AF-AE49-A030C45E4049}"
EndProject
Project("{2150E333-8FDC-42A3-9474-1A3956D46DE8}") = "WorkingWithImages", "WorkingWithImages", "{0C0DA8AF-B7F2-48EF-BFBA-EC9A235612DD}"
EndProject
Project("{FAE04EC0-301F-11D3-BF4B-00C04F79EFBC}") = "ConvertPagesToImages", "ProgrammersGuide\WorkingWithAsposePDF\WorkingWithImages\ConvertPagesToImages\VisualBasic\ConvertPagesToImages.vbproj", "{7EC9BD7E-0F2F-41F7-9F1E-8604C931B894}"
EndProject
Project("{2150E333-8FDC-42A3-9474-1A3956D46DE8}") = "WorkingWithText", "WorkingWithText", "{899E78C9-72B8-43E5-A25A-5B3645EEDAE4}"
EndProject
Project("{FAE04EC0-301F-11D3-BF4B-00C04F79EFBC}") = "ReplaceTextInAllPages", "ProgrammersGuide\WorkingWithAsposePDF\WorkingWithText\ReplaceTextInAllPages\VisualBasic\ReplaceTextInAllPages.vbproj", "{39921F9C-C8B1-4E0C-A31A-D7091D3CD542}"
EndProject
Project("{FAE04EC0-301F-11D3-BF4B-00C04F79EFBC}") = "ExtractTextFromAllPagesOfPDF", "ProgrammersGuide\WorkingWithAsposePDF\WorkingWithText\ExtractTextFromAllPagesOfPDF\VisualBasic\ExtractTextFromAllPagesOfPDF.vbproj", "{92064534-1D02-4E8A-A974-F25DEA4AB4C0}"
EndProject
Project("{FAE04EC0-301F-11D3-BF4B-00C04F79EFBC}") = "ExtractTextFromIndividualPageOfPDF", "ProgrammersGuide\WorkingWithAsposePDF\WorkingWithText\ExtractTextFromIndividualPageOfPDF\VisualBasic\ExtractTextFromIndividualPageOfPDF.vbproj", "{8CFBC7C7-88FA-42BC-B6E4-2ACE9F6460D6}"
EndProject
Project("{FAE04EC0-301F-11D3-BF4B-00C04F79EFBC}") = "SearchAndGetTextFromAllPagesOfPDF", "ProgrammersGuide\WorkingWithAsposePDF\WorkingWithText\SearchAndGetTextFromAllPagesOfPDF\VisualBasic\SearchAndGetTextFromAllPagesOfPDF.vbproj", "{64078DBC-B8E6-4260-A663-1BDA4B83483E}"
EndProject
Project("{FAE04EC0-301F-11D3-BF4B-00C04F79EFBC}") = "SearchAndGetTextFromSinglePageOfPDF", "ProgrammersGuide\WorkingWithAsposePDF\WorkingWithText\SearchAndGetTextFromSinglePageOfPDF\VisualBasic\SearchAndGetTextFromSinglePageOfPDF.vbproj", "{6B45089C-98C7-4D45-9757-9124CBF28727}"
EndProject
Project("{FAE04EC0-301F-11D3-BF4B-00C04F79EFBC}") = "SearchAndGetTextSegmentsFromAllPagesOfPDF", "ProgrammersGuide\WorkingWithAsposePDF\WorkingWithText\SearchAndGetTextSegmentsFromAllPagesOfPDF\VisualBasic\SearchAndGetTextSegmentsFromAllPagesOfPDF.vbproj", "{32A6EB5B-51F3-4463-8574-B446CA09FE40}"
EndProject
Project("{FAE04EC0-301F-11D3-BF4B-00C04F79EFBC}") = "SearchAndGetTextSegmentsFromIndividualPageOfPDF", "ProgrammersGuide\WorkingWithAsposePDF\WorkingWithText\SearchAndGetTextSegmentsFromIndividualPageOfPDF\VisualBasic\SearchAndGetTextSegmentsFromIndividualPageOfPDF.vbproj", "{2EF3A91C-D307-458F-AE81-A56CE1C174B6}"
EndProject
Project("{FAE04EC0-301F-11D3-BF4B-00C04F79EFBC}") = "SearchAndGetTextFromAllPagesUsingRegularExpression", "ProgrammersGuide\WorkingWithAsposePDF\WorkingWithText\SearchAndGetTextFromAllPagesUsingRegularExpression\VisualBasic\SearchAndGetTextFromAllPagesUsingRegularExpression.vbproj", "{DC64AD03-205C-470D-8CC1-D247D76CAFDE}"
EndProject
Project("{FAE04EC0-301F-11D3-BF4B-00C04F79EFBC}") = "SearchAndGetTextFromSinglePageUsingRegularExpression", "ProgrammersGuide\WorkingWithAsposePDF\WorkingWithText\SearchAndGetTextFromSinglePageUsingRegularExpression\VisualBasic\SearchAndGetTextFromSinglePageUsingRegularExpression.vbproj", "{B5C1B238-58D4-4466-8B20-7478EDB6E44C}"
EndProject
Project("{FAE04EC0-301F-11D3-BF4B-00C04F79EFBC}") = "ReplaceTextInSinglePageOfPDF", "ProgrammersGuide\WorkingWithAsposePDF\WorkingWithText\ReplaceTextInSinglePageOfPDF\VisualBasic\ReplaceTextInSinglePageOfPDF.vbproj", "{5472A7EE-B872-44B4-93CD-0AB9113478A0}"
EndProject
Project("{2150E333-8FDC-42A3-9474-1A3956D46DE8}") = "WorkWithDocumentConversion", "WorkWithDocumentConversion", "{49D2454C-BA49-4054-8094-EEA55880ECAF}"
EndProject
Project("{FAE04EC0-301F-11D3-BF4B-00C04F79EFBC}") = "ConvertPDFToDOC", "ProgrammersGuide\WorkingWithAsposePDF\WorkWithDocumentConversion\ConvertPDFToDOC\VisualBasic\ConvertPDFToDOC.vbproj", "{E94DDEE9-7783-4A8E-928D-8230989E4736}"
EndProject
Project("{FAE04EC0-301F-11D3-BF4B-00C04F79EFBC}") = "ConvertPCLToPDF", "ProgrammersGuide\WorkingWithAsposePDF\WorkWithDocumentConversion\ConvertPCLToPDF\VisualBasic\ConvertPCLToPDF.vbproj", "{17357CBF-4D49-4AAC-8497-DCB43C79BA85}"
EndProject
Project("{FAE04EC0-301F-11D3-BF4B-00C04F79EFBC}") = "ConvertPDFToHTML", "ProgrammersGuide\WorkingWithAsposePDF\WorkWithDocumentConversion\ConvertPDFToHTML\VisualBasic\ConvertPDFToHTML.vbproj", "{8B3A35F6-C7E8-47B6-AD4D-46F6ADD367BF}"
EndProject
Project("{FAE04EC0-301F-11D3-BF4B-00C04F79EFBC}") = "ConvertXPSToPDF", "ProgrammersGuide\WorkingWithAsposePDF\WorkWithDocumentConversion\ConvertXPSToPDF\VisualBasic\ConvertXPSToPDF.vbproj", "{6D0B4CED-717C-42D4-AAE2-75521087F638}"
EndProject
Project("{FAE04EC0-301F-11D3-BF4B-00C04F79EFBC}") = "ConvertPDFToPDFA", "ProgrammersGuide\WorkingWithAsposePDF\WorkWithDocumentConversion\ConvertPDFToPDFA\VisualBasic\ConvertPDFToPDFA.vbproj", "{BFFF28FD-D51D-4788-A57F-9BBD0197EC73}"
EndProject
Project("{FAE04EC0-301F-11D3-BF4B-00C04F79EFBC}") = "ConvertPDFToEPUB", "ProgrammersGuide\WorkingWithAsposePDF\WorkWithDocumentConversion\ConvertPDFToEPUB\VisualBasic\ConvertPDFToEPUB.vbproj", "{100CC934-C510-4045-9D85-8B9DAA31E731}"
EndProject
Project("{FAE04EC0-301F-11D3-BF4B-00C04F79EFBC}") = "ConvertSVGToPDF", "ProgrammersGuide\WorkingWithAsposePDF\WorkWithDocumentConversion\ConvertSVGToPDF\VisualBasic\ConvertSVGToPDF.vbproj", "{FD46D300-FF5B-463A-B82A-14155C7466EC}"
EndProject
Project("{FAE04EC0-301F-11D3-BF4B-00C04F79EFBC}") = "GetSVGDimensions", "ProgrammersGuide\WorkingWithAsposePDF\WorkWithDocumentConversion\GetSVGDimensions\VisualBasic\GetSVGDimensions.vbproj", "{C74FC0B9-5AAE-4BC3-80E1-9949CE49A443}"
EndProject
Project("{FAE04EC0-301F-11D3-BF4B-00C04F79EFBC}") = "ConvertPDFToTeX", "ProgrammersGuide\WorkingWithAsposePDF\WorkWithDocumentConversion\ConvertPDFToTeX\VisualBasic\ConvertPDFToTeX.vbproj", "{D040F08F-CF99-48F7-96AC-A191A066A3E5}"
EndProject
Project("{FAE04EC0-301F-11D3-BF4B-00C04F79EFBC}") = "ConvertEPUBToPDF", "ProgrammersGuide\WorkingWithAsposePDF\WorkWithDocumentConversion\ConvertEPUBToPDF\VisualBasic\ConvertEPUBToPDF.vbproj", "{D033D7EE-1A38-4FD3-910F-99559D19E73B}"
EndProject
Project("{2150E333-8FDC-42A3-9474-1A3956D46DE8}") = "WorkingWithAnnotations", "WorkingWithAnnotations", "{023A85AE-2DFD-4C3C-9C5D-D5DD8E2FFCCD}"
EndProject
Project("{FAE04EC0-301F-11D3-BF4B-00C04F79EFBC}") = "AddAnnotationInExistingPDFFile", "ProgrammersGuide\WorkingWithAsposePDF\WorkingWithAnnotations\AddAnnotationInExistingPDFFile\VisualBasic\AddAnnotationInExistingPDFFile.vbproj", "{6A9F2DF8-14AE-47F1-9785-6CB604532FBB}"
EndProject
Project("{FAE04EC0-301F-11D3-BF4B-00C04F79EFBC}") = "GetParticularAnnotationFromPDFFile", "ProgrammersGuide\WorkingWithAsposePDF\WorkingWithAnnotations\GetParticularAnnotationFromPDFFile\VisualBasic\GetParticularAnnotationFromPDFFile.vbproj", "{EE2CC527-9940-4211-AB1D-183141FA3E42}"
EndProject
Project("{FAE04EC0-301F-11D3-BF4B-00C04F79EFBC}") = "GetAllAnnotationsFromPageOfPDFDocument", "ProgrammersGuide\WorkingWithAsposePDF\WorkingWithAnnotations\GetAllAnnotationsFromPageOfPDFDocument\VisualBasic\GetAllAnnotationsFromPageOfPDFDocument.vbproj", "{55E05189-E2B6-4C0D-A772-983CEC0EC4E7}"
EndProject
Project("{FAE04EC0-301F-11D3-BF4B-00C04F79EFBC}") = "DeleteParticularAnnotationFromPDFFile", "ProgrammersGuide\WorkingWithAsposePDF\WorkingWithAnnotations\DeleteParticularAnnotationFromPDFFile\VisualBasic\DeleteParticularAnnotationFromPDFFile.vbproj", "{B6BF3155-86C6-41C8-BB48-ACABCBFF5505}"
EndProject
Project("{FAE04EC0-301F-11D3-BF4B-00C04F79EFBC}") = "DeleteAllAnnotationsFromPageOfPDFFile", "ProgrammersGuide\WorkingWithAsposePDF\WorkingWithAnnotations\DeleteAllAnnotationsFromPageOfPDFFile\VisualBasic\DeleteAllAnnotationsFromPageOfPDFFile.vbproj", "{B4F39F15-B67C-4655-BC55-82DFE6719317}"
EndProject
Project("{FAE04EC0-301F-11D3-BF4B-00C04F79EFBC}") = "AddSwfFileAsAnnotationToPDFDocument", "ProgrammersGuide\WorkingWithAsposePDF\WorkingWithAnnotations\AddSwfFileAsAnnotationToPDFDocument\VisualBasic\AddSwfFileAsAnnotationToPDFDocument.vbproj", "{6002DECC-A338-49F3-89AD-283A7C58C163}"
EndProject
Project("{FAE04EC0-301F-11D3-BF4B-00C04F79EFBC}") = "SetFormattingOfFreeTextAnnotation", "ProgrammersGuide\WorkingWithAsposePDF\WorkingWithAnnotations\SetFormattingOfFreeTextAnnotation\VisualBasic\SetFormattingOfFreeTextAnnotation.vbproj", "{BD6A1540-932F-4D54-B277-B3B74BC0D340}"
EndProject
Project("{2150E333-8FDC-42A3-9474-1A3956D46DE8}") = "WorkingWithAttachments", "WorkingWithAttachments", "{2CD4D1E7-7442-4D80-B81E-C7E3B57D159B}"
EndProject
Project("{FAE04EC0-301F-11D3-BF4B-00C04F79EFBC}") = "AddAttachmentInPDFDocument", "ProgrammersGuide\WorkingWithAsposePDF\WorkingWithAttachments\AddAttachmentInPDFDocument\VisualBasic\AddAttachmentInPDFDocument.vbproj", "{F83FA17B-C53C-4184-B91A-E073E141E2F7}"
EndProject
Project("{FAE04EC0-301F-11D3-BF4B-00C04F79EFBC}") = "GetIndividualAttachmentFromPDF", "ProgrammersGuide\WorkingWithAsposePDF\WorkingWithAttachments\GetIndividualAttachmentFromPDF\VisualBasic\GetIndividualAttachmentFromPDF.vbproj", "{A618FC45-E2E8-4646-A110-215374379B4B}"
EndProject
Project("{FAE04EC0-301F-11D3-BF4B-00C04F79EFBC}") = "GetAlltheAttachmentsFromPDF", "ProgrammersGuide\WorkingWithAsposePDF\WorkingWithAttachments\GetAlltheAttachmentsFromPDF\VisualBasic\GetAlltheAttachmentsFromPDF.vbproj", "{D1144E64-B4DF-4AC3-8C9B-B46F8AFE6446}"
EndProject
Project("{FAE04EC0-301F-11D3-BF4B-00C04F79EFBC}") = "DeleteAllAttachmentsFromPDF", "ProgrammersGuide\WorkingWithAsposePDF\WorkingWithAttachments\DeleteAllAttachmentsFromPDF\VisualBasic\DeleteAllAttachmentsFromPDF.vbproj", "{394FABDC-7612-45B3-ABCD-0829C89DF6A3}"
EndProject
Project("{FAE04EC0-301F-11D3-BF4B-00C04F79EFBC}") = "GetInformationOfAttachment", "ProgrammersGuide\WorkingWithAsposePDF\WorkingWithAttachments\GetInformationOfAttachment\VisualBasic\GetInformationOfAttachment.vbproj", "{E04E3AC6-29F9-4AAD-AF2E-508F4B8EF921}"
EndProject
Project("{2150E333-8FDC-42A3-9474-1A3956D46DE8}") = "WorkingWithBookmarks", "WorkingWithBookmarks", "{2A941E84-AD28-4E2E-8633-C25745BEF307}"
EndProject
Project("{FAE04EC0-301F-11D3-BF4B-00C04F79EFBC}") = "AddBookmarkInPDF", "ProgrammersGuide\WorkingWithAsposePDF\WorkingWithBookmarks\AddBookmarkInPDF\VisualBasic\AddBookmarkInPDF.vbproj", "{CED10958-F529-489C-80F8-21F7B0898B35}"
EndProject
Project("{FAE04EC0-301F-11D3-BF4B-00C04F79EFBC}") = "AddChildBookmarkPDF", "ProgrammersGuide\WorkingWithAsposePDF\WorkingWithBookmarks\AddChildBookmarkPDF\VisualBasic\AddChildBookmarkPDF.vbproj", "{E5DB5DE3-EAD4-4538-9826-809FC5E2108A}"
EndProject
Project("{FAE04EC0-301F-11D3-BF4B-00C04F79EFBC}") = "DeleteAllBookmarksFromPDF", "ProgrammersGuide\WorkingWithAsposePDF\WorkingWithBookmarks\DeleteAllBookmarksFromPDF\VisualBasic\DeleteAllBookmarksFromPDF.vbproj", "{E402E6E6-FA6B-45E1-A23B-BAE2C29717DE}"
EndProject
Project("{FAE04EC0-301F-11D3-BF4B-00C04F79EFBC}") = "DeleteParticularBookmarkFromPDF", "ProgrammersGuide\WorkingWithAsposePDF\WorkingWithBookmarks\DeleteParticularBookmarkFromPDF\VisualBasic\DeleteParticularBookmarkFromPDF.vbproj", "{8F844457-850E-4AEA-AA2E-5DF686C547BD}"
EndProject
Project("{FAE04EC0-301F-11D3-BF4B-00C04F79EFBC}") = "GetBookmarksFromPDF", "ProgrammersGuide\WorkingWithAsposePDF\WorkingWithBookmarks\GetBookmarksFromPDF\VisualBasic\GetBookmarksFromPDF.vbproj", "{92A6E946-7E2A-4E03-8D7C-093EAF17E1C1}"
EndProject
Project("{FAE04EC0-301F-11D3-BF4B-00C04F79EFBC}") = "GetChildBookmarksFromPDF", "ProgrammersGuide\WorkingWithAsposePDF\WorkingWithBookmarks\GetChildBookmarksFromPDF\VisualBasic\GetChildBookmarksFromPDF.vbproj", "{4F3FD719-1393-437B-B383-759C3C700772}"
EndProject
Project("{FAE04EC0-301F-11D3-BF4B-00C04F79EFBC}") = "UpdateBookmarksInPDF", "ProgrammersGuide\WorkingWithAsposePDF\WorkingWithBookmarks\UpdateBookmarksInPDF\VisualBasic\UpdateBookmarksInPDF.vbproj", "{4827256A-56BA-4076-B680-F51BF922287F}"
EndProject
Project("{FAE04EC0-301F-11D3-BF4B-00C04F79EFBC}") = "UpdateChildBookmarksInPDF", "ProgrammersGuide\WorkingWithAsposePDF\WorkingWithBookmarks\UpdateChildBookmarksInPDF\VisualBasic\UpdateChildBookmarksInPDF.vbproj", "{6BB19AAD-FA13-4D06-B952-DC953BCC027A}"
EndProject
Project("{2150E333-8FDC-42A3-9474-1A3956D46DE8}") = "WorkingwithDocument", "WorkingwithDocument", "{2048B2AF-E2F0-4CAB-89D9-51253B63E990}"
EndProject
Project("{FAE04EC0-301F-11D3-BF4B-00C04F79EFBC}") = "SetDocumentWindow", "ProgrammersGuide\WorkingWithAsposePDF\WorkingwithDocument\SetDocumentWindow\VisualBasic\SetDocumentWindow.vbproj", "{D8A834AB-4368-48A2-BC12-5DAB87E24479}"
EndProject
Project("{FAE04EC0-301F-11D3-BF4B-00C04F79EFBC}") = "GetDocumentWindow", "ProgrammersGuide\WorkingWithAsposePDF\WorkingwithDocument\GetDocumentWindow\VisualBasic\GetDocumentWindow.vbproj", "{89B9FF97-D635-4A2C-8A45-51DBFE8B9B50}"
EndProject
Project("{FAE04EC0-301F-11D3-BF4B-00C04F79EFBC}") = "OptimizePDFDocument", "ProgrammersGuide\WorkingWithAsposePDF\WorkingwithDocument\OptimizePDFDocument\VisualBasic\OptimizePDFDocument.vbproj", "{2E3D7A57-DA3C-4EDC-9F74-DD59834670B3}"
EndProject
Project("{FAE04EC0-301F-11D3-BF4B-00C04F79EFBC}") = "SetPDFFileInformation", "ProgrammersGuide\WorkingWithAsposePDF\WorkingwithDocument\SetPDFFileInformation\VisualBasic\SetPDFFileInformation.vbproj", "{247C58BB-C8E8-4B95-B2E7-33F4D08EDF56}"
EndProject
Project("{FAE04EC0-301F-11D3-BF4B-00C04F79EFBC}") = "ValidatePDFforPDFAStandard", "ProgrammersGuide\WorkingWithAsposePDF\WorkingwithDocument\ValidatePDFforPDFAStandard\VisualBasic\ValidatePDFforPDFAStandard.vbproj", "{6D267718-44C7-4350-8352-2DE54B80D968}"
EndProject
Project("{FAE04EC0-301F-11D3-BF4B-00C04F79EFBC}") = "GetPDFFileInformation", "ProgrammersGuide\WorkingWithAsposePDF\WorkingwithDocument\GetPDFFileInformation\VisualBasic\GetPDFFileInformation.vbproj", "{70ECFC88-26D4-46EB-B3CB-983AB9ADD3F9}"
EndProject
Project("{FAE04EC0-301F-11D3-BF4B-00C04F79EFBC}") = "SetXMPMetadata", "ProgrammersGuide\WorkingWithAsposePDF\WorkingwithDocument\SetXMPMetadata\VisualBasic\SetXMPMetadata.vbproj", "{64554291-D49F-4215-9914-32FB9A78A616}"
EndProject
Project("{FAE04EC0-301F-11D3-BF4B-00C04F79EFBC}") = "GetXMPMetadata", "ProgrammersGuide\WorkingWithAsposePDF\WorkingwithDocument\GetXMPMetadata\VisualBasic\GetXMPMetadata.vbproj", "{362660C2-773E-4BA1-B7C9-49CB1C4A8F01}"
EndProject
Project("{FAE04EC0-301F-11D3-BF4B-00C04F79EFBC}") = "AddTOCInExistingPDF", "ProgrammersGuide\WorkingWithAsposePDF\WorkingwithDocument\AddTOCInExistingPDF\VisualBasic\AddTOCInExistingPDF.vbproj", "{853C689D-A08B-4742-9290-9E744A7A22E3}"
EndProject
Project("{2150E333-8FDC-42A3-9474-1A3956D46DE8}") = "GetSetZoomFactor", "GetSetZoomFactor", "{623DC2B0-9D00-4BAF-A5B3-42ADA843B917}"
EndProject
Project("{FAE04EC0-301F-11D3-BF4B-00C04F79EFBC}") = "SetZoomFactor", "ProgrammersGuide\WorkingWithAsposePDF\WorkingwithDocument\GetSetZoomFactor\SetZoomFactor\VisualBasic\SetZoomFactor.vbproj", "{57A820CB-AC2A-46DD-902D-97E562CB66EC}"
EndProject
Project("{FAE04EC0-301F-11D3-BF4B-00C04F79EFBC}") = "GetZoomFactor", "ProgrammersGuide\WorkingWithAsposePDF\WorkingwithDocument\GetSetZoomFactor\GetZoomFactor\VisualBasic\GetZoomFactor.vbproj", "{34FF628F-A6E8-4332-B48C-40835BB32777}"
EndProject
Project("{2150E333-8FDC-42A3-9474-1A3956D46DE8}") = "WorkingWithForms", "WorkingWithForms", "{C9166041-EC59-48AD-B59C-0ACC936B5A19}"
EndProject
Project("{FAE04EC0-301F-11D3-BF4B-00C04F79EFBC}") = "DeleteFormField", "ProgrammersGuide\WorkingWithAsposePDF\WorkingWithForms\DeleteFormField\VisualBasic\DeleteFormField.vbproj", "{795677A2-DE7F-4F3C-8D8F-C688593437DE}"
EndProject
Project("{FAE04EC0-301F-11D3-BF4B-00C04F79EFBC}") = "ModifyFormField", "ProgrammersGuide\WorkingWithAsposePDF\WorkingWithForms\ModifyFormField\VisualBasic\ModifyFormField.vbproj", "{F4CEFEE3-AED0-4534-984C-F4F4EC47BDCE}"
EndProject
Project("{2150E333-8FDC-42A3-9474-1A3956D46DE8}") = "AddFormFieldPDF", "AddFormFieldPDF", "{235D64EC-6147-4857-8F55-C9C739B571AF}"
EndProject
Project("{FAE04EC0-301F-11D3-BF4B-00C04F79EFBC}") = "AddingTextBoxField", "ProgrammersGuide\WorkingWithAsposePDF\WorkingWithForms\AddFormFieldPDF\AddingTextBoxField\VisualBasic\AddingTextBoxField.vbproj", "{D7B6C6F8-E5E0-4ADE-8ACE-0E4295D03C0F}"
EndProject
Project("{FAE04EC0-301F-11D3-BF4B-00C04F79EFBC}") = "AddingRadioButtonField", "ProgrammersGuide\WorkingWithAsposePDF\WorkingWithForms\AddFormFieldPDF\AddingRadioButtonField\VisualBasic\AddingRadioButtonField.vbproj", "{C33E917C-ACE5-408F-833A-E5242DA35DFF}"
EndProject
Project("{2150E333-8FDC-42A3-9474-1A3956D46DE8}") = "WorkingWithAsposePdfGenerator", "WorkingWithAsposePdfGenerator", "{B8CF72DB-8020-4477-A974-1D66F60A7940}"
EndProject
Project("{FAE04EC0-301F-11D3-BF4B-00C04F79EFBC}") = "ConvertXSLFOToPDF", "ProgrammersGuide\WorkingWithAsposePdfGenerator\ConvertXSLFOToPDF\VisualBasic\ConvertXSLFOToPDF.vbproj", "{ECE79A97-B3DD-4EF1-855B-BA90DE0BAFE8}"
EndProject
Project("{2150E333-8FDC-42A3-9474-1A3956D46DE8}") = "ConversionFeatures", "ConversionFeatures", "{3C0DF44D-61AC-4A24-9E02-F432F5E6A44A}"
EndProject
Project("{FAE04EC0-301F-11D3-BF4B-00C04F79EFBC}") = "ConvertHTMLToPDF", "ProgrammersGuide\WorkingWithAsposePdfGenerator\ConversionFeatures\ConvertHTMLToPDF\VisualBasic\ConvertHTMLToPDF.vbproj", "{54C3E07F-0B0C-4BAB-9937-5A3A2C114818}"
EndProject
Project("{2150E333-8FDC-42A3-9474-1A3956D46DE8}") = "KnowledgeBase", "KnowledgeBase", "{A77D6EA2-AD61-4F81-AE19-2C6FCCCDE157}"
EndProject
Project("{2150E333-8FDC-42A3-9474-1A3956D46DE8}") = "TechnicalArticles", "TechnicalArticles", "{E16A96D7-2206-4B38-B8B7-CEADACD9CE0F}"
EndProject
Project("{2150E333-8FDC-42A3-9474-1A3956D46DE8}") = "AsposePdfGeneratorArticles", "AsposePdfGeneratorArticles", "{51F6E375-0581-4FFD-BD4C-6305AD1D33B9}"
EndProject
Project("{FAE04EC0-301F-11D3-BF4B-00C04F79EFBC}") = "ConvertTextFileToPDF", "KnowledgeBase\TechnicalArticles\AsposePdfGeneratorArticles\ConvertTextFileToPDF\VisualBasic\ConvertTextFileToPDF.vbproj", "{103BB86C-D79A-4661-950D-09FCF8CF6187}"
EndProject
Project("{FAE04EC0-301F-11D3-BF4B-00C04F79EFBC}") = "ConvertImageToPDF", "KnowledgeBase\TechnicalArticles\AsposePdfGeneratorArticles\ConvertImageToPDF\VisualBasic\ConvertImageToPDF.vbproj", "{2D37FBAC-16F1-4336-9DFB-33E73FC11F5A}"
EndProject
Project("{FAE04EC0-301F-11D3-BF4B-00C04F79EFBC}") = "ImagePageNumberInHeaderFooter", "KnowledgeBase\TechnicalArticles\AsposePdfGeneratorArticles\ImagePageNumberInHeaderFooter\VisualBasic\ImagePageNumberInHeaderFooter.vbproj", "{05D4FCEE-6EBD-4584-B2E9-400D97EDC2A8}"
EndProject
Project("{FAE04EC0-301F-11D3-BF4B-00C04F79EFBC}") = "TableInHeaderFooter", "KnowledgeBase\TechnicalArticles\AsposePdfGeneratorArticles\TableInHeaderFooter\VisualBasic\TableInHeaderFooter.vbproj", "{569E0371-D57A-40C4-847E-37A12BF1A186}"
EndProject
Project("{FAE04EC0-301F-11D3-BF4B-00C04F79EFBC}") = "AddImageInTableCell", "KnowledgeBase\TechnicalArticles\AsposePdfGeneratorArticles\AddImageInTableCell\VisualBasic\AddImageInTableCell.vbproj", "{0F3F33E6-2557-4D08-9AE4-76BC8406CE42}"
EndProject
Global
	GlobalSection(SolutionConfigurationPlatforms) = preSolution
		Debug|Any CPU = Debug|Any CPU
		Release|Any CPU = Release|Any CPU
	EndGlobalSection
	GlobalSection(ProjectConfigurationPlatforms) = postSolution
		{94AF7299-E998-40DE-8026-F61FC48D30F1}.Debug|Any CPU.ActiveCfg = Debug|Any CPU
		{94AF7299-E998-40DE-8026-F61FC48D30F1}.Debug|Any CPU.Build.0 = Debug|Any CPU
		{94AF7299-E998-40DE-8026-F61FC48D30F1}.Release|Any CPU.ActiveCfg = Release|Any CPU
		{91227632-EDB4-47E2-965B-29F7ACCDC212}.Debug|Any CPU.ActiveCfg = Debug|Any CPU
		{91227632-EDB4-47E2-965B-29F7ACCDC212}.Debug|Any CPU.Build.0 = Debug|Any CPU
		{91227632-EDB4-47E2-965B-29F7ACCDC212}.Release|Any CPU.ActiveCfg = Release|Any CPU
		{E5CCEEF5-99FD-45CD-A83B-306344802D13}.Debug|Any CPU.ActiveCfg = Debug|Any CPU
		{E5CCEEF5-99FD-45CD-A83B-306344802D13}.Debug|Any CPU.Build.0 = Debug|Any CPU
		{E5CCEEF5-99FD-45CD-A83B-306344802D13}.Release|Any CPU.ActiveCfg = Release|Any CPU
		{48370F95-1C5F-48A9-8FF8-03D8F1BBACB9}.Debug|Any CPU.ActiveCfg = Debug|Any CPU
		{48370F95-1C5F-48A9-8FF8-03D8F1BBACB9}.Debug|Any CPU.Build.0 = Debug|Any CPU
		{48370F95-1C5F-48A9-8FF8-03D8F1BBACB9}.Release|Any CPU.ActiveCfg = Release|Any CPU
		{3FD937BA-6B78-4F32-B61A-276964DD791D}.Debug|Any CPU.ActiveCfg = Debug|Any CPU
		{3FD937BA-6B78-4F32-B61A-276964DD791D}.Debug|Any CPU.Build.0 = Debug|Any CPU
		{3FD937BA-6B78-4F32-B61A-276964DD791D}.Release|Any CPU.ActiveCfg = Release|Any CPU
		{CD885C58-9F02-4EC1-8D92-AE89C8E012EE}.Debug|Any CPU.ActiveCfg = Debug|Any CPU
		{CD885C58-9F02-4EC1-8D92-AE89C8E012EE}.Debug|Any CPU.Build.0 = Debug|Any CPU
		{CD885C58-9F02-4EC1-8D92-AE89C8E012EE}.Release|Any CPU.ActiveCfg = Release|Any CPU
		{61DFC939-F187-45E5-B7B6-404865978BE4}.Debug|Any CPU.ActiveCfg = Debug|Any CPU
		{61DFC939-F187-45E5-B7B6-404865978BE4}.Debug|Any CPU.Build.0 = Debug|Any CPU
		{61DFC939-F187-45E5-B7B6-404865978BE4}.Release|Any CPU.ActiveCfg = Release|Any CPU
		{DCAC153D-FD02-4837-A9A5-1E7DAC4E75EF}.Debug|Any CPU.ActiveCfg = Debug|Any CPU
		{DCAC153D-FD02-4837-A9A5-1E7DAC4E75EF}.Debug|Any CPU.Build.0 = Debug|Any CPU
		{DCAC153D-FD02-4837-A9A5-1E7DAC4E75EF}.Release|Any CPU.ActiveCfg = Release|Any CPU
		{64B29320-74D2-4DE8-AE4C-51C7D7E02002}.Debug|Any CPU.ActiveCfg = Debug|Any CPU
		{64B29320-74D2-4DE8-AE4C-51C7D7E02002}.Debug|Any CPU.Build.0 = Debug|Any CPU
		{64B29320-74D2-4DE8-AE4C-51C7D7E02002}.Release|Any CPU.ActiveCfg = Release|Any CPU
		{81668E3A-5106-45AF-AE49-A030C45E4049}.Debug|Any CPU.ActiveCfg = Debug|Any CPU
		{81668E3A-5106-45AF-AE49-A030C45E4049}.Debug|Any CPU.Build.0 = Debug|Any CPU
		{81668E3A-5106-45AF-AE49-A030C45E4049}.Release|Any CPU.ActiveCfg = Release|Any CPU
		{7EC9BD7E-0F2F-41F7-9F1E-8604C931B894}.Debug|Any CPU.ActiveCfg = Debug|Any CPU
		{7EC9BD7E-0F2F-41F7-9F1E-8604C931B894}.Debug|Any CPU.Build.0 = Debug|Any CPU
		{7EC9BD7E-0F2F-41F7-9F1E-8604C931B894}.Release|Any CPU.ActiveCfg = Release|Any CPU
		{39921F9C-C8B1-4E0C-A31A-D7091D3CD542}.Debug|Any CPU.ActiveCfg = Debug|Any CPU
		{39921F9C-C8B1-4E0C-A31A-D7091D3CD542}.Debug|Any CPU.Build.0 = Debug|Any CPU
		{39921F9C-C8B1-4E0C-A31A-D7091D3CD542}.Release|Any CPU.ActiveCfg = Release|Any CPU
		{92064534-1D02-4E8A-A974-F25DEA4AB4C0}.Debug|Any CPU.ActiveCfg = Debug|Any CPU
		{92064534-1D02-4E8A-A974-F25DEA4AB4C0}.Debug|Any CPU.Build.0 = Debug|Any CPU
		{92064534-1D02-4E8A-A974-F25DEA4AB4C0}.Release|Any CPU.ActiveCfg = Release|Any CPU
		{8CFBC7C7-88FA-42BC-B6E4-2ACE9F6460D6}.Debug|Any CPU.ActiveCfg = Debug|Any CPU
		{8CFBC7C7-88FA-42BC-B6E4-2ACE9F6460D6}.Debug|Any CPU.Build.0 = Debug|Any CPU
		{8CFBC7C7-88FA-42BC-B6E4-2ACE9F6460D6}.Release|Any CPU.ActiveCfg = Release|Any CPU
		{64078DBC-B8E6-4260-A663-1BDA4B83483E}.Debug|Any CPU.ActiveCfg = Debug|Any CPU
		{64078DBC-B8E6-4260-A663-1BDA4B83483E}.Debug|Any CPU.Build.0 = Debug|Any CPU
		{64078DBC-B8E6-4260-A663-1BDA4B83483E}.Release|Any CPU.ActiveCfg = Release|Any CPU
		{6B45089C-98C7-4D45-9757-9124CBF28727}.Debug|Any CPU.ActiveCfg = Debug|Any CPU
		{6B45089C-98C7-4D45-9757-9124CBF28727}.Debug|Any CPU.Build.0 = Debug|Any CPU
		{6B45089C-98C7-4D45-9757-9124CBF28727}.Release|Any CPU.ActiveCfg = Release|Any CPU
		{32A6EB5B-51F3-4463-8574-B446CA09FE40}.Debug|Any CPU.ActiveCfg = Debug|Any CPU
		{32A6EB5B-51F3-4463-8574-B446CA09FE40}.Debug|Any CPU.Build.0 = Debug|Any CPU
		{32A6EB5B-51F3-4463-8574-B446CA09FE40}.Release|Any CPU.ActiveCfg = Release|Any CPU
		{2EF3A91C-D307-458F-AE81-A56CE1C174B6}.Debug|Any CPU.ActiveCfg = Debug|Any CPU
		{2EF3A91C-D307-458F-AE81-A56CE1C174B6}.Debug|Any CPU.Build.0 = Debug|Any CPU
		{2EF3A91C-D307-458F-AE81-A56CE1C174B6}.Release|Any CPU.ActiveCfg = Release|Any CPU
		{DC64AD03-205C-470D-8CC1-D247D76CAFDE}.Debug|Any CPU.ActiveCfg = Debug|Any CPU
		{DC64AD03-205C-470D-8CC1-D247D76CAFDE}.Debug|Any CPU.Build.0 = Debug|Any CPU
		{DC64AD03-205C-470D-8CC1-D247D76CAFDE}.Release|Any CPU.ActiveCfg = Release|Any CPU
		{B5C1B238-58D4-4466-8B20-7478EDB6E44C}.Debug|Any CPU.ActiveCfg = Debug|Any CPU
		{B5C1B238-58D4-4466-8B20-7478EDB6E44C}.Debug|Any CPU.Build.0 = Debug|Any CPU
		{B5C1B238-58D4-4466-8B20-7478EDB6E44C}.Release|Any CPU.ActiveCfg = Release|Any CPU
		{5472A7EE-B872-44B4-93CD-0AB9113478A0}.Debug|Any CPU.ActiveCfg = Debug|Any CPU
		{5472A7EE-B872-44B4-93CD-0AB9113478A0}.Debug|Any CPU.Build.0 = Debug|Any CPU
		{5472A7EE-B872-44B4-93CD-0AB9113478A0}.Release|Any CPU.ActiveCfg = Release|Any CPU
		{E94DDEE9-7783-4A8E-928D-8230989E4736}.Debug|Any CPU.ActiveCfg = Debug|Any CPU
		{E94DDEE9-7783-4A8E-928D-8230989E4736}.Debug|Any CPU.Build.0 = Debug|Any CPU
		{E94DDEE9-7783-4A8E-928D-8230989E4736}.Release|Any CPU.ActiveCfg = Release|Any CPU
		{17357CBF-4D49-4AAC-8497-DCB43C79BA85}.Debug|Any CPU.ActiveCfg = Debug|Any CPU
		{17357CBF-4D49-4AAC-8497-DCB43C79BA85}.Debug|Any CPU.Build.0 = Debug|Any CPU
		{17357CBF-4D49-4AAC-8497-DCB43C79BA85}.Release|Any CPU.ActiveCfg = Release|Any CPU
		{8B3A35F6-C7E8-47B6-AD4D-46F6ADD367BF}.Debug|Any CPU.ActiveCfg = Debug|Any CPU
		{8B3A35F6-C7E8-47B6-AD4D-46F6ADD367BF}.Debug|Any CPU.Build.0 = Debug|Any CPU
		{8B3A35F6-C7E8-47B6-AD4D-46F6ADD367BF}.Release|Any CPU.ActiveCfg = Release|Any CPU
		{6D0B4CED-717C-42D4-AAE2-75521087F638}.Debug|Any CPU.ActiveCfg = Debug|Any CPU
		{6D0B4CED-717C-42D4-AAE2-75521087F638}.Debug|Any CPU.Build.0 = Debug|Any CPU
		{6D0B4CED-717C-42D4-AAE2-75521087F638}.Release|Any CPU.ActiveCfg = Release|Any CPU
		{BFFF28FD-D51D-4788-A57F-9BBD0197EC73}.Debug|Any CPU.ActiveCfg = Debug|Any CPU
		{BFFF28FD-D51D-4788-A57F-9BBD0197EC73}.Debug|Any CPU.Build.0 = Debug|Any CPU
		{BFFF28FD-D51D-4788-A57F-9BBD0197EC73}.Release|Any CPU.ActiveCfg = Release|Any CPU
		{100CC934-C510-4045-9D85-8B9DAA31E731}.Debug|Any CPU.ActiveCfg = Debug|Any CPU
		{100CC934-C510-4045-9D85-8B9DAA31E731}.Debug|Any CPU.Build.0 = Debug|Any CPU
		{100CC934-C510-4045-9D85-8B9DAA31E731}.Release|Any CPU.ActiveCfg = Release|Any CPU
		{FD46D300-FF5B-463A-B82A-14155C7466EC}.Debug|Any CPU.ActiveCfg = Debug|Any CPU
		{FD46D300-FF5B-463A-B82A-14155C7466EC}.Debug|Any CPU.Build.0 = Debug|Any CPU
		{FD46D300-FF5B-463A-B82A-14155C7466EC}.Release|Any CPU.ActiveCfg = Release|Any CPU
		{C74FC0B9-5AAE-4BC3-80E1-9949CE49A443}.Debug|Any CPU.ActiveCfg = Debug|Any CPU
		{C74FC0B9-5AAE-4BC3-80E1-9949CE49A443}.Debug|Any CPU.Build.0 = Debug|Any CPU
		{C74FC0B9-5AAE-4BC3-80E1-9949CE49A443}.Release|Any CPU.ActiveCfg = Release|Any CPU
		{D040F08F-CF99-48F7-96AC-A191A066A3E5}.Debug|Any CPU.ActiveCfg = Debug|Any CPU
		{D040F08F-CF99-48F7-96AC-A191A066A3E5}.Debug|Any CPU.Build.0 = Debug|Any CPU
		{D040F08F-CF99-48F7-96AC-A191A066A3E5}.Release|Any CPU.ActiveCfg = Release|Any CPU
		{D033D7EE-1A38-4FD3-910F-99559D19E73B}.Debug|Any CPU.ActiveCfg = Debug|Any CPU
		{D033D7EE-1A38-4FD3-910F-99559D19E73B}.Debug|Any CPU.Build.0 = Debug|Any CPU
		{D033D7EE-1A38-4FD3-910F-99559D19E73B}.Release|Any CPU.ActiveCfg = Release|Any CPU
		{6A9F2DF8-14AE-47F1-9785-6CB604532FBB}.Debug|Any CPU.ActiveCfg = Debug|Any CPU
		{6A9F2DF8-14AE-47F1-9785-6CB604532FBB}.Debug|Any CPU.Build.0 = Debug|Any CPU
		{6A9F2DF8-14AE-47F1-9785-6CB604532FBB}.Release|Any CPU.ActiveCfg = Release|Any CPU
		{EE2CC527-9940-4211-AB1D-183141FA3E42}.Debug|Any CPU.ActiveCfg = Debug|Any CPU
		{EE2CC527-9940-4211-AB1D-183141FA3E42}.Debug|Any CPU.Build.0 = Debug|Any CPU
		{EE2CC527-9940-4211-AB1D-183141FA3E42}.Release|Any CPU.ActiveCfg = Release|Any CPU
		{55E05189-E2B6-4C0D-A772-983CEC0EC4E7}.Debug|Any CPU.ActiveCfg = Debug|Any CPU
		{55E05189-E2B6-4C0D-A772-983CEC0EC4E7}.Debug|Any CPU.Build.0 = Debug|Any CPU
		{55E05189-E2B6-4C0D-A772-983CEC0EC4E7}.Release|Any CPU.ActiveCfg = Release|Any CPU
		{B6BF3155-86C6-41C8-BB48-ACABCBFF5505}.Debug|Any CPU.ActiveCfg = Debug|Any CPU
		{B6BF3155-86C6-41C8-BB48-ACABCBFF5505}.Debug|Any CPU.Build.0 = Debug|Any CPU
		{B6BF3155-86C6-41C8-BB48-ACABCBFF5505}.Release|Any CPU.ActiveCfg = Release|Any CPU
		{B4F39F15-B67C-4655-BC55-82DFE6719317}.Debug|Any CPU.ActiveCfg = Debug|Any CPU
		{B4F39F15-B67C-4655-BC55-82DFE6719317}.Debug|Any CPU.Build.0 = Debug|Any CPU
		{B4F39F15-B67C-4655-BC55-82DFE6719317}.Release|Any CPU.ActiveCfg = Release|Any CPU
		{6002DECC-A338-49F3-89AD-283A7C58C163}.Debug|Any CPU.ActiveCfg = Debug|Any CPU
		{6002DECC-A338-49F3-89AD-283A7C58C163}.Debug|Any CPU.Build.0 = Debug|Any CPU
		{6002DECC-A338-49F3-89AD-283A7C58C163}.Release|Any CPU.ActiveCfg = Release|Any CPU
		{BD6A1540-932F-4D54-B277-B3B74BC0D340}.Debug|Any CPU.ActiveCfg = Debug|Any CPU
		{BD6A1540-932F-4D54-B277-B3B74BC0D340}.Debug|Any CPU.Build.0 = Debug|Any CPU
		{BD6A1540-932F-4D54-B277-B3B74BC0D340}.Release|Any CPU.ActiveCfg = Release|Any CPU
		{F83FA17B-C53C-4184-B91A-E073E141E2F7}.Debug|Any CPU.ActiveCfg = Debug|Any CPU
		{F83FA17B-C53C-4184-B91A-E073E141E2F7}.Debug|Any CPU.Build.0 = Debug|Any CPU
		{F83FA17B-C53C-4184-B91A-E073E141E2F7}.Release|Any CPU.ActiveCfg = Release|Any CPU
		{A618FC45-E2E8-4646-A110-215374379B4B}.Debug|Any CPU.ActiveCfg = Debug|Any CPU
		{A618FC45-E2E8-4646-A110-215374379B4B}.Debug|Any CPU.Build.0 = Debug|Any CPU
		{A618FC45-E2E8-4646-A110-215374379B4B}.Release|Any CPU.ActiveCfg = Release|Any CPU
		{D1144E64-B4DF-4AC3-8C9B-B46F8AFE6446}.Debug|Any CPU.ActiveCfg = Debug|Any CPU
		{D1144E64-B4DF-4AC3-8C9B-B46F8AFE6446}.Debug|Any CPU.Build.0 = Debug|Any CPU
		{D1144E64-B4DF-4AC3-8C9B-B46F8AFE6446}.Release|Any CPU.ActiveCfg = Release|Any CPU
		{394FABDC-7612-45B3-ABCD-0829C89DF6A3}.Debug|Any CPU.ActiveCfg = Debug|Any CPU
		{394FABDC-7612-45B3-ABCD-0829C89DF6A3}.Debug|Any CPU.Build.0 = Debug|Any CPU
		{394FABDC-7612-45B3-ABCD-0829C89DF6A3}.Release|Any CPU.ActiveCfg = Release|Any CPU
		{E04E3AC6-29F9-4AAD-AF2E-508F4B8EF921}.Debug|Any CPU.ActiveCfg = Debug|Any CPU
		{E04E3AC6-29F9-4AAD-AF2E-508F4B8EF921}.Debug|Any CPU.Build.0 = Debug|Any CPU
		{E04E3AC6-29F9-4AAD-AF2E-508F4B8EF921}.Release|Any CPU.ActiveCfg = Release|Any CPU
		{CED10958-F529-489C-80F8-21F7B0898B35}.Debug|Any CPU.ActiveCfg = Debug|Any CPU
		{CED10958-F529-489C-80F8-21F7B0898B35}.Debug|Any CPU.Build.0 = Debug|Any CPU
		{CED10958-F529-489C-80F8-21F7B0898B35}.Release|Any CPU.ActiveCfg = Release|Any CPU
		{E5DB5DE3-EAD4-4538-9826-809FC5E2108A}.Debug|Any CPU.ActiveCfg = Debug|Any CPU
		{E5DB5DE3-EAD4-4538-9826-809FC5E2108A}.Debug|Any CPU.Build.0 = Debug|Any CPU
		{E5DB5DE3-EAD4-4538-9826-809FC5E2108A}.Release|Any CPU.ActiveCfg = Release|Any CPU
		{E402E6E6-FA6B-45E1-A23B-BAE2C29717DE}.Debug|Any CPU.ActiveCfg = Debug|Any CPU
		{E402E6E6-FA6B-45E1-A23B-BAE2C29717DE}.Debug|Any CPU.Build.0 = Debug|Any CPU
		{E402E6E6-FA6B-45E1-A23B-BAE2C29717DE}.Release|Any CPU.ActiveCfg = Release|Any CPU
		{8F844457-850E-4AEA-AA2E-5DF686C547BD}.Debug|Any CPU.ActiveCfg = Debug|Any CPU
		{8F844457-850E-4AEA-AA2E-5DF686C547BD}.Debug|Any CPU.Build.0 = Debug|Any CPU
		{8F844457-850E-4AEA-AA2E-5DF686C547BD}.Release|Any CPU.ActiveCfg = Release|Any CPU
		{92A6E946-7E2A-4E03-8D7C-093EAF17E1C1}.Debug|Any CPU.ActiveCfg = Debug|Any CPU
		{92A6E946-7E2A-4E03-8D7C-093EAF17E1C1}.Debug|Any CPU.Build.0 = Debug|Any CPU
		{92A6E946-7E2A-4E03-8D7C-093EAF17E1C1}.Release|Any CPU.ActiveCfg = Release|Any CPU
		{4F3FD719-1393-437B-B383-759C3C700772}.Debug|Any CPU.ActiveCfg = Debug|Any CPU
		{4F3FD719-1393-437B-B383-759C3C700772}.Debug|Any CPU.Build.0 = Debug|Any CPU
		{4F3FD719-1393-437B-B383-759C3C700772}.Release|Any CPU.ActiveCfg = Release|Any CPU
		{4827256A-56BA-4076-B680-F51BF922287F}.Debug|Any CPU.ActiveCfg = Debug|Any CPU
		{4827256A-56BA-4076-B680-F51BF922287F}.Debug|Any CPU.Build.0 = Debug|Any CPU
		{4827256A-56BA-4076-B680-F51BF922287F}.Release|Any CPU.ActiveCfg = Release|Any CPU
		{6BB19AAD-FA13-4D06-B952-DC953BCC027A}.Debug|Any CPU.ActiveCfg = Debug|Any CPU
		{6BB19AAD-FA13-4D06-B952-DC953BCC027A}.Debug|Any CPU.Build.0 = Debug|Any CPU
		{6BB19AAD-FA13-4D06-B952-DC953BCC027A}.Release|Any CPU.ActiveCfg = Release|Any CPU
		{D8A834AB-4368-48A2-BC12-5DAB87E24479}.Debug|Any CPU.ActiveCfg = Debug|Any CPU
		{D8A834AB-4368-48A2-BC12-5DAB87E24479}.Debug|Any CPU.Build.0 = Debug|Any CPU
		{D8A834AB-4368-48A2-BC12-5DAB87E24479}.Release|Any CPU.ActiveCfg = Release|Any CPU
		{89B9FF97-D635-4A2C-8A45-51DBFE8B9B50}.Debug|Any CPU.ActiveCfg = Debug|Any CPU
		{89B9FF97-D635-4A2C-8A45-51DBFE8B9B50}.Debug|Any CPU.Build.0 = Debug|Any CPU
		{89B9FF97-D635-4A2C-8A45-51DBFE8B9B50}.Release|Any CPU.ActiveCfg = Release|Any CPU
		{2E3D7A57-DA3C-4EDC-9F74-DD59834670B3}.Debug|Any CPU.ActiveCfg = Debug|Any CPU
		{2E3D7A57-DA3C-4EDC-9F74-DD59834670B3}.Debug|Any CPU.Build.0 = Debug|Any CPU
		{2E3D7A57-DA3C-4EDC-9F74-DD59834670B3}.Release|Any CPU.ActiveCfg = Release|Any CPU
		{247C58BB-C8E8-4B95-B2E7-33F4D08EDF56}.Debug|Any CPU.ActiveCfg = Debug|Any CPU
		{247C58BB-C8E8-4B95-B2E7-33F4D08EDF56}.Debug|Any CPU.Build.0 = Debug|Any CPU
		{247C58BB-C8E8-4B95-B2E7-33F4D08EDF56}.Release|Any CPU.ActiveCfg = Release|Any CPU
		{6D267718-44C7-4350-8352-2DE54B80D968}.Debug|Any CPU.ActiveCfg = Debug|Any CPU
		{6D267718-44C7-4350-8352-2DE54B80D968}.Debug|Any CPU.Build.0 = Debug|Any CPU
		{6D267718-44C7-4350-8352-2DE54B80D968}.Release|Any CPU.ActiveCfg = Release|Any CPU
		{70ECFC88-26D4-46EB-B3CB-983AB9ADD3F9}.Debug|Any CPU.ActiveCfg = Debug|Any CPU
		{70ECFC88-26D4-46EB-B3CB-983AB9ADD3F9}.Debug|Any CPU.Build.0 = Debug|Any CPU
		{70ECFC88-26D4-46EB-B3CB-983AB9ADD3F9}.Release|Any CPU.ActiveCfg = Release|Any CPU
		{64554291-D49F-4215-9914-32FB9A78A616}.Debug|Any CPU.ActiveCfg = Debug|Any CPU
		{64554291-D49F-4215-9914-32FB9A78A616}.Debug|Any CPU.Build.0 = Debug|Any CPU
		{64554291-D49F-4215-9914-32FB9A78A616}.Release|Any CPU.ActiveCfg = Release|Any CPU
		{362660C2-773E-4BA1-B7C9-49CB1C4A8F01}.Debug|Any CPU.ActiveCfg = Debug|Any CPU
		{362660C2-773E-4BA1-B7C9-49CB1C4A8F01}.Debug|Any CPU.Build.0 = Debug|Any CPU
		{362660C2-773E-4BA1-B7C9-49CB1C4A8F01}.Release|Any CPU.ActiveCfg = Release|Any CPU
		{853C689D-A08B-4742-9290-9E744A7A22E3}.Debug|Any CPU.ActiveCfg = Debug|Any CPU
		{853C689D-A08B-4742-9290-9E744A7A22E3}.Debug|Any CPU.Build.0 = Debug|Any CPU
		{853C689D-A08B-4742-9290-9E744A7A22E3}.Release|Any CPU.ActiveCfg = Release|Any CPU
		{57A820CB-AC2A-46DD-902D-97E562CB66EC}.Debug|Any CPU.ActiveCfg = Debug|Any CPU
		{57A820CB-AC2A-46DD-902D-97E562CB66EC}.Debug|Any CPU.Build.0 = Debug|Any CPU
		{57A820CB-AC2A-46DD-902D-97E562CB66EC}.Release|Any CPU.ActiveCfg = Release|Any CPU
		{34FF628F-A6E8-4332-B48C-40835BB32777}.Debug|Any CPU.ActiveCfg = Debug|Any CPU
		{34FF628F-A6E8-4332-B48C-40835BB32777}.Debug|Any CPU.Build.0 = Debug|Any CPU
		{34FF628F-A6E8-4332-B48C-40835BB32777}.Release|Any CPU.ActiveCfg = Release|Any CPU
		{795677A2-DE7F-4F3C-8D8F-C688593437DE}.Debug|Any CPU.ActiveCfg = Debug|Any CPU
		{795677A2-DE7F-4F3C-8D8F-C688593437DE}.Debug|Any CPU.Build.0 = Debug|Any CPU
		{795677A2-DE7F-4F3C-8D8F-C688593437DE}.Release|Any CPU.ActiveCfg = Release|Any CPU
		{F4CEFEE3-AED0-4534-984C-F4F4EC47BDCE}.Debug|Any CPU.ActiveCfg = Debug|Any CPU
		{F4CEFEE3-AED0-4534-984C-F4F4EC47BDCE}.Debug|Any CPU.Build.0 = Debug|Any CPU
		{F4CEFEE3-AED0-4534-984C-F4F4EC47BDCE}.Release|Any CPU.ActiveCfg = Release|Any CPU
		{7DD3882F-6031-4F5A-BE39-8C0D30AB7369}.Debug|Any CPU.ActiveCfg = Debug|Any CPU
		{7DD3882F-6031-4F5A-BE39-8C0D30AB7369}.Debug|Any CPU.Build.0 = Debug|Any CPU
		{7DD3882F-6031-4F5A-BE39-8C0D30AB7369}.Release|Any CPU.ActiveCfg = Release|Any CPU
		{356A3C50-86E1-4917-86ED-D731CCF99E00}.Debug|Any CPU.ActiveCfg = Debug|Any CPU
		{356A3C50-86E1-4917-86ED-D731CCF99E00}.Debug|Any CPU.Build.0 = Debug|Any CPU
		{356A3C50-86E1-4917-86ED-D731CCF99E00}.Release|Any CPU.ActiveCfg = Release|Any CPU
		{35B7ED6A-BD8E-44E8-8EFE-D6308CC83D7B}.Debug|Any CPU.ActiveCfg = Debug|Any CPU
		{35B7ED6A-BD8E-44E8-8EFE-D6308CC83D7B}.Debug|Any CPU.Build.0 = Debug|Any CPU
		{35B7ED6A-BD8E-44E8-8EFE-D6308CC83D7B}.Release|Any CPU.ActiveCfg = Release|Any CPU
		{6E6F76E4-D40E-42A2-87F6-AA25FCF2B9A5}.Debug|Any CPU.ActiveCfg = Debug|Any CPU
		{6E6F76E4-D40E-42A2-87F6-AA25FCF2B9A5}.Debug|Any CPU.Build.0 = Debug|Any CPU
		{6E6F76E4-D40E-42A2-87F6-AA25FCF2B9A5}.Release|Any CPU.ActiveCfg = Release|Any CPU
		{ADF8266F-DFFE-46C4-A36E-0975730237A3}.Debug|Any CPU.ActiveCfg = Debug|Any CPU
		{ADF8266F-DFFE-46C4-A36E-0975730237A3}.Debug|Any CPU.Build.0 = Debug|Any CPU
		{ADF8266F-DFFE-46C4-A36E-0975730237A3}.Release|Any CPU.ActiveCfg = Release|Any CPU
		{CE4236A6-3482-46AF-BFC1-0D887DB207CB}.Debug|Any CPU.ActiveCfg = Debug|Any CPU
		{CE4236A6-3482-46AF-BFC1-0D887DB207CB}.Debug|Any CPU.Build.0 = Debug|Any CPU
		{CE4236A6-3482-46AF-BFC1-0D887DB207CB}.Release|Any CPU.ActiveCfg = Release|Any CPU
		{D7B6C6F8-E5E0-4ADE-8ACE-0E4295D03C0F}.Debug|Any CPU.ActiveCfg = Debug|Any CPU
		{D7B6C6F8-E5E0-4ADE-8ACE-0E4295D03C0F}.Debug|Any CPU.Build.0 = Debug|Any CPU
		{D7B6C6F8-E5E0-4ADE-8ACE-0E4295D03C0F}.Release|Any CPU.ActiveCfg = Release|Any CPU
		{C33E917C-ACE5-408F-833A-E5242DA35DFF}.Debug|Any CPU.ActiveCfg = Debug|Any CPU
		{C33E917C-ACE5-408F-833A-E5242DA35DFF}.Debug|Any CPU.Build.0 = Debug|Any CPU
		{C33E917C-ACE5-408F-833A-E5242DA35DFF}.Release|Any CPU.ActiveCfg = Release|Any CPU
		{4F1957F3-8C60-4590-9D87-720469B77B85}.Debug|Any CPU.ActiveCfg = Debug|Any CPU
		{4F1957F3-8C60-4590-9D87-720469B77B85}.Debug|Any CPU.Build.0 = Debug|Any CPU
		{4F1957F3-8C60-4590-9D87-720469B77B85}.Release|Any CPU.ActiveCfg = Release|Any CPU
		{ECE79A97-B3DD-4EF1-855B-BA90DE0BAFE8}.Debug|Any CPU.ActiveCfg = Debug|Any CPU
		{ECE79A97-B3DD-4EF1-855B-BA90DE0BAFE8}.Debug|Any CPU.Build.0 = Debug|Any CPU
		{ECE79A97-B3DD-4EF1-855B-BA90DE0BAFE8}.Release|Any CPU.ActiveCfg = Release|Any CPU
		{54C3E07F-0B0C-4BAB-9937-5A3A2C114818}.Debug|Any CPU.ActiveCfg = Debug|Any CPU
		{54C3E07F-0B0C-4BAB-9937-5A3A2C114818}.Debug|Any CPU.Build.0 = Debug|Any CPU
		{54C3E07F-0B0C-4BAB-9937-5A3A2C114818}.Release|Any CPU.ActiveCfg = Release|Any CPU
		{103BB86C-D79A-4661-950D-09FCF8CF6187}.Debug|Any CPU.ActiveCfg = Debug|Any CPU
		{103BB86C-D79A-4661-950D-09FCF8CF6187}.Debug|Any CPU.Build.0 = Debug|Any CPU
		{103BB86C-D79A-4661-950D-09FCF8CF6187}.Release|Any CPU.ActiveCfg = Release|Any CPU
		{2D37FBAC-16F1-4336-9DFB-33E73FC11F5A}.Debug|Any CPU.ActiveCfg = Debug|Any CPU
		{2D37FBAC-16F1-4336-9DFB-33E73FC11F5A}.Debug|Any CPU.Build.0 = Debug|Any CPU
		{2D37FBAC-16F1-4336-9DFB-33E73FC11F5A}.Release|Any CPU.ActiveCfg = Release|Any CPU
		{05D4FCEE-6EBD-4584-B2E9-400D97EDC2A8}.Debug|Any CPU.ActiveCfg = Debug|Any CPU
		{05D4FCEE-6EBD-4584-B2E9-400D97EDC2A8}.Debug|Any CPU.Build.0 = Debug|Any CPU
		{05D4FCEE-6EBD-4584-B2E9-400D97EDC2A8}.Release|Any CPU.ActiveCfg = Release|Any CPU
		{569E0371-D57A-40C4-847E-37A12BF1A186}.Debug|Any CPU.ActiveCfg = Debug|Any CPU
		{569E0371-D57A-40C4-847E-37A12BF1A186}.Debug|Any CPU.Build.0 = Debug|Any CPU
		{569E0371-D57A-40C4-847E-37A12BF1A186}.Release|Any CPU.ActiveCfg = Release|Any CPU
		{0F3F33E6-2557-4D08-9AE4-76BC8406CE42}.Debug|Any CPU.ActiveCfg = Debug|Any CPU
		{0F3F33E6-2557-4D08-9AE4-76BC8406CE42}.Debug|Any CPU.Build.0 = Debug|Any CPU
		{0F3F33E6-2557-4D08-9AE4-76BC8406CE42}.Release|Any CPU.ActiveCfg = Release|Any CPU
	EndGlobalSection
	GlobalSection(SolutionProperties) = preSolution
		HideSolutionNode = FALSE
	EndGlobalSection
	GlobalSection(NestedProjects) = preSolution
		{1670DD6E-4F07-4963-82D8-31C5D6EB2000} = {3C28B2FB-A4F7-46A7-88D4-159410DA7AE1}
		{7388A035-A891-4CCA-9288-80B5D9AC85BB} = {1670DD6E-4F07-4963-82D8-31C5D6EB2000}
		{94AF7299-E998-40DE-8026-F61FC48D30F1} = {7388A035-A891-4CCA-9288-80B5D9AC85BB}
		{91227632-EDB4-47E2-965B-29F7ACCDC212} = {7388A035-A891-4CCA-9288-80B5D9AC85BB}
		{E5CCEEF5-99FD-45CD-A83B-306344802D13} = {7388A035-A891-4CCA-9288-80B5D9AC85BB}
		{48370F95-1C5F-48A9-8FF8-03D8F1BBACB9} = {7388A035-A891-4CCA-9288-80B5D9AC85BB}
		{3FD937BA-6B78-4F32-B61A-276964DD791D} = {7388A035-A891-4CCA-9288-80B5D9AC85BB}
		{CD885C58-9F02-4EC1-8D92-AE89C8E012EE} = {7388A035-A891-4CCA-9288-80B5D9AC85BB}
		{61DFC939-F187-45E5-B7B6-404865978BE4} = {7388A035-A891-4CCA-9288-80B5D9AC85BB}
		{DCAC153D-FD02-4837-A9A5-1E7DAC4E75EF} = {7388A035-A891-4CCA-9288-80B5D9AC85BB}
		{64B29320-74D2-4DE8-AE4C-51C7D7E02002} = {7388A035-A891-4CCA-9288-80B5D9AC85BB}
		{81668E3A-5106-45AF-AE49-A030C45E4049} = {7388A035-A891-4CCA-9288-80B5D9AC85BB}
		{0C0DA8AF-B7F2-48EF-BFBA-EC9A235612DD} = {1670DD6E-4F07-4963-82D8-31C5D6EB2000}
		{7EC9BD7E-0F2F-41F7-9F1E-8604C931B894} = {0C0DA8AF-B7F2-48EF-BFBA-EC9A235612DD}
		{899E78C9-72B8-43E5-A25A-5B3645EEDAE4} = {1670DD6E-4F07-4963-82D8-31C5D6EB2000}
		{39921F9C-C8B1-4E0C-A31A-D7091D3CD542} = {899E78C9-72B8-43E5-A25A-5B3645EEDAE4}
		{92064534-1D02-4E8A-A974-F25DEA4AB4C0} = {899E78C9-72B8-43E5-A25A-5B3645EEDAE4}
		{8CFBC7C7-88FA-42BC-B6E4-2ACE9F6460D6} = {899E78C9-72B8-43E5-A25A-5B3645EEDAE4}
		{64078DBC-B8E6-4260-A663-1BDA4B83483E} = {899E78C9-72B8-43E5-A25A-5B3645EEDAE4}
		{6B45089C-98C7-4D45-9757-9124CBF28727} = {899E78C9-72B8-43E5-A25A-5B3645EEDAE4}
		{32A6EB5B-51F3-4463-8574-B446CA09FE40} = {899E78C9-72B8-43E5-A25A-5B3645EEDAE4}
		{2EF3A91C-D307-458F-AE81-A56CE1C174B6} = {899E78C9-72B8-43E5-A25A-5B3645EEDAE4}
		{DC64AD03-205C-470D-8CC1-D247D76CAFDE} = {899E78C9-72B8-43E5-A25A-5B3645EEDAE4}
		{B5C1B238-58D4-4466-8B20-7478EDB6E44C} = {899E78C9-72B8-43E5-A25A-5B3645EEDAE4}
		{5472A7EE-B872-44B4-93CD-0AB9113478A0} = {899E78C9-72B8-43E5-A25A-5B3645EEDAE4}
		{49D2454C-BA49-4054-8094-EEA55880ECAF} = {1670DD6E-4F07-4963-82D8-31C5D6EB2000}
		{E94DDEE9-7783-4A8E-928D-8230989E4736} = {49D2454C-BA49-4054-8094-EEA55880ECAF}
		{17357CBF-4D49-4AAC-8497-DCB43C79BA85} = {49D2454C-BA49-4054-8094-EEA55880ECAF}
		{8B3A35F6-C7E8-47B6-AD4D-46F6ADD367BF} = {49D2454C-BA49-4054-8094-EEA55880ECAF}
		{6D0B4CED-717C-42D4-AAE2-75521087F638} = {49D2454C-BA49-4054-8094-EEA55880ECAF}
		{BFFF28FD-D51D-4788-A57F-9BBD0197EC73} = {49D2454C-BA49-4054-8094-EEA55880ECAF}
		{100CC934-C510-4045-9D85-8B9DAA31E731} = {49D2454C-BA49-4054-8094-EEA55880ECAF}
		{FD46D300-FF5B-463A-B82A-14155C7466EC} = {49D2454C-BA49-4054-8094-EEA55880ECAF}
		{C74FC0B9-5AAE-4BC3-80E1-9949CE49A443} = {49D2454C-BA49-4054-8094-EEA55880ECAF}
		{D040F08F-CF99-48F7-96AC-A191A066A3E5} = {49D2454C-BA49-4054-8094-EEA55880ECAF}
		{D033D7EE-1A38-4FD3-910F-99559D19E73B} = {49D2454C-BA49-4054-8094-EEA55880ECAF}
		{023A85AE-2DFD-4C3C-9C5D-D5DD8E2FFCCD} = {1670DD6E-4F07-4963-82D8-31C5D6EB2000}
		{6A9F2DF8-14AE-47F1-9785-6CB604532FBB} = {023A85AE-2DFD-4C3C-9C5D-D5DD8E2FFCCD}
		{EE2CC527-9940-4211-AB1D-183141FA3E42} = {023A85AE-2DFD-4C3C-9C5D-D5DD8E2FFCCD}
		{55E05189-E2B6-4C0D-A772-983CEC0EC4E7} = {023A85AE-2DFD-4C3C-9C5D-D5DD8E2FFCCD}
		{B6BF3155-86C6-41C8-BB48-ACABCBFF5505} = {023A85AE-2DFD-4C3C-9C5D-D5DD8E2FFCCD}
		{B4F39F15-B67C-4655-BC55-82DFE6719317} = {023A85AE-2DFD-4C3C-9C5D-D5DD8E2FFCCD}
		{6002DECC-A338-49F3-89AD-283A7C58C163} = {023A85AE-2DFD-4C3C-9C5D-D5DD8E2FFCCD}
		{BD6A1540-932F-4D54-B277-B3B74BC0D340} = {023A85AE-2DFD-4C3C-9C5D-D5DD8E2FFCCD}
		{2CD4D1E7-7442-4D80-B81E-C7E3B57D159B} = {1670DD6E-4F07-4963-82D8-31C5D6EB2000}
		{F83FA17B-C53C-4184-B91A-E073E141E2F7} = {2CD4D1E7-7442-4D80-B81E-C7E3B57D159B}
		{A618FC45-E2E8-4646-A110-215374379B4B} = {2CD4D1E7-7442-4D80-B81E-C7E3B57D159B}
		{D1144E64-B4DF-4AC3-8C9B-B46F8AFE6446} = {2CD4D1E7-7442-4D80-B81E-C7E3B57D159B}
		{394FABDC-7612-45B3-ABCD-0829C89DF6A3} = {2CD4D1E7-7442-4D80-B81E-C7E3B57D159B}
		{E04E3AC6-29F9-4AAD-AF2E-508F4B8EF921} = {2CD4D1E7-7442-4D80-B81E-C7E3B57D159B}
		{2A941E84-AD28-4E2E-8633-C25745BEF307} = {1670DD6E-4F07-4963-82D8-31C5D6EB2000}
		{CED10958-F529-489C-80F8-21F7B0898B35} = {2A941E84-AD28-4E2E-8633-C25745BEF307}
		{E5DB5DE3-EAD4-4538-9826-809FC5E2108A} = {2A941E84-AD28-4E2E-8633-C25745BEF307}
		{E402E6E6-FA6B-45E1-A23B-BAE2C29717DE} = {2A941E84-AD28-4E2E-8633-C25745BEF307}
		{8F844457-850E-4AEA-AA2E-5DF686C547BD} = {2A941E84-AD28-4E2E-8633-C25745BEF307}
		{92A6E946-7E2A-4E03-8D7C-093EAF17E1C1} = {2A941E84-AD28-4E2E-8633-C25745BEF307}
		{4F3FD719-1393-437B-B383-759C3C700772} = {2A941E84-AD28-4E2E-8633-C25745BEF307}
		{4827256A-56BA-4076-B680-F51BF922287F} = {2A941E84-AD28-4E2E-8633-C25745BEF307}
		{6BB19AAD-FA13-4D06-B952-DC953BCC027A} = {2A941E84-AD28-4E2E-8633-C25745BEF307}
		{2048B2AF-E2F0-4CAB-89D9-51253B63E990} = {1670DD6E-4F07-4963-82D8-31C5D6EB2000}
		{D8A834AB-4368-48A2-BC12-5DAB87E24479} = {2048B2AF-E2F0-4CAB-89D9-51253B63E990}
		{89B9FF97-D635-4A2C-8A45-51DBFE8B9B50} = {2048B2AF-E2F0-4CAB-89D9-51253B63E990}
		{2E3D7A57-DA3C-4EDC-9F74-DD59834670B3} = {2048B2AF-E2F0-4CAB-89D9-51253B63E990}
		{247C58BB-C8E8-4B95-B2E7-33F4D08EDF56} = {2048B2AF-E2F0-4CAB-89D9-51253B63E990}
		{6D267718-44C7-4350-8352-2DE54B80D968} = {2048B2AF-E2F0-4CAB-89D9-51253B63E990}
		{70ECFC88-26D4-46EB-B3CB-983AB9ADD3F9} = {2048B2AF-E2F0-4CAB-89D9-51253B63E990}
		{64554291-D49F-4215-9914-32FB9A78A616} = {2048B2AF-E2F0-4CAB-89D9-51253B63E990}
		{362660C2-773E-4BA1-B7C9-49CB1C4A8F01} = {2048B2AF-E2F0-4CAB-89D9-51253B63E990}
		{853C689D-A08B-4742-9290-9E744A7A22E3} = {2048B2AF-E2F0-4CAB-89D9-51253B63E990}
		{623DC2B0-9D00-4BAF-A5B3-42ADA843B917} = {2048B2AF-E2F0-4CAB-89D9-51253B63E990}
		{57A820CB-AC2A-46DD-902D-97E562CB66EC} = {623DC2B0-9D00-4BAF-A5B3-42ADA843B917}
		{34FF628F-A6E8-4332-B48C-40835BB32777} = {623DC2B0-9D00-4BAF-A5B3-42ADA843B917}
		{C9166041-EC59-48AD-B59C-0ACC936B5A19} = {1670DD6E-4F07-4963-82D8-31C5D6EB2000}
		{795677A2-DE7F-4F3C-8D8F-C688593437DE} = {C9166041-EC59-48AD-B59C-0ACC936B5A19}
		{F4CEFEE3-AED0-4534-984C-F4F4EC47BDCE} = {C9166041-EC59-48AD-B59C-0ACC936B5A19}
		{7DD3882F-6031-4F5A-BE39-8C0D30AB7369} = {C9166041-EC59-48AD-B59C-0ACC936B5A19}
		{356A3C50-86E1-4917-86ED-D731CCF99E00} = {C9166041-EC59-48AD-B59C-0ACC936B5A19}
		{35B7ED6A-BD8E-44E8-8EFE-D6308CC83D7B} = {C9166041-EC59-48AD-B59C-0ACC936B5A19}
		{6E6F76E4-D40E-42A2-87F6-AA25FCF2B9A5} = {C9166041-EC59-48AD-B59C-0ACC936B5A19}
		{ADF8266F-DFFE-46C4-A36E-0975730237A3} = {C9166041-EC59-48AD-B59C-0ACC936B5A19}
		{CE4236A6-3482-46AF-BFC1-0D887DB207CB} = {C9166041-EC59-48AD-B59C-0ACC936B5A19}
		{235D64EC-6147-4857-8F55-C9C739B571AF} = {C9166041-EC59-48AD-B59C-0ACC936B5A19}
		{D7B6C6F8-E5E0-4ADE-8ACE-0E4295D03C0F} = {235D64EC-6147-4857-8F55-C9C739B571AF}
		{C33E917C-ACE5-408F-833A-E5242DA35DFF} = {235D64EC-6147-4857-8F55-C9C739B571AF}
		{4F1957F3-8C60-4590-9D87-720469B77B85} = {235D64EC-6147-4857-8F55-C9C739B571AF}
		{B8CF72DB-8020-4477-A974-1D66F60A7940} = {3C28B2FB-A4F7-46A7-88D4-159410DA7AE1}
		{ECE79A97-B3DD-4EF1-855B-BA90DE0BAFE8} = {B8CF72DB-8020-4477-A974-1D66F60A7940}
		{3C0DF44D-61AC-4A24-9E02-F432F5E6A44A} = {B8CF72DB-8020-4477-A974-1D66F60A7940}
		{54C3E07F-0B0C-4BAB-9937-5A3A2C114818} = {3C0DF44D-61AC-4A24-9E02-F432F5E6A44A}
		{E16A96D7-2206-4B38-B8B7-CEADACD9CE0F} = {A77D6EA2-AD61-4F81-AE19-2C6FCCCDE157}
		{51F6E375-0581-4FFD-BD4C-6305AD1D33B9} = {E16A96D7-2206-4B38-B8B7-CEADACD9CE0F}
		{103BB86C-D79A-4661-950D-09FCF8CF6187} = {51F6E375-0581-4FFD-BD4C-6305AD1D33B9}
		{2D37FBAC-16F1-4336-9DFB-33E73FC11F5A} = {51F6E375-0581-4FFD-BD4C-6305AD1D33B9}
		{05D4FCEE-6EBD-4584-B2E9-400D97EDC2A8} = {51F6E375-0581-4FFD-BD4C-6305AD1D33B9}
		{569E0371-D57A-40C4-847E-37A12BF1A186} = {51F6E375-0581-4FFD-BD4C-6305AD1D33B9}
		{0F3F33E6-2557-4D08-9AE4-76BC8406CE42} = {51F6E375-0581-4FFD-BD4C-6305AD1D33B9}
	EndGlobalSection
EndGlobal
