Microsoft Visual Studio Solution File, Format Version 9.00
# Visual Studio 2005
Project("{2150E333-8FDC-42A3-9474-1A3956D46DE8}") = "ProgrammersGuide", "ProgrammersGuide", "{3C28B2FB-A4F7-46A7-88D4-159410DA7AE1}"
EndProject
Project("{2150E333-8FDC-42A3-9474-1A3956D46DE8}") = "WorkingWithAsposePDF", "WorkingWithAsposePDF", "{1670DD6E-4F07-4963-82D8-31C5D6EB2000}"
EndProject
Project("{2150E333-8FDC-42A3-9474-1A3956D46DE8}") = "WorkingWithPages", "WorkingWithPages", "{7388A035-A891-4CCA-9288-80B5D9AC85BB}"
EndProject
Project("{FAE04EC0-301F-11D3-BF4B-00C04F79EFBC}") = "ConcatenatePdfFiles", "ProgrammersGuide\WorkingWithAsposePDF\WorkingWithPages\ConcatenatePdfFiles\VisualBasic\ConcatenatePdfFiles.vbproj", "{94AF7299-E998-40DE-8026-F61FC48D30F1}"
EndProject
Project("{2150E333-8FDC-42A3-9474-1A3956D46DE8}") = "WorkingWithImages", "WorkingWithImages", "{0C0DA8AF-B7F2-48EF-BFBA-EC9A235612DD}"
EndProject
Project("{FAE04EC0-301F-11D3-BF4B-00C04F79EFBC}") = "ConvertPagesToImages", "ProgrammersGuide\WorkingWithAsposePDF\WorkingWithImages\ConvertPagesToImages\VisualBasic\ConvertPagesToImages.vbproj", "{7EC9BD7E-0F2F-41F7-9F1E-8604C931B894}"
EndProject
Project("{2150E333-8FDC-42A3-9474-1A3956D46DE8}") = "WorkingWithText", "WorkingWithText", "{899E78C9-72B8-43E5-A25A-5B3645EEDAE4}"
EndProject
Project("{FAE04EC0-301F-11D3-BF4B-00C04F79EFBC}") = "ReplaceTextInAllPages", "ProgrammersGuide\WorkingWithAsposePDF\WorkingWithText\ReplaceTextInAllPages\VisualBasic\ReplaceTextInAllPages.vbproj", "{39921F9C-C8B1-4E0C-A31A-D7091D3CD542}"
EndProject
Project("{2150E333-8FDC-42A3-9474-1A3956D46DE8}") = "WorkWithDocumentConversion", "WorkWithDocumentConversion", "{49D2454C-BA49-4054-8094-EEA55880ECAF}"
EndProject
Project("{FAE04EC0-301F-11D3-BF4B-00C04F79EFBC}") = "ConvertPDFToDOC", "ProgrammersGuide\WorkingWithAsposePDF\WorkWithDocumentConversion\ConvertPDFToDOC\VisualBasic\ConvertPDFToDOC.vbproj", "{E94DDEE9-7783-4A8E-928D-8230989E4736}"
EndProject
Project("{FAE04EC0-301F-11D3-BF4B-00C04F79EFBC}") = "ConvertPCLToPDF", "ProgrammersGuide\WorkingWithAsposePDF\WorkWithDocumentConversion\ConvertPCLToPDF\VisualBasic\ConvertPCLToPDF.vbproj", "{17357CBF-4D49-4AAC-8497-DCB43C79BA85}"
EndProject
Project("{FAE04EC0-301F-11D3-BF4B-00C04F79EFBC}") = "ConvertPDFToHTML", "ProgrammersGuide\WorkingWithAsposePDF\WorkWithDocumentConversion\ConvertPDFToHTML\VisualBasic\ConvertPDFToHTML.vbproj", "{8B3A35F6-C7E8-47B6-AD4D-46F6ADD367BF}"
EndProject
Project("{FAE04EC0-301F-11D3-BF4B-00C04F79EFBC}") = "ConvertXPSToPDF", "ProgrammersGuide\WorkingWithAsposePDF\WorkWithDocumentConversion\ConvertXPSToPDF\VisualBasic\ConvertXPSToPDF.vbproj", "{6D0B4CED-717C-42D4-AAE2-75521087F638}"
EndProject
Project("{FAE04EC0-301F-11D3-BF4B-00C04F79EFBC}") = "ConvertPDFToPDFA", "ProgrammersGuide\WorkingWithAsposePDF\WorkWithDocumentConversion\ConvertPDFToPDFA\VisualBasic\ConvertPDFToPDFA.vbproj", "{BFFF28FD-D51D-4788-A57F-9BBD0197EC73}"
EndProject
Project("{2150E333-8FDC-42A3-9474-1A3956D46DE8}") = "WorkingWithAsposePdfGenerator", "WorkingWithAsposePdfGenerator", "{B8CF72DB-8020-4477-A974-1D66F60A7940}"
EndProject
Project("{FAE04EC0-301F-11D3-BF4B-00C04F79EFBC}") = "ConvertXSLFOToPDF", "ProgrammersGuide\WorkingWithAsposePdfGenerator\ConvertXSLFOToPDF\VisualBasic\ConvertXSLFOToPDF.vbproj", "{ECE79A97-B3DD-4EF1-855B-BA90DE0BAFE8}"
EndProject
Project("{2150E333-8FDC-42A3-9474-1A3956D46DE8}") = "ConversionFeatures", "ConversionFeatures", "{3C0DF44D-61AC-4A24-9E02-F432F5E6A44A}"
EndProject
Project("{2150E333-8FDC-42A3-9474-1A3956D46DE8}") = "KnowledgeBase", "KnowledgeBase", "{A77D6EA2-AD61-4F81-AE19-2C6FCCCDE157}"
EndProject
Project("{2150E333-8FDC-42A3-9474-1A3956D46DE8}") = "TechnicalArticles", "TechnicalArticles", "{E16A96D7-2206-4B38-B8B7-CEADACD9CE0F}"
EndProject
Project("{2150E333-8FDC-42A3-9474-1A3956D46DE8}") = "AsposePdfGeneratorArticles", "AsposePdfGeneratorArticles", "{51F6E375-0581-4FFD-BD4C-6305AD1D33B9}"
EndProject
Project("{FAE04EC0-301F-11D3-BF4B-00C04F79EFBC}") = "ConvertTextFileToPDF", "KnowledgeBase\TechnicalArticles\AsposePdfGeneratorArticles\ConvertTextFileToPDF\VisualBasic\ConvertTextFileToPDF.vbproj", "{103BB86C-D79A-4661-950D-09FCF8CF6187}"
EndProject
Project("{FAE04EC0-301F-11D3-BF4B-00C04F79EFBC}") = "ConvertImageToPDF", "KnowledgeBase\TechnicalArticles\AsposePdfGeneratorArticles\ConvertImageToPDF\VisualBasic\ConvertImageToPDF.vbproj", "{2D37FBAC-16F1-4336-9DFB-33E73FC11F5A}"
EndProject
Project("{FAE04EC0-301F-11D3-BF4B-00C04F79EFBC}") = "ImagePageNumberInHeaderFooter", "KnowledgeBase\TechnicalArticles\AsposePdfGeneratorArticles\ImagePageNumberInHeaderFooter\VisualBasic\ImagePageNumberInHeaderFooter.vbproj", "{05D4FCEE-6EBD-4584-B2E9-400D97EDC2A8}"
EndProject
Project("{FAE04EC0-301F-11D3-BF4B-00C04F79EFBC}") = "TableInHeaderFooter", "KnowledgeBase\TechnicalArticles\AsposePdfGeneratorArticles\TableInHeaderFooter\VisualBasic\TableInHeaderFooter.vbproj", "{569E0371-D57A-40C4-847E-37A12BF1A186}"
EndProject
Project("{FAE04EC0-301F-11D3-BF4B-00C04F79EFBC}") = "AddImageInTableCell", "KnowledgeBase\TechnicalArticles\AsposePdfGeneratorArticles\AddImageInTableCell\VisualBasic\AddImageInTableCell.vbproj", "{0F3F33E6-2557-4D08-9AE4-76BC8406CE42}"
EndProject
Global
	GlobalSection(SolutionConfigurationPlatforms) = preSolution
		Debug|Any CPU = Debug|Any CPU
		Release|Any CPU = Release|Any CPU
	EndGlobalSection
	GlobalSection(ProjectConfigurationPlatforms) = postSolution
		{94AF7299-E998-40DE-8026-F61FC48D30F1}.Debug|Any CPU.ActiveCfg = Debug|Any CPU
		{94AF7299-E998-40DE-8026-F61FC48D30F1}.Debug|Any CPU.Build.0 = Debug|Any CPU
		{94AF7299-E998-40DE-8026-F61FC48D30F1}.Release|Any CPU.ActiveCfg = Release|Any CPU
		{7EC9BD7E-0F2F-41F7-9F1E-8604C931B894}.Debug|Any CPU.ActiveCfg = Debug|Any CPU
		{7EC9BD7E-0F2F-41F7-9F1E-8604C931B894}.Debug|Any CPU.Build.0 = Debug|Any CPU
		{7EC9BD7E-0F2F-41F7-9F1E-8604C931B894}.Release|Any CPU.ActiveCfg = Release|Any CPU
		{39921F9C-C8B1-4E0C-A31A-D7091D3CD542}.Debug|Any CPU.ActiveCfg = Debug|Any CPU
		{39921F9C-C8B1-4E0C-A31A-D7091D3CD542}.Debug|Any CPU.Build.0 = Debug|Any CPU
		{39921F9C-C8B1-4E0C-A31A-D7091D3CD542}.Release|Any CPU.ActiveCfg = Release|Any CPU
		{E94DDEE9-7783-4A8E-928D-8230989E4736}.Debug|Any CPU.ActiveCfg = Debug|Any CPU
		{E94DDEE9-7783-4A8E-928D-8230989E4736}.Debug|Any CPU.Build.0 = Debug|Any CPU
		{E94DDEE9-7783-4A8E-928D-8230989E4736}.Release|Any CPU.ActiveCfg = Release|Any CPU
		{17357CBF-4D49-4AAC-8497-DCB43C79BA85}.Debug|Any CPU.ActiveCfg = Debug|Any CPU
		{17357CBF-4D49-4AAC-8497-DCB43C79BA85}.Debug|Any CPU.Build.0 = Debug|Any CPU
		{17357CBF-4D49-4AAC-8497-DCB43C79BA85}.Release|Any CPU.ActiveCfg = Release|Any CPU
		{8B3A35F6-C7E8-47B6-AD4D-46F6ADD367BF}.Debug|Any CPU.ActiveCfg = Debug|Any CPU
		{8B3A35F6-C7E8-47B6-AD4D-46F6ADD367BF}.Debug|Any CPU.Build.0 = Debug|Any CPU
		{8B3A35F6-C7E8-47B6-AD4D-46F6ADD367BF}.Release|Any CPU.ActiveCfg = Release|Any CPU
		{6D0B4CED-717C-42D4-AAE2-75521087F638}.Debug|Any CPU.ActiveCfg = Debug|Any CPU
		{6D0B4CED-717C-42D4-AAE2-75521087F638}.Debug|Any CPU.Build.0 = Debug|Any CPU
		{6D0B4CED-717C-42D4-AAE2-75521087F638}.Release|Any CPU.ActiveCfg = Release|Any CPU
		{BFFF28FD-D51D-4788-A57F-9BBD0197EC73}.Debug|Any CPU.ActiveCfg = Debug|Any CPU
		{BFFF28FD-D51D-4788-A57F-9BBD0197EC73}.Debug|Any CPU.Build.0 = Debug|Any CPU
		{BFFF28FD-D51D-4788-A57F-9BBD0197EC73}.Release|Any CPU.ActiveCfg = Release|Any CPU
		{ECE79A97-B3DD-4EF1-855B-BA90DE0BAFE8}.Debug|Any CPU.ActiveCfg = Debug|Any CPU
		{ECE79A97-B3DD-4EF1-855B-BA90DE0BAFE8}.Debug|Any CPU.Build.0 = Debug|Any CPU
		{ECE79A97-B3DD-4EF1-855B-BA90DE0BAFE8}.Release|Any CPU.ActiveCfg = Release|Any CPU
		{54C3E07F-0B0C-4BAB-9937-5A3A2C114818}.Debug|Any CPU.ActiveCfg = Debug|Any CPU
		{54C3E07F-0B0C-4BAB-9937-5A3A2C114818}.Debug|Any CPU.Build.0 = Debug|Any CPU
		{54C3E07F-0B0C-4BAB-9937-5A3A2C114818}.Release|Any CPU.ActiveCfg = Release|Any CPU
		{103BB86C-D79A-4661-950D-09FCF8CF6187}.Debug|Any CPU.ActiveCfg = Debug|Any CPU
		{103BB86C-D79A-4661-950D-09FCF8CF6187}.Debug|Any CPU.Build.0 = Debug|Any CPU
		{103BB86C-D79A-4661-950D-09FCF8CF6187}.Release|Any CPU.ActiveCfg = Release|Any CPU
		{2D37FBAC-16F1-4336-9DFB-33E73FC11F5A}.Debug|Any CPU.ActiveCfg = Debug|Any CPU
		{2D37FBAC-16F1-4336-9DFB-33E73FC11F5A}.Debug|Any CPU.Build.0 = Debug|Any CPU
		{2D37FBAC-16F1-4336-9DFB-33E73FC11F5A}.Release|Any CPU.ActiveCfg = Release|Any CPU
		{05D4FCEE-6EBD-4584-B2E9-400D97EDC2A8}.Debug|Any CPU.ActiveCfg = Debug|Any CPU
		{05D4FCEE-6EBD-4584-B2E9-400D97EDC2A8}.Debug|Any CPU.Build.0 = Debug|Any CPU
		{05D4FCEE-6EBD-4584-B2E9-400D97EDC2A8}.Release|Any CPU.ActiveCfg = Release|Any CPU
		{569E0371-D57A-40C4-847E-37A12BF1A186}.Debug|Any CPU.ActiveCfg = Debug|Any CPU
		{569E0371-D57A-40C4-847E-37A12BF1A186}.Debug|Any CPU.Build.0 = Debug|Any CPU
		{569E0371-D57A-40C4-847E-37A12BF1A186}.Release|Any CPU.ActiveCfg = Release|Any CPU
		{0F3F33E6-2557-4D08-9AE4-76BC8406CE42}.Debug|Any CPU.ActiveCfg = Debug|Any CPU
		{0F3F33E6-2557-4D08-9AE4-76BC8406CE42}.Debug|Any CPU.Build.0 = Debug|Any CPU
		{0F3F33E6-2557-4D08-9AE4-76BC8406CE42}.Release|Any CPU.ActiveCfg = Release|Any CPU
	EndGlobalSection
	GlobalSection(SolutionProperties) = preSolution
		HideSolutionNode = FALSE
	EndGlobalSection
	GlobalSection(NestedProjects) = preSolution
		{1670DD6E-4F07-4963-82D8-31C5D6EB2000} = {3C28B2FB-A4F7-46A7-88D4-159410DA7AE1}
		{7388A035-A891-4CCA-9288-80B5D9AC85BB} = {1670DD6E-4F07-4963-82D8-31C5D6EB2000}
		{94AF7299-E998-40DE-8026-F61FC48D30F1} = {7388A035-A891-4CCA-9288-80B5D9AC85BB}
		{0C0DA8AF-B7F2-48EF-BFBA-EC9A235612DD} = {1670DD6E-4F07-4963-82D8-31C5D6EB2000}
		{7EC9BD7E-0F2F-41F7-9F1E-8604C931B894} = {0C0DA8AF-B7F2-48EF-BFBA-EC9A235612DD}
		{899E78C9-72B8-43E5-A25A-5B3645EEDAE4} = {1670DD6E-4F07-4963-82D8-31C5D6EB2000}
		{39921F9C-C8B1-4E0C-A31A-D7091D3CD542} = {899E78C9-72B8-43E5-A25A-5B3645EEDAE4}
		{49D2454C-BA49-4054-8094-EEA55880ECAF} = {1670DD6E-4F07-4963-82D8-31C5D6EB2000}
		{E94DDEE9-7783-4A8E-928D-8230989E4736} = {49D2454C-BA49-4054-8094-EEA55880ECAF}
		{17357CBF-4D49-4AAC-8497-DCB43C79BA85} = {49D2454C-BA49-4054-8094-EEA55880ECAF}
		{8B3A35F6-C7E8-47B6-AD4D-46F6ADD367BF} = {49D2454C-BA49-4054-8094-EEA55880ECAF}
		{6D0B4CED-717C-42D4-AAE2-75521087F638} = {49D2454C-BA49-4054-8094-EEA55880ECAF}
		{BFFF28FD-D51D-4788-A57F-9BBD0197EC73} = {49D2454C-BA49-4054-8094-EEA55880ECAF}
		{B8CF72DB-8020-4477-A974-1D66F60A7940} = {3C28B2FB-A4F7-46A7-88D4-159410DA7AE1}
		{ECE79A97-B3DD-4EF1-855B-BA90DE0BAFE8} = {B8CF72DB-8020-4477-A974-1D66F60A7940}
		{3C0DF44D-61AC-4A24-9E02-F432F5E6A44A} = {B8CF72DB-8020-4477-A974-1D66F60A7940}
		{54C3E07F-0B0C-4BAB-9937-5A3A2C114818} = {3C0DF44D-61AC-4A24-9E02-F432F5E6A44A}
		{E16A96D7-2206-4B38-B8B7-CEADACD9CE0F} = {A77D6EA2-AD61-4F81-AE19-2C6FCCCDE157}
		{51F6E375-0581-4FFD-BD4C-6305AD1D33B9} = {E16A96D7-2206-4B38-B8B7-CEADACD9CE0F}
		{103BB86C-D79A-4661-950D-09FCF8CF6187} = {51F6E375-0581-4FFD-BD4C-6305AD1D33B9}
		{2D37FBAC-16F1-4336-9DFB-33E73FC11F5A} = {51F6E375-0581-4FFD-BD4C-6305AD1D33B9}
		{05D4FCEE-6EBD-4584-B2E9-400D97EDC2A8} = {51F6E375-0581-4FFD-BD4C-6305AD1D33B9}
		{569E0371-D57A-40C4-847E-37A12BF1A186} = {51F6E375-0581-4FFD-BD4C-6305AD1D33B9}
		{0F3F33E6-2557-4D08-9AE4-76BC8406CE42} = {51F6E375-0581-4FFD-BD4C-6305AD1D33B9}
	EndGlobalSection
EndGlobal
