Microsoft Visual Studio Solution File, Format Version 9.00
# Visual Studio 2005
Project("{2150E333-8FDC-42A3-9474-1A3956D46DE8}") = "ProgrammersGuide", "ProgrammersGuide", "{3C28B2FB-A4F7-46A7-88D4-159410DA7AE1}"
EndProject
Project("{2150E333-8FDC-42A3-9474-1A3956D46DE8}") = "WorkingWithAsposePDF", "WorkingWithAsposePDF", "{1670DD6E-4F07-4963-82D8-31C5D6EB2000}"
EndProject
Project("{2150E333-8FDC-42A3-9474-1A3956D46DE8}") = "WorkingWithPages", "WorkingWithPages", "{7388A035-A891-4CCA-9288-80B5D9AC85BB}"
EndProject
Project("{FAE04EC0-301F-11D3-BF4B-00C04F79EFBC}") = "ConcatenatePdfFiles", "ProgrammersGuide\WorkingWithAsposePDF\WorkingWithPages\ConcatenatePdfFiles\VisualBasic\ConcatenatePdfFiles.vbproj", "{94AF7299-E998-40DE-8026-F61FC48D30F1}"
EndProject
Project("{FAE04EC0-301F-11D3-BF4B-00C04F79EFBC}") = "GetNumberofPagesofaPDFFile", "ProgrammersGuide\WorkingWithAsposePDF\WorkingWithPages\GetNumberofPagesofaPDFFile\VisualBasic\GetNumberofPagesofaPDFFile.vbproj", "{91227632-EDB4-47E2-965B-29F7ACCDC212}"
EndProject
Project("{FAE04EC0-301F-11D3-BF4B-00C04F79EFBC}") = "GetPageProperties", "ProgrammersGuide\WorkingWithAsposePDF\WorkingWithPages\GetPageProperties\VisualBasic\GetPageProperties.vbproj", "{E5CCEEF5-99FD-45CD-A83B-306344802D13}"
EndProject
Project("{FAE04EC0-301F-11D3-BF4B-00C04F79EFBC}") = "InsertEmptyPageInPDFFile", "ProgrammersGuide\WorkingWithAsposePDF\WorkingWithPages\InsertEmptyPageInPDFFile\VisualBasic\InsertEmptyPageInPDFFile.vbproj", "{48370F95-1C5F-48A9-8FF8-03D8F1BBACB9}"
EndProject
Project("{FAE04EC0-301F-11D3-BF4B-00C04F79EFBC}") = "InsertEmptyPageAtEndofPDFFile", "ProgrammersGuide\WorkingWithAsposePDF\WorkingWithPages\InsertEmptyPageAtEndofPDFFile\VisualBasic\InsertEmptyPageAtEndofPDFFile.vbproj", "{3FD937BA-6B78-4F32-B61A-276964DD791D}"
EndProject
Project("{FAE04EC0-301F-11D3-BF4B-00C04F79EFBC}") = "SplitPDFFiletoIndividualPages", "ProgrammersGuide\WorkingWithAsposePDF\WorkingWithPages\SplitPDFFiletoIndividualPages\VisualBasic\SplitPDFFiletoIndividualPages.vbproj", "{CD885C58-9F02-4EC1-8D92-AE89C8E012EE}"
EndProject
Project("{FAE04EC0-301F-11D3-BF4B-00C04F79EFBC}") = "GetParticularPageOfPDFFile", "ProgrammersGuide\WorkingWithAsposePDF\WorkingWithPages\GetParticularPageOfPDFFile\VisualBasic\GetParticularPageOfPDFFile.vbproj", "{61DFC939-F187-45E5-B7B6-404865978BE4}"
EndProject
Project("{FAE04EC0-301F-11D3-BF4B-00C04F79EFBC}") = "DeleteParticularPageFromPDFFile", "ProgrammersGuide\WorkingWithAsposePDF\WorkingWithPages\DeleteParticularPageFromPDFFile\VisualBasic\DeleteParticularPageFromPDFFile.vbproj", "{DCAC153D-FD02-4837-A9A5-1E7DAC4E75EF}"
EndProject
Project("{FAE04EC0-301F-11D3-BF4B-00C04F79EFBC}") = "UpdatePageDimensions", "ProgrammersGuide\WorkingWithAsposePDF\WorkingWithPages\UpdatePageDimensions\VisualBasic\UpdatePageDimensions.vbproj", "{64B29320-74D2-4DE8-AE4C-51C7D7E02002}"
EndProject
Project("{FAE04EC0-301F-11D3-BF4B-00C04F79EFBC}") = "AddImageAsPageBackground", "ProgrammersGuide\WorkingWithAsposePDF\WorkingWithPages\AddImageAsPageBackground\VisualBasic\AddImageAsPageBackground.vbproj", "{81668E3A-5106-45AF-AE49-A030C45E4049}"
EndProject
Project("{2150E333-8FDC-42A3-9474-1A3956D46DE8}") = "WorkingWithImages", "WorkingWithImages", "{0C0DA8AF-B7F2-48EF-BFBA-EC9A235612DD}"
EndProject
Project("{FAE04EC0-301F-11D3-BF4B-00C04F79EFBC}") = "ConvertPagesToImages", "ProgrammersGuide\WorkingWithAsposePDF\WorkingWithImages\ConvertPagesToImages\VisualBasic\ConvertPagesToImages.vbproj", "{7EC9BD7E-0F2F-41F7-9F1E-8604C931B894}"
EndProject
Project("{FAE04EC0-301F-11D3-BF4B-00C04F79EFBC}") = "AddImageInExistingPDF", "ProgrammersGuide\WorkingWithAsposePDF\WorkingWithImages\AddImageInExistingPDF\VisualBasic\AddImageInExistingPDF.vbproj", "{AE59EEA4-5DAB-4A6A-AB38-8780F13CB692}"
EndProject
Project("{FAE04EC0-301F-11D3-BF4B-00C04F79EFBC}") = "DeleteImages", "ProgrammersGuide\WorkingWithAsposePDF\WorkingWithImages\DeleteImages\VisualBasic\DeleteImages.vbproj", "{1F3EAC68-8143-4070-A454-0F94F2EC74D5}"
EndProject
Project("{FAE04EC0-301F-11D3-BF4B-00C04F79EFBC}") = "ExtractImages", "ProgrammersGuide\WorkingWithAsposePDF\WorkingWithImages\ExtractImages\VisualBasic\ExtractImages.vbproj", "{5D500E6A-E482-488B-9DC9-72210235B813}"
EndProject
Project("{FAE04EC0-301F-11D3-BF4B-00C04F79EFBC}") = "ReplaceImage", "ProgrammersGuide\WorkingWithAsposePDF\WorkingWithImages\ReplaceImage\VisualBasic\ReplaceImage.vbproj", "{5CD69D31-316E-4A23-B0D2-C8432E63F794}"
EndProject
Project("{FAE04EC0-301F-11D3-BF4B-00C04F79EFBC}") = "ConvertPDFPages", "ProgrammersGuide\WorkingWithAsposePDF\WorkingWithImages\ConvertPDFPages\VisualBasic\ConvertPDFPages.vbproj", "{824CC260-27BD-46CB-8705-26BF152E4C91}"
EndProject
Project("{FAE04EC0-301F-11D3-BF4B-00C04F79EFBC}") = "ConvertParticularPDFPageToPNG", "ProgrammersGuide\WorkingWithAsposePDF\WorkingWithImages\ConvertParticularPDFPageToPNG\VisualBasic\ConvertParticularPDFPageToPNG.vbproj", "{94B30D62-1266-4195-8160-63237A7661F6}"
EndProject
Project("{FAE04EC0-301F-11D3-BF4B-00C04F79EFBC}") = "ConvertAllPDFPagesToPNG", "ProgrammersGuide\WorkingWithAsposePDF\WorkingWithImages\ConvertAllPDFPagesToPNG\VisualBasic\ConvertAllPDFPagesToPNG.vbproj", "{D5721330-611B-43A1-A743-8377688BB873}"
EndProject
Project("{FAE04EC0-301F-11D3-BF4B-00C04F79EFBC}") = "ConvertParticularPDFPageToTIFF", "ProgrammersGuide\WorkingWithAsposePDF\WorkingWithImages\ConvertParticularPDFPageToTIFF\VisualBasic\ConvertParticularPDFPageToTIFF.vbproj", "{ED737BCE-AFB0-4FA6-A3B2-08D8E988F47C}"
EndProject
Project("{FAE04EC0-301F-11D3-BF4B-00C04F79EFBC}") = "ConvertallPDFPagesToEMFImages", "ProgrammersGuide\WorkingWithAsposePDF\WorkingWithImages\ConvertallPDFPagesToEMFImages\VisualBasic\ConvertallPDFPagesToEMFImages.vbproj", "{41261B63-EAA3-45A5-9290-9C6FB9A905FD}"
EndProject
Project("{FAE04EC0-301F-11D3-BF4B-00C04F79EFBC}") = "SearchAndGetImages", "ProgrammersGuide\WorkingWithAsposePDF\WorkingWithImages\SearchAndGetImages\VisualBasic\SearchAndGetImages.vbproj", "{1563617D-3566-4E23-8F19-3B2EA5526D03}"
EndProject
Project("{FAE04EC0-301F-11D3-BF4B-00C04F79EFBC}") = "ConvertParticularPDFPageToEMF", "ProgrammersGuide\WorkingWithAsposePDF\WorkingWithImages\ConvertParticularPDFPageToEMF\VisualBasic\ConvertParticularPDFPageToEMF.vbproj", "{C6298281-7596-43E3-9327-D3FE2B462880}"
EndProject
Project("{2150E333-8FDC-42A3-9474-1A3956D46DE8}") = "GetResolutionAndDimensionsOfEmbeddedImages", "GetResolutionAndDimensionsOfEmbeddedImages", "{96CA389C-5FB0-4CF6-8D2A-CC869CDF6AD9}"
EndProject
Project("{FAE04EC0-301F-11D3-BF4B-00C04F79EFBC}") = "GettingImageInformation", "ProgrammersGuide\WorkingWithAsposePDF\WorkingWithImages\GetResolutionAndDimensionsOfEmbeddedImages\GettingImageInformation\VisualBasic\GettingImageInformation.vbproj", "{48E9AEB3-9738-4958-B32A-3F5F69986358}"
EndProject
Project("{FAE04EC0-301F-11D3-BF4B-00C04F79EFBC}") = "WorkingWithImagePlacement", "ProgrammersGuide\WorkingWithAsposePDF\WorkingWithImages\GetResolutionAndDimensionsOfEmbeddedImages\WorkingWithImagePlacement\VisualBasic\WorkingWithImagePlacement.vbproj", "{7BC7DA4F-E377-42C8-812B-CA24FF7BDB3E}"
EndProject
Project("{2150E333-8FDC-42A3-9474-1A3956D46DE8}") = "WorkingWithText", "WorkingWithText", "{899E78C9-72B8-43E5-A25A-5B3645EEDAE4}"
EndProject
Project("{FAE04EC0-301F-11D3-BF4B-00C04F79EFBC}") = "ReplaceTextInAllPages", "ProgrammersGuide\WorkingWithAsposePDF\WorkingWithText\ReplaceTextInAllPages\VisualBasic\ReplaceTextInAllPages.vbproj", "{39921F9C-C8B1-4E0C-A31A-D7091D3CD542}"
EndProject
Project("{FAE04EC0-301F-11D3-BF4B-00C04F79EFBC}") = "ExtractTextFromAllPagesOfPDF", "ProgrammersGuide\WorkingWithAsposePDF\WorkingWithText\ExtractTextFromAllPagesOfPDF\VisualBasic\ExtractTextFromAllPagesOfPDF.vbproj", "{92064534-1D02-4E8A-A974-F25DEA4AB4C0}"
EndProject
Project("{FAE04EC0-301F-11D3-BF4B-00C04F79EFBC}") = "ExtractTextFromIndividualPageOfPDF", "ProgrammersGuide\WorkingWithAsposePDF\WorkingWithText\ExtractTextFromIndividualPageOfPDF\VisualBasic\ExtractTextFromIndividualPageOfPDF.vbproj", "{8CFBC7C7-88FA-42BC-B6E4-2ACE9F6460D6}"
EndProject
Project("{FAE04EC0-301F-11D3-BF4B-00C04F79EFBC}") = "SearchAndGetTextFromAllPagesOfPDF", "ProgrammersGuide\WorkingWithAsposePDF\WorkingWithText\SearchAndGetTextFromAllPagesOfPDF\VisualBasic\SearchAndGetTextFromAllPagesOfPDF.vbproj", "{64078DBC-B8E6-4260-A663-1BDA4B83483E}"
EndProject
Project("{FAE04EC0-301F-11D3-BF4B-00C04F79EFBC}") = "SearchAndGetTextFromSinglePageOfPDF", "ProgrammersGuide\WorkingWithAsposePDF\WorkingWithText\SearchAndGetTextFromSinglePageOfPDF\VisualBasic\SearchAndGetTextFromSinglePageOfPDF.vbproj", "{6B45089C-98C7-4D45-9757-9124CBF28727}"
EndProject
Project("{FAE04EC0-301F-11D3-BF4B-00C04F79EFBC}") = "SearchAndGetTextSegmentsFromAllPagesOfPDF", "ProgrammersGuide\WorkingWithAsposePDF\WorkingWithText\SearchAndGetTextSegmentsFromAllPagesOfPDF\VisualBasic\SearchAndGetTextSegmentsFromAllPagesOfPDF.vbproj", "{32A6EB5B-51F3-4463-8574-B446CA09FE40}"
EndProject
Project("{FAE04EC0-301F-11D3-BF4B-00C04F79EFBC}") = "SearchAndGetTextSegmentsFromIndividualPageOfPDF", "ProgrammersGuide\WorkingWithAsposePDF\WorkingWithText\SearchAndGetTextSegmentsFromIndividualPageOfPDF\VisualBasic\SearchAndGetTextSegmentsFromIndividualPageOfPDF.vbproj", "{2EF3A91C-D307-458F-AE81-A56CE1C174B6}"
EndProject
Project("{FAE04EC0-301F-11D3-BF4B-00C04F79EFBC}") = "SearchAndGetTextFromAllPagesUsingRegularExpression", "ProgrammersGuide\WorkingWithAsposePDF\WorkingWithText\SearchAndGetTextFromAllPagesUsingRegularExpression\VisualBasic\SearchAndGetTextFromAllPagesUsingRegularExpression.vbproj", "{DC64AD03-205C-470D-8CC1-D247D76CAFDE}"
EndProject
Project("{FAE04EC0-301F-11D3-BF4B-00C04F79EFBC}") = "SearchAndGetTextFromSinglePageUsingRegularExpression", "ProgrammersGuide\WorkingWithAsposePDF\WorkingWithText\SearchAndGetTextFromSinglePageUsingRegularExpression\VisualBasic\SearchAndGetTextFromSinglePageUsingRegularExpression.vbproj", "{B5C1B238-58D4-4466-8B20-7478EDB6E44C}"
EndProject
Project("{FAE04EC0-301F-11D3-BF4B-00C04F79EFBC}") = "ReplaceTextInSinglePageOfPDF", "ProgrammersGuide\WorkingWithAsposePDF\WorkingWithText\ReplaceTextInSinglePageOfPDF\VisualBasic\ReplaceTextInSinglePageOfPDF.vbproj", "{5472A7EE-B872-44B4-93CD-0AB9113478A0}"
EndProject
Project("{2150E333-8FDC-42A3-9474-1A3956D46DE8}") = "WorkWithDocumentConversion", "WorkWithDocumentConversion", "{49D2454C-BA49-4054-8094-EEA55880ECAF}"
EndProject
Project("{FAE04EC0-301F-11D3-BF4B-00C04F79EFBC}") = "ConvertPDFToDOC", "ProgrammersGuide\WorkingWithAsposePDF\WorkWithDocumentConversion\ConvertPDFToDOC\VisualBasic\ConvertPDFToDOC.vbproj", "{E94DDEE9-7783-4A8E-928D-8230989E4736}"
EndProject
Project("{FAE04EC0-301F-11D3-BF4B-00C04F79EFBC}") = "ConvertPCLToPDF", "ProgrammersGuide\WorkingWithAsposePDF\WorkWithDocumentConversion\ConvertPCLToPDF\VisualBasic\ConvertPCLToPDF.vbproj", "{17357CBF-4D49-4AAC-8497-DCB43C79BA85}"
EndProject
Project("{FAE04EC0-301F-11D3-BF4B-00C04F79EFBC}") = "ConvertPDFToHTML", "ProgrammersGuide\WorkingWithAsposePDF\WorkWithDocumentConversion\ConvertPDFToHTML\VisualBasic\ConvertPDFToHTML.vbproj", "{8B3A35F6-C7E8-47B6-AD4D-46F6ADD367BF}"
EndProject
Project("{FAE04EC0-301F-11D3-BF4B-00C04F79EFBC}") = "ConvertXPSToPDF", "ProgrammersGuide\WorkingWithAsposePDF\WorkWithDocumentConversion\ConvertXPSToPDF\VisualBasic\ConvertXPSToPDF.vbproj", "{6D0B4CED-717C-42D4-AAE2-75521087F638}"
EndProject
Project("{FAE04EC0-301F-11D3-BF4B-00C04F79EFBC}") = "ConvertPDFToPDFA", "ProgrammersGuide\WorkingWithAsposePDF\WorkWithDocumentConversion\ConvertPDFToPDFA\VisualBasic\ConvertPDFToPDFA.vbproj", "{BFFF28FD-D51D-4788-A57F-9BBD0197EC73}"
EndProject
Project("{FAE04EC0-301F-11D3-BF4B-00C04F79EFBC}") = "ConvertPDFToEPUB", "ProgrammersGuide\WorkingWithAsposePDF\WorkWithDocumentConversion\ConvertPDFToEPUB\VisualBasic\ConvertPDFToEPUB.vbproj", "{100CC934-C510-4045-9D85-8B9DAA31E731}"
EndProject
Project("{FAE04EC0-301F-11D3-BF4B-00C04F79EFBC}") = "ConvertSVGToPDF", "ProgrammersGuide\WorkingWithAsposePDF\WorkWithDocumentConversion\ConvertSVGToPDF\VisualBasic\ConvertSVGToPDF.vbproj", "{FD46D300-FF5B-463A-B82A-14155C7466EC}"
EndProject
Project("{FAE04EC0-301F-11D3-BF4B-00C04F79EFBC}") = "GetSVGDimensions", "ProgrammersGuide\WorkingWithAsposePDF\WorkWithDocumentConversion\GetSVGDimensions\VisualBasic\GetSVGDimensions.vbproj", "{C74FC0B9-5AAE-4BC3-80E1-9949CE49A443}"
EndProject
Project("{FAE04EC0-301F-11D3-BF4B-00C04F79EFBC}") = "ConvertPDFToTeX", "ProgrammersGuide\WorkingWithAsposePDF\WorkWithDocumentConversion\ConvertPDFToTeX\VisualBasic\ConvertPDFToTeX.vbproj", "{D040F08F-CF99-48F7-96AC-A191A066A3E5}"
EndProject
Project("{FAE04EC0-301F-11D3-BF4B-00C04F79EFBC}") = "ConvertEPUBToPDF", "ProgrammersGuide\WorkingWithAsposePDF\WorkWithDocumentConversion\ConvertEPUBToPDF\VisualBasic\ConvertEPUBToPDF.vbproj", "{D033D7EE-1A38-4FD3-910F-99559D19E73B}"
EndProject
Project("{2150E333-8FDC-42A3-9474-1A3956D46DE8}") = "WorkingWithAnnotations", "WorkingWithAnnotations", "{023A85AE-2DFD-4C3C-9C5D-D5DD8E2FFCCD}"
EndProject
Project("{FAE04EC0-301F-11D3-BF4B-00C04F79EFBC}") = "AddAnnotationInExistingPDFFile", "ProgrammersGuide\WorkingWithAsposePDF\WorkingWithAnnotations\AddAnnotationInExistingPDFFile\VisualBasic\AddAnnotationInExistingPDFFile.vbproj", "{6A9F2DF8-14AE-47F1-9785-6CB604532FBB}"
EndProject
Project("{FAE04EC0-301F-11D3-BF4B-00C04F79EFBC}") = "GetParticularAnnotationFromPDFFile", "ProgrammersGuide\WorkingWithAsposePDF\WorkingWithAnnotations\GetParticularAnnotationFromPDFFile\VisualBasic\GetParticularAnnotationFromPDFFile.vbproj", "{EE2CC527-9940-4211-AB1D-183141FA3E42}"
EndProject
Project("{FAE04EC0-301F-11D3-BF4B-00C04F79EFBC}") = "GetAllAnnotationsFromPageOfPDFDocument", "ProgrammersGuide\WorkingWithAsposePDF\WorkingWithAnnotations\GetAllAnnotationsFromPageOfPDFDocument\VisualBasic\GetAllAnnotationsFromPageOfPDFDocument.vbproj", "{55E05189-E2B6-4C0D-A772-983CEC0EC4E7}"
EndProject
Project("{FAE04EC0-301F-11D3-BF4B-00C04F79EFBC}") = "DeleteParticularAnnotationFromPDFFile", "ProgrammersGuide\WorkingWithAsposePDF\WorkingWithAnnotations\DeleteParticularAnnotationFromPDFFile\VisualBasic\DeleteParticularAnnotationFromPDFFile.vbproj", "{B6BF3155-86C6-41C8-BB48-ACABCBFF5505}"
EndProject
Project("{FAE04EC0-301F-11D3-BF4B-00C04F79EFBC}") = "DeleteAllAnnotationsFromPageOfPDFFile", "ProgrammersGuide\WorkingWithAsposePDF\WorkingWithAnnotations\DeleteAllAnnotationsFromPageOfPDFFile\VisualBasic\DeleteAllAnnotationsFromPageOfPDFFile.vbproj", "{B4F39F15-B67C-4655-BC55-82DFE6719317}"
EndProject
Project("{FAE04EC0-301F-11D3-BF4B-00C04F79EFBC}") = "AddSwfFileAsAnnotationToPDFDocument", "ProgrammersGuide\WorkingWithAsposePDF\WorkingWithAnnotations\AddSwfFileAsAnnotationToPDFDocument\VisualBasic\AddSwfFileAsAnnotationToPDFDocument.vbproj", "{6002DECC-A338-49F3-89AD-283A7C58C163}"
EndProject
Project("{FAE04EC0-301F-11D3-BF4B-00C04F79EFBC}") = "SetFormattingOfFreeTextAnnotation", "ProgrammersGuide\WorkingWithAsposePDF\WorkingWithAnnotations\SetFormattingOfFreeTextAnnotation\VisualBasic\SetFormattingOfFreeTextAnnotation.vbproj", "{BD6A1540-932F-4D54-B277-B3B74BC0D340}"
EndProject
Project("{2150E333-8FDC-42A3-9474-1A3956D46DE8}") = "WorkingWithAttachments", "WorkingWithAttachments", "{2CD4D1E7-7442-4D80-B81E-C7E3B57D159B}"
EndProject
Project("{FAE04EC0-301F-11D3-BF4B-00C04F79EFBC}") = "AddAttachmentInPDFDocument", "ProgrammersGuide\WorkingWithAsposePDF\WorkingWithAttachments\AddAttachmentInPDFDocument\VisualBasic\AddAttachmentInPDFDocument.vbproj", "{F83FA17B-C53C-4184-B91A-E073E141E2F7}"
EndProject
Project("{FAE04EC0-301F-11D3-BF4B-00C04F79EFBC}") = "GetIndividualAttachmentFromPDF", "ProgrammersGuide\WorkingWithAsposePDF\WorkingWithAttachments\GetIndividualAttachmentFromPDF\VisualBasic\GetIndividualAttachmentFromPDF.vbproj", "{A618FC45-E2E8-4646-A110-215374379B4B}"
EndProject
Project("{FAE04EC0-301F-11D3-BF4B-00C04F79EFBC}") = "GetAlltheAttachmentsFromPDF", "ProgrammersGuide\WorkingWithAsposePDF\WorkingWithAttachments\GetAlltheAttachmentsFromPDF\VisualBasic\GetAlltheAttachmentsFromPDF.vbproj", "{D1144E64-B4DF-4AC3-8C9B-B46F8AFE6446}"
EndProject
Project("{FAE04EC0-301F-11D3-BF4B-00C04F79EFBC}") = "DeleteAllAttachmentsFromPDF", "ProgrammersGuide\WorkingWithAsposePDF\WorkingWithAttachments\DeleteAllAttachmentsFromPDF\VisualBasic\DeleteAllAttachmentsFromPDF.vbproj", "{394FABDC-7612-45B3-ABCD-0829C89DF6A3}"
EndProject
Project("{FAE04EC0-301F-11D3-BF4B-00C04F79EFBC}") = "GetInformationOfAttachment", "ProgrammersGuide\WorkingWithAsposePDF\WorkingWithAttachments\GetInformationOfAttachment\VisualBasic\GetInformationOfAttachment.vbproj", "{E04E3AC6-29F9-4AAD-AF2E-508F4B8EF921}"
EndProject
Project("{2150E333-8FDC-42A3-9474-1A3956D46DE8}") = "WorkingWithBookmarks", "WorkingWithBookmarks", "{2A941E84-AD28-4E2E-8633-C25745BEF307}"
EndProject
Project("{FAE04EC0-301F-11D3-BF4B-00C04F79EFBC}") = "AddBookmarkInPDF", "ProgrammersGuide\WorkingWithAsposePDF\WorkingWithBookmarks\AddBookmarkInPDF\VisualBasic\AddBookmarkInPDF.vbproj", "{CED10958-F529-489C-80F8-21F7B0898B35}"
EndProject
Project("{FAE04EC0-301F-11D3-BF4B-00C04F79EFBC}") = "AddChildBookmarkPDF", "ProgrammersGuide\WorkingWithAsposePDF\WorkingWithBookmarks\AddChildBookmarkPDF\VisualBasic\AddChildBookmarkPDF.vbproj", "{E5DB5DE3-EAD4-4538-9826-809FC5E2108A}"
EndProject
Project("{FAE04EC0-301F-11D3-BF4B-00C04F79EFBC}") = "DeleteAllBookmarksFromPDF", "ProgrammersGuide\WorkingWithAsposePDF\WorkingWithBookmarks\DeleteAllBookmarksFromPDF\VisualBasic\DeleteAllBookmarksFromPDF.vbproj", "{E402E6E6-FA6B-45E1-A23B-BAE2C29717DE}"
EndProject
Project("{FAE04EC0-301F-11D3-BF4B-00C04F79EFBC}") = "DeleteParticularBookmarkFromPDF", "ProgrammersGuide\WorkingWithAsposePDF\WorkingWithBookmarks\DeleteParticularBookmarkFromPDF\VisualBasic\DeleteParticularBookmarkFromPDF.vbproj", "{8F844457-850E-4AEA-AA2E-5DF686C547BD}"
EndProject
Project("{FAE04EC0-301F-11D3-BF4B-00C04F79EFBC}") = "GetBookmarksFromPDF", "ProgrammersGuide\WorkingWithAsposePDF\WorkingWithBookmarks\GetBookmarksFromPDF\VisualBasic\GetBookmarksFromPDF.vbproj", "{92A6E946-7E2A-4E03-8D7C-093EAF17E1C1}"
EndProject
Project("{FAE04EC0-301F-11D3-BF4B-00C04F79EFBC}") = "GetChildBookmarksFromPDF", "ProgrammersGuide\WorkingWithAsposePDF\WorkingWithBookmarks\GetChildBookmarksFromPDF\VisualBasic\GetChildBookmarksFromPDF.vbproj", "{4F3FD719-1393-437B-B383-759C3C700772}"
EndProject
Project("{FAE04EC0-301F-11D3-BF4B-00C04F79EFBC}") = "UpdateBookmarksInPDF", "ProgrammersGuide\WorkingWithAsposePDF\WorkingWithBookmarks\UpdateBookmarksInPDF\VisualBasic\UpdateBookmarksInPDF.vbproj", "{4827256A-56BA-4076-B680-F51BF922287F}"
EndProject
Project("{FAE04EC0-301F-11D3-BF4B-00C04F79EFBC}") = "UpdateChildBookmarksInPDF", "ProgrammersGuide\WorkingWithAsposePDF\WorkingWithBookmarks\UpdateChildBookmarksInPDF\VisualBasic\UpdateChildBookmarksInPDF.vbproj", "{6BB19AAD-FA13-4D06-B952-DC953BCC027A}"
EndProject
Project("{2150E333-8FDC-42A3-9474-1A3956D46DE8}") = "WorkingwithDocument", "WorkingwithDocument", "{2048B2AF-E2F0-4CAB-89D9-51253B63E990}"
EndProject
Project("{FAE04EC0-301F-11D3-BF4B-00C04F79EFBC}") = "SetDocumentWindow", "ProgrammersGuide\WorkingWithAsposePDF\WorkingwithDocument\SetDocumentWindow\VisualBasic\SetDocumentWindow.vbproj", "{D8A834AB-4368-48A2-BC12-5DAB87E24479}"
EndProject
Project("{FAE04EC0-301F-11D3-BF4B-00C04F79EFBC}") = "GetDocumentWindow", "ProgrammersGuide\WorkingWithAsposePDF\WorkingwithDocument\GetDocumentWindow\VisualBasic\GetDocumentWindow.vbproj", "{89B9FF97-D635-4A2C-8A45-51DBFE8B9B50}"
EndProject
Project("{FAE04EC0-301F-11D3-BF4B-00C04F79EFBC}") = "OptimizePDFDocument", "ProgrammersGuide\WorkingWithAsposePDF\WorkingwithDocument\OptimizePDFDocument\VisualBasic\OptimizePDFDocument.vbproj", "{2E3D7A57-DA3C-4EDC-9F74-DD59834670B3}"
EndProject
Project("{FAE04EC0-301F-11D3-BF4B-00C04F79EFBC}") = "SetPDFFileInformation", "ProgrammersGuide\WorkingWithAsposePDF\WorkingwithDocument\SetPDFFileInformation\VisualBasic\SetPDFFileInformation.vbproj", "{247C58BB-C8E8-4B95-B2E7-33F4D08EDF56}"
EndProject
Project("{FAE04EC0-301F-11D3-BF4B-00C04F79EFBC}") = "ValidatePDFforPDFAStandard", "ProgrammersGuide\WorkingWithAsposePDF\WorkingwithDocument\ValidatePDFforPDFAStandard\VisualBasic\ValidatePDFforPDFAStandard.vbproj", "{6D267718-44C7-4350-8352-2DE54B80D968}"
EndProject
Project("{FAE04EC0-301F-11D3-BF4B-00C04F79EFBC}") = "GetPDFFileInformation", "ProgrammersGuide\WorkingWithAsposePDF\WorkingwithDocument\GetPDFFileInformation\VisualBasic\GetPDFFileInformation.vbproj", "{70ECFC88-26D4-46EB-B3CB-983AB9ADD3F9}"
EndProject
Project("{FAE04EC0-301F-11D3-BF4B-00C04F79EFBC}") = "SetXMPMetadata", "ProgrammersGuide\WorkingWithAsposePDF\WorkingwithDocument\SetXMPMetadata\VisualBasic\SetXMPMetadata.vbproj", "{64554291-D49F-4215-9914-32FB9A78A616}"
EndProject
Project("{FAE04EC0-301F-11D3-BF4B-00C04F79EFBC}") = "GetXMPMetadata", "ProgrammersGuide\WorkingWithAsposePDF\WorkingwithDocument\GetXMPMetadata\VisualBasic\GetXMPMetadata.vbproj", "{362660C2-773E-4BA1-B7C9-49CB1C4A8F01}"
EndProject
Project("{FAE04EC0-301F-11D3-BF4B-00C04F79EFBC}") = "AddTOCInExistingPDF", "ProgrammersGuide\WorkingWithAsposePDF\WorkingwithDocument\AddTOCInExistingPDF\VisualBasic\AddTOCInExistingPDF.vbproj", "{853C689D-A08B-4742-9290-9E744A7A22E3}"
EndProject
Project("{2150E333-8FDC-42A3-9474-1A3956D46DE8}") = "GetSetZoomFactor", "GetSetZoomFactor", "{623DC2B0-9D00-4BAF-A5B3-42ADA843B917}"
EndProject
Project("{FAE04EC0-301F-11D3-BF4B-00C04F79EFBC}") = "SetZoomFactor", "ProgrammersGuide\WorkingWithAsposePDF\WorkingwithDocument\GetSetZoomFactor\SetZoomFactor\VisualBasic\SetZoomFactor.vbproj", "{57A820CB-AC2A-46DD-902D-97E562CB66EC}"
EndProject
Project("{FAE04EC0-301F-11D3-BF4B-00C04F79EFBC}") = "GetZoomFactor", "ProgrammersGuide\WorkingWithAsposePDF\WorkingwithDocument\GetSetZoomFactor\GetZoomFactor\VisualBasic\GetZoomFactor.vbproj", "{34FF628F-A6E8-4332-B48C-40835BB32777}"
EndProject
Project("{2150E333-8FDC-42A3-9474-1A3956D46DE8}") = "WorkingWithForms", "WorkingWithForms", "{C9166041-EC59-48AD-B59C-0ACC936B5A19}"
EndProject
Project("{FAE04EC0-301F-11D3-BF4B-00C04F79EFBC}") = "DeleteFormField", "ProgrammersGuide\WorkingWithAsposePDF\WorkingWithForms\DeleteFormField\VisualBasic\DeleteFormField.vbproj", "{795677A2-DE7F-4F3C-8D8F-C688593437DE}"
EndProject
Project("{FAE04EC0-301F-11D3-BF4B-00C04F79EFBC}") = "ModifyFormField", "ProgrammersGuide\WorkingWithAsposePDF\WorkingWithForms\ModifyFormField\VisualBasic\ModifyFormField.vbproj", "{F4CEFEE3-AED0-4534-984C-F4F4EC47BDCE}"
EndProject
Project("{FAE04EC0-301F-11D3-BF4B-00C04F79EFBC}") = "FillFormField", "ProgrammersGuide\WorkingWithAsposePDF\WorkingWithForms\FillFormField\VisualBasic\FillFormField.vbproj", "{7DD3882F-6031-4F5A-BE39-8C0D30AB7369}"
EndProject
Project("{FAE04EC0-301F-11D3-BF4B-00C04F79EFBC}") = "GetValueFromField", "ProgrammersGuide\WorkingWithAsposePDF\WorkingWithForms\GetValueFromField\VisualBasic\GetValueFromField.vbproj", "{356A3C50-86E1-4917-86ED-D731CCF99E00}"
EndProject
Project("{FAE04EC0-301F-11D3-BF4B-00C04F79EFBC}") = "GetValuesFromAllFields", "ProgrammersGuide\WorkingWithAsposePDF\WorkingWithForms\GetValuesFromAllFields\VisualBasic\GetValuesFromAllFields.vbproj", "{35B7ED6A-BD8E-44E8-8EFE-D6308CC83D7B}"
EndProject
Project("{FAE04EC0-301F-11D3-BF4B-00C04F79EFBC}") = "MoveFormField", "ProgrammersGuide\WorkingWithAsposePDF\WorkingWithForms\MoveFormField\VisualBasic\MoveFormField.vbproj", "{6E6F76E4-D40E-42A2-87F6-AA25FCF2B9A5}"
EndProject
Project("{FAE04EC0-301F-11D3-BF4B-00C04F79EFBC}") = "AddTooltipToField", "ProgrammersGuide\WorkingWithAsposePDF\WorkingWithForms\AddTooltipToField\VisualBasic\AddTooltipToField.vbproj", "{ADF8266F-DFFE-46C4-A36E-0975730237A3}"
EndProject
Project("{FAE04EC0-301F-11D3-BF4B-00C04F79EFBC}") = "GetFieldsFromARegion", "ProgrammersGuide\WorkingWithAsposePDF\WorkingWithForms\GetFieldsFromARegion\VisualBasic\GetFieldsFromARegion.vbproj", "{CE4236A6-3482-46AF-BFC1-0D887DB207CB}"
EndProject
Project("{FAE04EC0-301F-11D3-BF4B-00C04F79EFBC}") = "FormFieldFont14", "ProgrammersGuide\WorkingWithAsposePDF\WorkingWithForms\FormFieldFont14\VisualBasic\FormFieldFont14.vbproj", "{646AA82D-DAD3-43B6-84F0-8D4DC81F43DB}"
EndProject
Project("{FAE04EC0-301F-11D3-BF4B-00C04F79EFBC}") = "DynamicXFAToAcroForm", "ProgrammersGuide\WorkingWithAsposePDF\WorkingWithForms\DynamicXFAToAcroForm\VisualBasic\DynamicXFAToAcroForm.vbproj", "{9FDFF43B-ED94-432B-83BB-2D7CA4E59E12}"
EndProject
Project("{FAE04EC0-301F-11D3-BF4B-00C04F79EFBC}") = "DetermineRequiredField", "ProgrammersGuide\WorkingWithAsposePDF\WorkingWithForms\DetermineRequiredField\VisualBasic\DetermineRequiredField.vbproj", "{7A6F6690-E20A-4F03-A5BA-2E773A6A2992}"
EndProject
Project("{2150E333-8FDC-42A3-9474-1A3956D46DE8}") = "AddFormFieldPDF", "AddFormFieldPDF", "{235D64EC-6147-4857-8F55-C9C739B571AF}"
EndProject
Project("{FAE04EC0-301F-11D3-BF4B-00C04F79EFBC}") = "AddingTextBoxField", "ProgrammersGuide\WorkingWithAsposePDF\WorkingWithForms\AddFormFieldPDF\AddingTextBoxField\VisualBasic\AddingTextBoxField.vbproj", "{D7B6C6F8-E5E0-4ADE-8ACE-0E4295D03C0F}"
EndProject
Project("{FAE04EC0-301F-11D3-BF4B-00C04F79EFBC}") = "AddingRadioButtonField", "ProgrammersGuide\WorkingWithAsposePDF\WorkingWithForms\AddFormFieldPDF\AddingRadioButtonField\VisualBasic\AddingRadioButtonField.vbproj", "{C33E917C-ACE5-408F-833A-E5242DA35DFF}"
EndProject
Project("{2150E333-8FDC-42A3-9474-1A3956D46DE8}") = "WorkingWithXFA", "WorkingWithXFA", "{23CBE53D-D45B-42F7-A6F2-638ADF3892A5}"
EndProject
Project("{FAE04EC0-301F-11D3-BF4B-00C04F79EFBC}") = "FillXFAFields", "ProgrammersGuide\WorkingWithAsposePDF\WorkingWithForms\WorkingWithXFA\FillXFAFields\VisualBasic\FillXFAFields.vbproj", "{2E35C389-F066-4DCF-A813-EE4FB7C34B7E}"
EndProject
Project("{FAE04EC0-301F-11D3-BF4B-00C04F79EFBC}") = "GetXFAProperties", "ProgrammersGuide\WorkingWithAsposePDF\WorkingWithForms\WorkingWithXFA\GetXFAProperties\VisualBasic\GetXFAProperties.vbproj", "{1ECF0795-39E5-4891-B8B0-C5BBC9514D21}"
EndProject
Project("{2150E333-8FDC-42A3-9474-1A3956D46DE8}") = "WorkingWithLinksAndActions", "WorkingWithLinksAndActions", "{35A80BF0-E942-435D-A8D2-8C92ABA4790B}"
EndProject
Project("{FAE04EC0-301F-11D3-BF4B-00C04F79EFBC}") = "CreatePDFDocumentLink", "ProgrammersGuide\WorkingWithAsposePDF\WorkingWithLinksAndActions\CreatePDFDocumentLink\VisualBasic\CreatePDFDocumentLink.vbproj", "{BBE2A285-FC79-485F-BF1A-5C7084123B9D}"
EndProject
Project("{FAE04EC0-301F-11D3-BF4B-00C04F79EFBC}") = "RemoveDocumentOpenAction", "ProgrammersGuide\WorkingWithAsposePDF\WorkingWithLinksAndActions\RemoveDocumentOpenAction\VisualBasic\RemoveDocumentOpenAction.vbproj", "{7AA531FE-A310-4B3B-BB5D-730995B21AB0}"
EndProject
Project("{FAE04EC0-301F-11D3-BF4B-00C04F79EFBC}") = "ExtractLinks", "ProgrammersGuide\WorkingWithAsposePDF\WorkingWithLinksAndActions\ExtractLinks\VisualBasic\ExtractLinks.vbproj", "{FF36603A-AFC9-463F-BBFB-2DAFFEC7F813}"
EndProject
Project("{FAE04EC0-301F-11D3-BF4B-00C04F79EFBC}") = "AddHyperlink", "ProgrammersGuide\WorkingWithAsposePDF\WorkingWithLinksAndActions\AddHyperlink\VisualBasic\AddHyperlink.vbproj", "{15C81F25-8A90-46AE-A0C6-5BC5D7B7F75B}"
EndProject
Project("{FAE04EC0-301F-11D3-BF4B-00C04F79EFBC}") = "SpecifyPDFPageWhenViewingDocument", "ProgrammersGuide\WorkingWithAsposePDF\WorkingWithLinksAndActions\SpecifyPDFPageWhenViewingDocument\VisualBasic\SpecifyPDFPageWhenViewingDocument.vbproj", "{1864E570-2879-4C1B-8078-42BB0A8FD7C0}"
EndProject
Project("{2150E333-8FDC-42A3-9474-1A3956D46DE8}") = "WorkingWithOperators", "WorkingWithOperators", "{C04CE246-5BBC-4E37-A73E-A90C446C5259}"
EndProject
Project("{FAE04EC0-301F-11D3-BF4B-00C04F79EFBC}") = "PDFOperatorsAndTheirUsage", "ProgrammersGuide\WorkingWithAsposePDF\WorkingWithOperators\PDFOperatorsAndTheirUsage\VisualBasic\PDFOperatorsAndTheirUsage.vbproj", "{D8277EC3-9630-41C9-8262-85BD61293093}"
EndProject
Project("{FAE04EC0-301F-11D3-BF4B-00C04F79EFBC}") = "DrawXFormOnPageUsageOperators", "ProgrammersGuide\WorkingWithAsposePDF\WorkingWithOperators\DrawXFormOnPageUsageOperators\VisualBasic\DrawXFormOnPageUsageOperators.vbproj", "{D02B8619-AA3D-40DD-AB8D-723952E04355}"
EndProject
Project("{FAE04EC0-301F-11D3-BF4B-00C04F79EFBC}") = "RemoveGraphicsObjects", "ProgrammersGuide\WorkingWithAsposePDF\WorkingWithOperators\RemoveGraphicsObjects\VisualBasic\RemoveGraphicsObjects.vbproj", "{ED2E6721-0CD3-496E-8BC1-E37F693FEC15}"
EndProject
Project("{2150E333-8FDC-42A3-9474-1A3956D46DE8}") = "WorkingWithSecurityAndSignatures", "WorkingWithSecurityAndSignatures", "{7F83A8FE-F981-4386-B15A-D7578CC687A7}"
EndProject
Project("{FAE04EC0-301F-11D3-BF4B-00C04F79EFBC}") = "EncryptPDFFile", "ProgrammersGuide\WorkingWithAsposePDF\WorkingWithSecurityAndSignatures\EncryptPDFFile\VisualBasic\EncryptPDFFile.vbproj", "{F2ECF492-82CF-4A22-82DE-8728A835FB1F}"
EndProject
Project("{FAE04EC0-301F-11D3-BF4B-00C04F79EFBC}") = "DecryptPDFFile", "ProgrammersGuide\WorkingWithAsposePDF\WorkingWithSecurityAndSignatures\DecryptPDFFile\VisualBasic\DecryptPDFFile.vbproj", "{A40E0BE3-478F-4151-9398-AE21B49C38C0}"
EndProject
Project("{FAE04EC0-301F-11D3-BF4B-00C04F79EFBC}") = "ChangePassword", "ProgrammersGuide\WorkingWithAsposePDF\WorkingWithSecurityAndSignatures\ChangePassword\VisualBasic\ChangePassword.vbproj", "{5F5B4C2F-9567-45C9-BF3D-85A954F4AA29}"
EndProject
Project("{FAE04EC0-301F-11D3-BF4B-00C04F79EFBC}") = "DeterminePDFIsPasswordProtected", "ProgrammersGuide\WorkingWithAsposePDF\WorkingWithSecurityAndSignatures\DeterminePDFIsPasswordProtected\VisualBasic\DeterminePDFIsPasswordProtected.vbproj", "{1164BFDC-0A4D-4FB1-84FB-3390016C8578}"
EndProject
Project("{2150E333-8FDC-42A3-9474-1A3956D46DE8}") = "WorkingWithStampsAndWatermarks", "WorkingWithStampsAndWatermarks", "{99892004-45EB-4FB3-B4E3-4C3B2C2107F1}"
EndProject
Project("{FAE04EC0-301F-11D3-BF4B-00C04F79EFBC}") = "AddingTextStamp", "ProgrammersGuide\WorkingWithAsposePDF\WorkingWithStampsAndWatermarks\AddingTextStamp\VisualBasic\AddingTextStamp.vbproj", "{75E575BB-C4C3-4736-B1DD-F3D6C41C5674}"
EndProject
Project("{FAE04EC0-301F-11D3-BF4B-00C04F79EFBC}") = "AddingPDFPageStamp", "ProgrammersGuide\WorkingWithAsposePDF\WorkingWithStampsAndWatermarks\AddingPDFPageStamp\VisualBasic\AddingPDFPageStamp.vbproj", "{789C96F2-B740-4EE4-B3E6-21D88D4DBEDD}"
EndProject
Project("{FAE04EC0-301F-11D3-BF4B-00C04F79EFBC}") = "AddPageNumberStamp", "ProgrammersGuide\WorkingWithAsposePDF\WorkingWithStampsAndWatermarks\AddPageNumberStamp\VisualBasic\AddPageNumberStamp.vbproj", "{23AEFD6F-EFDD-4501-9693-5E424784145F}"
EndProject
Project("{FAE04EC0-301F-11D3-BF4B-00C04F79EFBC}") = "AddingTextinHeader", "ProgrammersGuide\WorkingWithAsposePDF\WorkingWithStampsAndWatermarks\AddingTextinHeader\VisualBasic\AddingTextinHeader.vbproj", "{8D3F722E-F310-45A8-A658-98B98466E1A2}"
EndProject
Project("{FAE04EC0-301F-11D3-BF4B-00C04F79EFBC}") = "AddingTextinFooter", "ProgrammersGuide\WorkingWithAsposePDF\WorkingWithStampsAndWatermarks\AddingTextinFooter\VisualBasic\AddingTextinFooter.vbproj", "{C0DAEC69-2772-4B21-9B7D-A6B162086F06}"
EndProject
Project("{FAE04EC0-301F-11D3-BF4B-00C04F79EFBC}") = "AddingImageinHeaderofPDFFile", "ProgrammersGuide\WorkingWithAsposePDF\WorkingWithStampsAndWatermarks\AddingImageinHeaderofPDFFile\VisualBasic\AddingImageinHeaderofPDFFile.vbproj", "{3D5A55D5-F031-4F04-9156-77050FB78D89}"
EndProject
Project("{FAE04EC0-301F-11D3-BF4B-00C04F79EFBC}") = "AddingImageInFooter", "ProgrammersGuide\WorkingWithAsposePDF\WorkingWithStampsAndWatermarks\AddingImageInFooter\VisualBasic\AddingImageInFooter.vbproj", "{83E4BCD2-CD6E-43CC-8077-25D75076E6A1}"
EndProject
Project("{FAE04EC0-301F-11D3-BF4B-00C04F79EFBC}") = "AddingDifferentHeaders", "ProgrammersGuide\WorkingWithAsposePDF\WorkingWithStampsAndWatermarks\AddingDifferentHeaders\VisualBasic\AddingDifferentHeaders.vbproj", "{ABCA65CE-0688-4BCC-9108-014327D515AC}"
EndProject
Project("{FAE04EC0-301F-11D3-BF4B-00C04F79EFBC}") = "DefineAlignment", "ProgrammersGuide\WorkingWithAsposePDF\WorkingWithStampsAndWatermarks\DefineAlignment\VisualBasic\DefineAlignment.vbproj", "{14F0EAB6-B9D3-437D-B1FF-C4141C4A5293}"
EndProject
Project("{2150E333-8FDC-42A3-9474-1A3956D46DE8}") = "AddingImageStamp", "AddingImageStamp", "{64604909-F0E3-4D4A-BFA8-E37DEC12AE23}"
EndProject
Project("{FAE04EC0-301F-11D3-BF4B-00C04F79EFBC}") = "AddImageStamp", "ProgrammersGuide\WorkingWithAsposePDF\WorkingWithStampsAndWatermarks\AddingImageStamp\AddImageStamp\VisualBasic\AddImageStamp.vbproj", "{082F6F80-B906-49DD-BC33-686A16DB92D0}"
EndProject
Project("{FAE04EC0-301F-11D3-BF4B-00C04F79EFBC}") = "ControlImageQuality", "ProgrammersGuide\WorkingWithAsposePDF\WorkingWithStampsAndWatermarks\AddingImageStamp\ControlImageQuality\VisualBasic\ControlImageQuality.vbproj", "{1E0C3626-2C27-4F73-A879-E72FFCFFF1BC}"
EndProject
Project("{2150E333-8FDC-42A3-9474-1A3956D46DE8}") = "WorkingWithExistingWatermarks", "WorkingWithExistingWatermarks", "{914AF606-AC86-4C6E-967E-BD6A7BA8AF92}"
EndProject
Project("{FAE04EC0-301F-11D3-BF4B-00C04F79EFBC}") = "GettingWatermarks", "ProgrammersGuide\WorkingWithAsposePDF\WorkingWithStampsAndWatermarks\WorkingWithExistingWatermarks\GettingWatermarks\VisualBasic\GettingWatermarks.vbproj", "{D7141C60-2BAB-4B66-8D96-35E301CCE3B8}"
EndProject
Project("{FAE04EC0-301F-11D3-BF4B-00C04F79EFBC}") = "CountingArtifacts", "ProgrammersGuide\WorkingWithAsposePDF\WorkingWithStampsAndWatermarks\WorkingWithExistingWatermarks\CountingArtifacts\VisualBasic\CountingArtifacts.vbproj", "{8F4FBDA6-F476-4F9E-8707-0F51ADE54DD1}"
EndProject
Project("{2150E333-8FDC-42A3-9474-1A3956D46DE8}") = "WorkingWithTables", "WorkingWithTables", "{AB8621FE-2E47-423D-A11D-6E2EAF833F69}"
EndProject
Project("{FAE04EC0-301F-11D3-BF4B-00C04F79EFBC}") = "AddTableInExistingPDF", "ProgrammersGuide\WorkingWithAsposePDF\WorkingWithTables\AddTableInExistingPDF\VisualBasic\AddTableInExistingPDF.vbproj", "{679400F4-9102-4475-8E39-A5D040204BF8}"
EndProject
Project("{FAE04EC0-301F-11D3-BF4B-00C04F79EFBC}") = "IntegrateTableWithDatabase", "ProgrammersGuide\WorkingWithAsposePDF\WorkingWithTables\IntegrateTableWithDatabase\VisualBasic\IntegrateTableWithDatabase.vbproj", "{B81F024A-0C4C-403C-A4E3-2E0F47916A6F}"
EndProject
Project("{FAE04EC0-301F-11D3-BF4B-00C04F79EFBC}") = "RenderTable", "ProgrammersGuide\WorkingWithAsposePDF\WorkingWithTables\RenderTable\VisualBasic\RenderTable.vbproj", "{3885F96E-4C11-4191-8A52-3F8E162BA802}"
EndProject
Project("{2150E333-8FDC-42A3-9474-1A3956D46DE8}") = "SetBorderStyleMarginsAndPadding", "SetBorderStyleMarginsAndPadding", "{9459D90E-DB84-48B9-BB8F-1A74DC4E3BB1}"
EndProject
Project("{FAE04EC0-301F-11D3-BF4B-00C04F79EFBC}") = "MarginsOrPadding", "ProgrammersGuide\WorkingWithAsposePDF\WorkingWithTables\SetBorderStyleMarginsAndPadding\MarginsOrPadding\VisualBasic\MarginsOrPadding.vbproj", "{070F85EC-038C-4AF2-9CDB-ED5F16F8CE78}"
EndProject
Project("{FAE04EC0-301F-11D3-BF4B-00C04F79EFBC}") = "DoubleBorder", "ProgrammersGuide\WorkingWithAsposePDF\WorkingWithTables\SetBorderStyleMarginsAndPadding\DoubleBorder\VisualBasic\DoubleBorder.vbproj", "{79752957-762C-4AF1-B8A6-4D0ED50F999D}"
EndProject
Project("{2150E333-8FDC-42A3-9474-1A3956D46DE8}") = "WorkingWithAsposePdfGenerator", "WorkingWithAsposePdfGenerator", "{B8CF72DB-8020-4477-A974-1D66F60A7940}"
EndProject
Project("{FAE04EC0-301F-11D3-BF4B-00C04F79EFBC}") = "ConvertXSLFOToPDF", "ProgrammersGuide\WorkingWithAsposePdfGenerator\ConvertXSLFOToPDF\VisualBasic\ConvertXSLFOToPDF.vbproj", "{ECE79A97-B3DD-4EF1-855B-BA90DE0BAFE8}"
EndProject
Project("{2150E333-8FDC-42A3-9474-1A3956D46DE8}") = "ConversionFeatures", "ConversionFeatures", "{3C0DF44D-61AC-4A24-9E02-F432F5E6A44A}"
EndProject
Project("{FAE04EC0-301F-11D3-BF4B-00C04F79EFBC}") = "ConvertHTMLToPDF", "ProgrammersGuide\WorkingWithAsposePdfGenerator\ConversionFeatures\ConvertHTMLToPDF\VisualBasic\ConvertHTMLToPDF.vbproj", "{54C3E07F-0B0C-4BAB-9937-5A3A2C114818}"
EndProject
Project("{2150E333-8FDC-42A3-9474-1A3956D46DE8}") = "WorkingWithDocument(Generator)", "WorkingWithDocument(Generator)", "{D5070745-9308-4BE4-9C3B-4B4B430585A5}"
EndProject
Project("{FAE04EC0-301F-11D3-BF4B-00C04F79EFBC}") = "SetDocumentInformation", "ProgrammersGuide\WorkingWithAsposePdfGenerator\WorkingWithDocument(Generator)\SetDocumentInformation\VisualBasic\SetDocumentInformation.vbproj", "{D54F4EFD-2E03-40B9-84A6-AB00F70204E2}"
EndProject
Project("{FAE04EC0-301F-11D3-BF4B-00C04F79EFBC}") = "AddingJavaScript", "ProgrammersGuide\WorkingWithAsposePdfGenerator\WorkingWithDocument(Generator)\AddingJavaScript\VisualBasic\AddingJavaScript.vbproj", "{174B6D37-BACC-4C60-894F-F5393A69B927}"
EndProject
Project("{FAE04EC0-301F-11D3-BF4B-00C04F79EFBC}") = "AddingXMPMetaData", "ProgrammersGuide\WorkingWithAsposePdfGenerator\WorkingWithDocument(Generator)\AddingXMPMetaData\VisualBasic\AddingXMPMetaData.vbproj", "{C2BBF2C9-489D-4F16-BA4E-1DC0AE4BFD71}"
EndProject
Project("{2150E333-8FDC-42A3-9474-1A3956D46DE8}") = "WorkingwithSections(Generator)", "WorkingwithSections(Generator)", "{0219DE7D-B249-467A-8744-A30EC07035D8}"
EndProject
Project("{2150E333-8FDC-42A3-9474-1A3956D46DE8}") = "WorkingwithParagraphs(Generator)", "WorkingwithParagraphs(Generator)", "{E36A2E9B-FA71-4591-A4D6-7DB1F4DA0670}"
EndProject
Project("{FAE04EC0-301F-11D3-BF4B-00C04F79EFBC}") = "SetParagraphMargins", "ProgrammersGuide\WorkingWithAsposePdfGenerator\WorkingwithParagraphs(Generator)\SetParagraphMargins\VisualBasic\SetParagraphMargins.vbproj", "{CB89692D-3540-40A7-A070-2F079E75B1BE}"
EndProject
Project("{FAE04EC0-301F-11D3-BF4B-00C04F79EFBC}") = "AssignIDToParagraph", "ProgrammersGuide\WorkingWithAsposePdfGenerator\WorkingwithParagraphs(Generator)\AssignIDToParagraph\VisualBasic\AssignIDToParagraph.vbproj", "{E89F804B-FF07-4BED-AAC4-568C64175EFD}"
EndProject
Project("{FAE04EC0-301F-11D3-BF4B-00C04F79EFBC}") = "RenderTheParagraph", "ProgrammersGuide\WorkingWithAsposePdfGenerator\WorkingwithParagraphs(Generator)\RenderTheParagraph\VisualBasic\RenderTheParagraph.vbproj", "{A683257D-26B1-4E3A-AE44-AF6C00603024}"
EndProject
Project("{2150E333-8FDC-42A3-9474-1A3956D46DE8}") = "WorkingWithText(Generator)", "WorkingWithText(Generator)", "{17BF480A-7577-468C-AF77-350C025ADF86}"
EndProject
Project("{FAE04EC0-301F-11D3-BF4B-00C04F79EFBC}") = "RightToLeftAlignedLanguages", "ProgrammersGuide\WorkingWithAsposePdfGenerator\WorkingWithText(Generator)\RightToLeftAlignedLanguages\VisualBasic\RightToLeftAlignedLanguages.vbproj", "{6075FD62-A8F8-4309-A32B-8F7DE970200E}"
EndProject
Project("{2150E333-8FDC-42A3-9474-1A3956D46DE8}") = "TextLayout", "TextLayout", "{F07E1FFD-99E2-48D9-9567-AD0572ACE2BA}"
EndProject
Project("{FAE04EC0-301F-11D3-BF4B-00C04F79EFBC}") = "CreateLeftHangingTextParagraph", "ProgrammersGuide\WorkingWithAsposePdfGenerator\WorkingWithText(Generator)\TextLayout\CreateLeftHangingTextParagraph\VisualBasic\CreateLeftHangingTextParagraph.vbproj", "{084C5919-AAA1-4BBB-8F02-D603CBB10B16}"
EndProject
Project("{2150E333-8FDC-42A3-9474-1A3956D46DE8}") = "TextFormatting", "TextFormatting", "{7FD962F4-5D50-4D23-87ED-54DDB051E527}"
EndProject
Project("{FAE04EC0-301F-11D3-BF4B-00C04F79EFBC}") = "InheritingTextFormat", "ProgrammersGuide\WorkingWithAsposePdfGenerator\WorkingWithText(Generator)\TextFormatting\InheritingTextFormat\VisualBasic\InheritingTextFormat.vbproj", "{1C796D03-EB44-417F-B3C5-9EF21F6A7135}"
EndProject
Project("{FAE04EC0-301F-11D3-BF4B-00C04F79EFBC}") = "UnderlineOverlineStrikeOut", "ProgrammersGuide\WorkingWithAsposePdfGenerator\WorkingWithText(Generator)\TextFormatting\UnderlineOverlineStrikeOut\VisualBasic\UnderlineOverlineStrikeOut.vbproj", "{9B8113DF-7B5F-42B9-BC94-F9139D69E7B1}"
EndProject
Project("{FAE04EC0-301F-11D3-BF4B-00C04F79EFBC}") = "SetTextRenderingMode", "ProgrammersGuide\WorkingWithAsposePdfGenerator\WorkingWithText(Generator)\TextFormatting\SetTextRenderingMode\VisualBasic\SetTextRenderingMode.vbproj", "{BBA476AD-5A51-4F7E-8341-91FF974632A9}"
EndProject
Project("{FAE04EC0-301F-11D3-BF4B-00C04F79EFBC}") = "SetVerticalAlignment", "ProgrammersGuide\WorkingWithAsposePdfGenerator\WorkingWithText(Generator)\TextFormatting\SetVerticalAlignment\VisualBasic\SetVerticalAlignment.vbproj", "{58366089-3270-4F81-A504-650B5FA9A639}"
EndProject
Project("{FAE04EC0-301F-11D3-BF4B-00C04F79EFBC}") = "SetTextBackgroundColor", "ProgrammersGuide\WorkingWithAsposePdfGenerator\WorkingWithText(Generator)\TextFormatting\SetTextBackgroundColor\VisualBasic\SetTextBackgroundColor.vbproj", "{4840CCC0-ABB5-4BF5-BB27-27BD487DAE92}"
EndProject
Project("{2150E333-8FDC-42A3-9474-1A3956D46DE8}") = "HTMLTagsInText", "HTMLTagsInText", "{C4BFE4BB-AB54-4CB7-A3D0-1CB75D507C99}"
EndProject
Project("{2150E333-8FDC-42A3-9474-1A3956D46DE8}") = "KnowledgeBase", "KnowledgeBase", "{A77D6EA2-AD61-4F81-AE19-2C6FCCCDE157}"
EndProject
Project("{2150E333-8FDC-42A3-9474-1A3956D46DE8}") = "TechnicalArticles", "TechnicalArticles", "{E16A96D7-2206-4B38-B8B7-CEADACD9CE0F}"
EndProject
Project("{2150E333-8FDC-42A3-9474-1A3956D46DE8}") = "AsposePdfGeneratorArticles", "AsposePdfGeneratorArticles", "{51F6E375-0581-4FFD-BD4C-6305AD1D33B9}"
EndProject
Project("{FAE04EC0-301F-11D3-BF4B-00C04F79EFBC}") = "ConvertTextFileToPDF", "KnowledgeBase\TechnicalArticles\AsposePdfGeneratorArticles\ConvertTextFileToPDF\VisualBasic\ConvertTextFileToPDF.vbproj", "{103BB86C-D79A-4661-950D-09FCF8CF6187}"
EndProject
Project("{FAE04EC0-301F-11D3-BF4B-00C04F79EFBC}") = "ConvertImageToPDF", "KnowledgeBase\TechnicalArticles\AsposePdfGeneratorArticles\ConvertImageToPDF\VisualBasic\ConvertImageToPDF.vbproj", "{2D37FBAC-16F1-4336-9DFB-33E73FC11F5A}"
EndProject
Project("{FAE04EC0-301F-11D3-BF4B-00C04F79EFBC}") = "ImagePageNumberInHeaderFooter", "KnowledgeBase\TechnicalArticles\AsposePdfGeneratorArticles\ImagePageNumberInHeaderFooter\VisualBasic\ImagePageNumberInHeaderFooter.vbproj", "{05D4FCEE-6EBD-4584-B2E9-400D97EDC2A8}"
EndProject
Project("{FAE04EC0-301F-11D3-BF4B-00C04F79EFBC}") = "TableInHeaderFooter", "KnowledgeBase\TechnicalArticles\AsposePdfGeneratorArticles\TableInHeaderFooter\VisualBasic\TableInHeaderFooter.vbproj", "{569E0371-D57A-40C4-847E-37A12BF1A186}"
EndProject
Project("{FAE04EC0-301F-11D3-BF4B-00C04F79EFBC}") = "AddImageInTableCell", "KnowledgeBase\TechnicalArticles\AsposePdfGeneratorArticles\AddImageInTableCell\VisualBasic\AddImageInTableCell.vbproj", "{0F3F33E6-2557-4D08-9AE4-76BC8406CE42}"
EndProject
Global
	GlobalSection(SolutionConfigurationPlatforms) = preSolution
		Debug|Any CPU = Debug|Any CPU
		Release|Any CPU = Release|Any CPU
	EndGlobalSection
	GlobalSection(ProjectConfigurationPlatforms) = postSolution
		{94AF7299-E998-40DE-8026-F61FC48D30F1}.Debug|Any CPU.ActiveCfg = Debug|Any CPU
		{94AF7299-E998-40DE-8026-F61FC48D30F1}.Debug|Any CPU.Build.0 = Debug|Any CPU
		{94AF7299-E998-40DE-8026-F61FC48D30F1}.Release|Any CPU.ActiveCfg = Release|Any CPU
		{91227632-EDB4-47E2-965B-29F7ACCDC212}.Debug|Any CPU.ActiveCfg = Debug|Any CPU
		{91227632-EDB4-47E2-965B-29F7ACCDC212}.Debug|Any CPU.Build.0 = Debug|Any CPU
		{91227632-EDB4-47E2-965B-29F7ACCDC212}.Release|Any CPU.ActiveCfg = Release|Any CPU
		{E5CCEEF5-99FD-45CD-A83B-306344802D13}.Debug|Any CPU.ActiveCfg = Debug|Any CPU
		{E5CCEEF5-99FD-45CD-A83B-306344802D13}.Debug|Any CPU.Build.0 = Debug|Any CPU
		{E5CCEEF5-99FD-45CD-A83B-306344802D13}.Release|Any CPU.ActiveCfg = Release|Any CPU
		{48370F95-1C5F-48A9-8FF8-03D8F1BBACB9}.Debug|Any CPU.ActiveCfg = Debug|Any CPU
		{48370F95-1C5F-48A9-8FF8-03D8F1BBACB9}.Debug|Any CPU.Build.0 = Debug|Any CPU
		{48370F95-1C5F-48A9-8FF8-03D8F1BBACB9}.Release|Any CPU.ActiveCfg = Release|Any CPU
		{3FD937BA-6B78-4F32-B61A-276964DD791D}.Debug|Any CPU.ActiveCfg = Debug|Any CPU
		{3FD937BA-6B78-4F32-B61A-276964DD791D}.Debug|Any CPU.Build.0 = Debug|Any CPU
		{3FD937BA-6B78-4F32-B61A-276964DD791D}.Release|Any CPU.ActiveCfg = Release|Any CPU
		{CD885C58-9F02-4EC1-8D92-AE89C8E012EE}.Debug|Any CPU.ActiveCfg = Debug|Any CPU
		{CD885C58-9F02-4EC1-8D92-AE89C8E012EE}.Debug|Any CPU.Build.0 = Debug|Any CPU
		{CD885C58-9F02-4EC1-8D92-AE89C8E012EE}.Release|Any CPU.ActiveCfg = Release|Any CPU
		{61DFC939-F187-45E5-B7B6-404865978BE4}.Debug|Any CPU.ActiveCfg = Debug|Any CPU
		{61DFC939-F187-45E5-B7B6-404865978BE4}.Debug|Any CPU.Build.0 = Debug|Any CPU
		{61DFC939-F187-45E5-B7B6-404865978BE4}.Release|Any CPU.ActiveCfg = Release|Any CPU
		{DCAC153D-FD02-4837-A9A5-1E7DAC4E75EF}.Debug|Any CPU.ActiveCfg = Debug|Any CPU
		{DCAC153D-FD02-4837-A9A5-1E7DAC4E75EF}.Debug|Any CPU.Build.0 = Debug|Any CPU
		{DCAC153D-FD02-4837-A9A5-1E7DAC4E75EF}.Release|Any CPU.ActiveCfg = Release|Any CPU
		{64B29320-74D2-4DE8-AE4C-51C7D7E02002}.Debug|Any CPU.ActiveCfg = Debug|Any CPU
		{64B29320-74D2-4DE8-AE4C-51C7D7E02002}.Debug|Any CPU.Build.0 = Debug|Any CPU
		{64B29320-74D2-4DE8-AE4C-51C7D7E02002}.Release|Any CPU.ActiveCfg = Release|Any CPU
		{81668E3A-5106-45AF-AE49-A030C45E4049}.Debug|Any CPU.ActiveCfg = Debug|Any CPU
		{81668E3A-5106-45AF-AE49-A030C45E4049}.Debug|Any CPU.Build.0 = Debug|Any CPU
		{81668E3A-5106-45AF-AE49-A030C45E4049}.Release|Any CPU.ActiveCfg = Release|Any CPU
		{7EC9BD7E-0F2F-41F7-9F1E-8604C931B894}.Debug|Any CPU.ActiveCfg = Debug|Any CPU
		{7EC9BD7E-0F2F-41F7-9F1E-8604C931B894}.Debug|Any CPU.Build.0 = Debug|Any CPU
		{7EC9BD7E-0F2F-41F7-9F1E-8604C931B894}.Release|Any CPU.ActiveCfg = Release|Any CPU
		{AE59EEA4-5DAB-4A6A-AB38-8780F13CB692}.Debug|Any CPU.ActiveCfg = Debug|Any CPU
		{AE59EEA4-5DAB-4A6A-AB38-8780F13CB692}.Debug|Any CPU.Build.0 = Debug|Any CPU
		{AE59EEA4-5DAB-4A6A-AB38-8780F13CB692}.Release|Any CPU.ActiveCfg = Release|Any CPU
		{1F3EAC68-8143-4070-A454-0F94F2EC74D5}.Debug|Any CPU.ActiveCfg = Debug|Any CPU
		{1F3EAC68-8143-4070-A454-0F94F2EC74D5}.Debug|Any CPU.Build.0 = Debug|Any CPU
		{1F3EAC68-8143-4070-A454-0F94F2EC74D5}.Release|Any CPU.ActiveCfg = Release|Any CPU
		{5D500E6A-E482-488B-9DC9-72210235B813}.Debug|Any CPU.ActiveCfg = Debug|Any CPU
		{5D500E6A-E482-488B-9DC9-72210235B813}.Debug|Any CPU.Build.0 = Debug|Any CPU
		{5D500E6A-E482-488B-9DC9-72210235B813}.Release|Any CPU.ActiveCfg = Release|Any CPU
		{5CD69D31-316E-4A23-B0D2-C8432E63F794}.Debug|Any CPU.ActiveCfg = Debug|Any CPU
		{5CD69D31-316E-4A23-B0D2-C8432E63F794}.Debug|Any CPU.Build.0 = Debug|Any CPU
		{5CD69D31-316E-4A23-B0D2-C8432E63F794}.Release|Any CPU.ActiveCfg = Release|Any CPU
		{824CC260-27BD-46CB-8705-26BF152E4C91}.Debug|Any CPU.ActiveCfg = Debug|Any CPU
		{824CC260-27BD-46CB-8705-26BF152E4C91}.Debug|Any CPU.Build.0 = Debug|Any CPU
		{824CC260-27BD-46CB-8705-26BF152E4C91}.Release|Any CPU.ActiveCfg = Release|Any CPU
		{94B30D62-1266-4195-8160-63237A7661F6}.Debug|Any CPU.ActiveCfg = Debug|Any CPU
		{94B30D62-1266-4195-8160-63237A7661F6}.Debug|Any CPU.Build.0 = Debug|Any CPU
		{94B30D62-1266-4195-8160-63237A7661F6}.Release|Any CPU.ActiveCfg = Release|Any CPU
		{D5721330-611B-43A1-A743-8377688BB873}.Debug|Any CPU.ActiveCfg = Debug|Any CPU
		{D5721330-611B-43A1-A743-8377688BB873}.Debug|Any CPU.Build.0 = Debug|Any CPU
		{D5721330-611B-43A1-A743-8377688BB873}.Release|Any CPU.ActiveCfg = Release|Any CPU
		{ED737BCE-AFB0-4FA6-A3B2-08D8E988F47C}.Debug|Any CPU.ActiveCfg = Debug|Any CPU
		{ED737BCE-AFB0-4FA6-A3B2-08D8E988F47C}.Debug|Any CPU.Build.0 = Debug|Any CPU
		{ED737BCE-AFB0-4FA6-A3B2-08D8E988F47C}.Release|Any CPU.ActiveCfg = Release|Any CPU
		{41261B63-EAA3-45A5-9290-9C6FB9A905FD}.Debug|Any CPU.ActiveCfg = Debug|Any CPU
		{41261B63-EAA3-45A5-9290-9C6FB9A905FD}.Debug|Any CPU.Build.0 = Debug|Any CPU
		{41261B63-EAA3-45A5-9290-9C6FB9A905FD}.Release|Any CPU.ActiveCfg = Release|Any CPU
		{33EDF7F9-0FAC-40CF-B754-6667DB22FEA6}.Debug|Any CPU.ActiveCfg = Debug|Any CPU
		{33EDF7F9-0FAC-40CF-B754-6667DB22FEA6}.Debug|Any CPU.Build.0 = Debug|Any CPU
		{33EDF7F9-0FAC-40CF-B754-6667DB22FEA6}.Release|Any CPU.ActiveCfg = Release|Any CPU
		{1563617D-3566-4E23-8F19-3B2EA5526D03}.Debug|Any CPU.ActiveCfg = Debug|Any CPU
		{1563617D-3566-4E23-8F19-3B2EA5526D03}.Debug|Any CPU.Build.0 = Debug|Any CPU
		{1563617D-3566-4E23-8F19-3B2EA5526D03}.Release|Any CPU.ActiveCfg = Release|Any CPU
		{C6298281-7596-43E3-9327-D3FE2B462880}.Debug|Any CPU.ActiveCfg = Debug|Any CPU
		{C6298281-7596-43E3-9327-D3FE2B462880}.Debug|Any CPU.Build.0 = Debug|Any CPU
		{C6298281-7596-43E3-9327-D3FE2B462880}.Release|Any CPU.ActiveCfg = Release|Any CPU
		{48E9AEB3-9738-4958-B32A-3F5F69986358}.Debug|Any CPU.ActiveCfg = Debug|Any CPU
		{48E9AEB3-9738-4958-B32A-3F5F69986358}.Debug|Any CPU.Build.0 = Debug|Any CPU
		{48E9AEB3-9738-4958-B32A-3F5F69986358}.Release|Any CPU.ActiveCfg = Release|Any CPU
		{7BC7DA4F-E377-42C8-812B-CA24FF7BDB3E}.Debug|Any CPU.ActiveCfg = Debug|Any CPU
		{7BC7DA4F-E377-42C8-812B-CA24FF7BDB3E}.Debug|Any CPU.Build.0 = Debug|Any CPU
		{7BC7DA4F-E377-42C8-812B-CA24FF7BDB3E}.Release|Any CPU.ActiveCfg = Release|Any CPU
		{39921F9C-C8B1-4E0C-A31A-D7091D3CD542}.Debug|Any CPU.ActiveCfg = Debug|Any CPU
		{39921F9C-C8B1-4E0C-A31A-D7091D3CD542}.Debug|Any CPU.Build.0 = Debug|Any CPU
		{39921F9C-C8B1-4E0C-A31A-D7091D3CD542}.Release|Any CPU.ActiveCfg = Release|Any CPU
		{92064534-1D02-4E8A-A974-F25DEA4AB4C0}.Debug|Any CPU.ActiveCfg = Debug|Any CPU
		{92064534-1D02-4E8A-A974-F25DEA4AB4C0}.Debug|Any CPU.Build.0 = Debug|Any CPU
		{92064534-1D02-4E8A-A974-F25DEA4AB4C0}.Release|Any CPU.ActiveCfg = Release|Any CPU
		{8CFBC7C7-88FA-42BC-B6E4-2ACE9F6460D6}.Debug|Any CPU.ActiveCfg = Debug|Any CPU
		{8CFBC7C7-88FA-42BC-B6E4-2ACE9F6460D6}.Debug|Any CPU.Build.0 = Debug|Any CPU
		{8CFBC7C7-88FA-42BC-B6E4-2ACE9F6460D6}.Release|Any CPU.ActiveCfg = Release|Any CPU
		{64078DBC-B8E6-4260-A663-1BDA4B83483E}.Debug|Any CPU.ActiveCfg = Debug|Any CPU
		{64078DBC-B8E6-4260-A663-1BDA4B83483E}.Debug|Any CPU.Build.0 = Debug|Any CPU
		{64078DBC-B8E6-4260-A663-1BDA4B83483E}.Release|Any CPU.ActiveCfg = Release|Any CPU
		{6B45089C-98C7-4D45-9757-9124CBF28727}.Debug|Any CPU.ActiveCfg = Debug|Any CPU
		{6B45089C-98C7-4D45-9757-9124CBF28727}.Debug|Any CPU.Build.0 = Debug|Any CPU
		{6B45089C-98C7-4D45-9757-9124CBF28727}.Release|Any CPU.ActiveCfg = Release|Any CPU
		{32A6EB5B-51F3-4463-8574-B446CA09FE40}.Debug|Any CPU.ActiveCfg = Debug|Any CPU
		{32A6EB5B-51F3-4463-8574-B446CA09FE40}.Debug|Any CPU.Build.0 = Debug|Any CPU
		{32A6EB5B-51F3-4463-8574-B446CA09FE40}.Release|Any CPU.ActiveCfg = Release|Any CPU
		{2EF3A91C-D307-458F-AE81-A56CE1C174B6}.Debug|Any CPU.ActiveCfg = Debug|Any CPU
		{2EF3A91C-D307-458F-AE81-A56CE1C174B6}.Debug|Any CPU.Build.0 = Debug|Any CPU
		{2EF3A91C-D307-458F-AE81-A56CE1C174B6}.Release|Any CPU.ActiveCfg = Release|Any CPU
		{DC64AD03-205C-470D-8CC1-D247D76CAFDE}.Debug|Any CPU.ActiveCfg = Debug|Any CPU
		{DC64AD03-205C-470D-8CC1-D247D76CAFDE}.Debug|Any CPU.Build.0 = Debug|Any CPU
		{DC64AD03-205C-470D-8CC1-D247D76CAFDE}.Release|Any CPU.ActiveCfg = Release|Any CPU
		{B5C1B238-58D4-4466-8B20-7478EDB6E44C}.Debug|Any CPU.ActiveCfg = Debug|Any CPU
		{B5C1B238-58D4-4466-8B20-7478EDB6E44C}.Debug|Any CPU.Build.0 = Debug|Any CPU
		{B5C1B238-58D4-4466-8B20-7478EDB6E44C}.Release|Any CPU.ActiveCfg = Release|Any CPU
		{5472A7EE-B872-44B4-93CD-0AB9113478A0}.Debug|Any CPU.ActiveCfg = Debug|Any CPU
		{5472A7EE-B872-44B4-93CD-0AB9113478A0}.Debug|Any CPU.Build.0 = Debug|Any CPU
		{5472A7EE-B872-44B4-93CD-0AB9113478A0}.Release|Any CPU.ActiveCfg = Release|Any CPU
		{E94DDEE9-7783-4A8E-928D-8230989E4736}.Debug|Any CPU.ActiveCfg = Debug|Any CPU
		{E94DDEE9-7783-4A8E-928D-8230989E4736}.Debug|Any CPU.Build.0 = Debug|Any CPU
		{E94DDEE9-7783-4A8E-928D-8230989E4736}.Release|Any CPU.ActiveCfg = Release|Any CPU
		{17357CBF-4D49-4AAC-8497-DCB43C79BA85}.Debug|Any CPU.ActiveCfg = Debug|Any CPU
		{17357CBF-4D49-4AAC-8497-DCB43C79BA85}.Debug|Any CPU.Build.0 = Debug|Any CPU
		{17357CBF-4D49-4AAC-8497-DCB43C79BA85}.Release|Any CPU.ActiveCfg = Release|Any CPU
		{8B3A35F6-C7E8-47B6-AD4D-46F6ADD367BF}.Debug|Any CPU.ActiveCfg = Debug|Any CPU
		{8B3A35F6-C7E8-47B6-AD4D-46F6ADD367BF}.Debug|Any CPU.Build.0 = Debug|Any CPU
		{8B3A35F6-C7E8-47B6-AD4D-46F6ADD367BF}.Release|Any CPU.ActiveCfg = Release|Any CPU
		{6D0B4CED-717C-42D4-AAE2-75521087F638}.Debug|Any CPU.ActiveCfg = Debug|Any CPU
		{6D0B4CED-717C-42D4-AAE2-75521087F638}.Debug|Any CPU.Build.0 = Debug|Any CPU
		{6D0B4CED-717C-42D4-AAE2-75521087F638}.Release|Any CPU.ActiveCfg = Release|Any CPU
		{BFFF28FD-D51D-4788-A57F-9BBD0197EC73}.Debug|Any CPU.ActiveCfg = Debug|Any CPU
		{BFFF28FD-D51D-4788-A57F-9BBD0197EC73}.Debug|Any CPU.Build.0 = Debug|Any CPU
		{BFFF28FD-D51D-4788-A57F-9BBD0197EC73}.Release|Any CPU.ActiveCfg = Release|Any CPU
		{100CC934-C510-4045-9D85-8B9DAA31E731}.Debug|Any CPU.ActiveCfg = Debug|Any CPU
		{100CC934-C510-4045-9D85-8B9DAA31E731}.Debug|Any CPU.Build.0 = Debug|Any CPU
		{100CC934-C510-4045-9D85-8B9DAA31E731}.Release|Any CPU.ActiveCfg = Release|Any CPU
		{FD46D300-FF5B-463A-B82A-14155C7466EC}.Debug|Any CPU.ActiveCfg = Debug|Any CPU
		{FD46D300-FF5B-463A-B82A-14155C7466EC}.Debug|Any CPU.Build.0 = Debug|Any CPU
		{FD46D300-FF5B-463A-B82A-14155C7466EC}.Release|Any CPU.ActiveCfg = Release|Any CPU
		{C74FC0B9-5AAE-4BC3-80E1-9949CE49A443}.Debug|Any CPU.ActiveCfg = Debug|Any CPU
		{C74FC0B9-5AAE-4BC3-80E1-9949CE49A443}.Debug|Any CPU.Build.0 = Debug|Any CPU
		{C74FC0B9-5AAE-4BC3-80E1-9949CE49A443}.Release|Any CPU.ActiveCfg = Release|Any CPU
		{D040F08F-CF99-48F7-96AC-A191A066A3E5}.Debug|Any CPU.ActiveCfg = Debug|Any CPU
		{D040F08F-CF99-48F7-96AC-A191A066A3E5}.Debug|Any CPU.Build.0 = Debug|Any CPU
		{D040F08F-CF99-48F7-96AC-A191A066A3E5}.Release|Any CPU.ActiveCfg = Release|Any CPU
		{D033D7EE-1A38-4FD3-910F-99559D19E73B}.Debug|Any CPU.ActiveCfg = Debug|Any CPU
		{D033D7EE-1A38-4FD3-910F-99559D19E73B}.Debug|Any CPU.Build.0 = Debug|Any CPU
		{D033D7EE-1A38-4FD3-910F-99559D19E73B}.Release|Any CPU.ActiveCfg = Release|Any CPU
		{6A9F2DF8-14AE-47F1-9785-6CB604532FBB}.Debug|Any CPU.ActiveCfg = Debug|Any CPU
		{6A9F2DF8-14AE-47F1-9785-6CB604532FBB}.Debug|Any CPU.Build.0 = Debug|Any CPU
		{6A9F2DF8-14AE-47F1-9785-6CB604532FBB}.Release|Any CPU.ActiveCfg = Release|Any CPU
		{EE2CC527-9940-4211-AB1D-183141FA3E42}.Debug|Any CPU.ActiveCfg = Debug|Any CPU
		{EE2CC527-9940-4211-AB1D-183141FA3E42}.Debug|Any CPU.Build.0 = Debug|Any CPU
		{EE2CC527-9940-4211-AB1D-183141FA3E42}.Release|Any CPU.ActiveCfg = Release|Any CPU
		{55E05189-E2B6-4C0D-A772-983CEC0EC4E7}.Debug|Any CPU.ActiveCfg = Debug|Any CPU
		{55E05189-E2B6-4C0D-A772-983CEC0EC4E7}.Debug|Any CPU.Build.0 = Debug|Any CPU
		{55E05189-E2B6-4C0D-A772-983CEC0EC4E7}.Release|Any CPU.ActiveCfg = Release|Any CPU
		{B6BF3155-86C6-41C8-BB48-ACABCBFF5505}.Debug|Any CPU.ActiveCfg = Debug|Any CPU
		{B6BF3155-86C6-41C8-BB48-ACABCBFF5505}.Debug|Any CPU.Build.0 = Debug|Any CPU
		{B6BF3155-86C6-41C8-BB48-ACABCBFF5505}.Release|Any CPU.ActiveCfg = Release|Any CPU
		{B4F39F15-B67C-4655-BC55-82DFE6719317}.Debug|Any CPU.ActiveCfg = Debug|Any CPU
		{B4F39F15-B67C-4655-BC55-82DFE6719317}.Debug|Any CPU.Build.0 = Debug|Any CPU
		{B4F39F15-B67C-4655-BC55-82DFE6719317}.Release|Any CPU.ActiveCfg = Release|Any CPU
		{6002DECC-A338-49F3-89AD-283A7C58C163}.Debug|Any CPU.ActiveCfg = Debug|Any CPU
		{6002DECC-A338-49F3-89AD-283A7C58C163}.Debug|Any CPU.Build.0 = Debug|Any CPU
		{6002DECC-A338-49F3-89AD-283A7C58C163}.Release|Any CPU.ActiveCfg = Release|Any CPU
		{BD6A1540-932F-4D54-B277-B3B74BC0D340}.Debug|Any CPU.ActiveCfg = Debug|Any CPU
		{BD6A1540-932F-4D54-B277-B3B74BC0D340}.Debug|Any CPU.Build.0 = Debug|Any CPU
		{BD6A1540-932F-4D54-B277-B3B74BC0D340}.Release|Any CPU.ActiveCfg = Release|Any CPU
		{F83FA17B-C53C-4184-B91A-E073E141E2F7}.Debug|Any CPU.ActiveCfg = Debug|Any CPU
		{F83FA17B-C53C-4184-B91A-E073E141E2F7}.Debug|Any CPU.Build.0 = Debug|Any CPU
		{F83FA17B-C53C-4184-B91A-E073E141E2F7}.Release|Any CPU.ActiveCfg = Release|Any CPU
		{A618FC45-E2E8-4646-A110-215374379B4B}.Debug|Any CPU.ActiveCfg = Debug|Any CPU
		{A618FC45-E2E8-4646-A110-215374379B4B}.Debug|Any CPU.Build.0 = Debug|Any CPU
		{A618FC45-E2E8-4646-A110-215374379B4B}.Release|Any CPU.ActiveCfg = Release|Any CPU
		{D1144E64-B4DF-4AC3-8C9B-B46F8AFE6446}.Debug|Any CPU.ActiveCfg = Debug|Any CPU
		{D1144E64-B4DF-4AC3-8C9B-B46F8AFE6446}.Debug|Any CPU.Build.0 = Debug|Any CPU
		{D1144E64-B4DF-4AC3-8C9B-B46F8AFE6446}.Release|Any CPU.ActiveCfg = Release|Any CPU
		{394FABDC-7612-45B3-ABCD-0829C89DF6A3}.Debug|Any CPU.ActiveCfg = Debug|Any CPU
		{394FABDC-7612-45B3-ABCD-0829C89DF6A3}.Debug|Any CPU.Build.0 = Debug|Any CPU
		{394FABDC-7612-45B3-ABCD-0829C89DF6A3}.Release|Any CPU.ActiveCfg = Release|Any CPU
		{E04E3AC6-29F9-4AAD-AF2E-508F4B8EF921}.Debug|Any CPU.ActiveCfg = Debug|Any CPU
		{E04E3AC6-29F9-4AAD-AF2E-508F4B8EF921}.Debug|Any CPU.Build.0 = Debug|Any CPU
		{E04E3AC6-29F9-4AAD-AF2E-508F4B8EF921}.Release|Any CPU.ActiveCfg = Release|Any CPU
		{CED10958-F529-489C-80F8-21F7B0898B35}.Debug|Any CPU.ActiveCfg = Debug|Any CPU
		{CED10958-F529-489C-80F8-21F7B0898B35}.Debug|Any CPU.Build.0 = Debug|Any CPU
		{CED10958-F529-489C-80F8-21F7B0898B35}.Release|Any CPU.ActiveCfg = Release|Any CPU
		{E5DB5DE3-EAD4-4538-9826-809FC5E2108A}.Debug|Any CPU.ActiveCfg = Debug|Any CPU
		{E5DB5DE3-EAD4-4538-9826-809FC5E2108A}.Debug|Any CPU.Build.0 = Debug|Any CPU
		{E5DB5DE3-EAD4-4538-9826-809FC5E2108A}.Release|Any CPU.ActiveCfg = Release|Any CPU
		{E402E6E6-FA6B-45E1-A23B-BAE2C29717DE}.Debug|Any CPU.ActiveCfg = Debug|Any CPU
		{E402E6E6-FA6B-45E1-A23B-BAE2C29717DE}.Debug|Any CPU.Build.0 = Debug|Any CPU
		{E402E6E6-FA6B-45E1-A23B-BAE2C29717DE}.Release|Any CPU.ActiveCfg = Release|Any CPU
		{8F844457-850E-4AEA-AA2E-5DF686C547BD}.Debug|Any CPU.ActiveCfg = Debug|Any CPU
		{8F844457-850E-4AEA-AA2E-5DF686C547BD}.Debug|Any CPU.Build.0 = Debug|Any CPU
		{8F844457-850E-4AEA-AA2E-5DF686C547BD}.Release|Any CPU.ActiveCfg = Release|Any CPU
		{92A6E946-7E2A-4E03-8D7C-093EAF17E1C1}.Debug|Any CPU.ActiveCfg = Debug|Any CPU
		{92A6E946-7E2A-4E03-8D7C-093EAF17E1C1}.Debug|Any CPU.Build.0 = Debug|Any CPU
		{92A6E946-7E2A-4E03-8D7C-093EAF17E1C1}.Release|Any CPU.ActiveCfg = Release|Any CPU
		{4F3FD719-1393-437B-B383-759C3C700772}.Debug|Any CPU.ActiveCfg = Debug|Any CPU
		{4F3FD719-1393-437B-B383-759C3C700772}.Debug|Any CPU.Build.0 = Debug|Any CPU
		{4F3FD719-1393-437B-B383-759C3C700772}.Release|Any CPU.ActiveCfg = Release|Any CPU
		{4827256A-56BA-4076-B680-F51BF922287F}.Debug|Any CPU.ActiveCfg = Debug|Any CPU
		{4827256A-56BA-4076-B680-F51BF922287F}.Debug|Any CPU.Build.0 = Debug|Any CPU
		{4827256A-56BA-4076-B680-F51BF922287F}.Release|Any CPU.ActiveCfg = Release|Any CPU
		{6BB19AAD-FA13-4D06-B952-DC953BCC027A}.Debug|Any CPU.ActiveCfg = Debug|Any CPU
		{6BB19AAD-FA13-4D06-B952-DC953BCC027A}.Debug|Any CPU.Build.0 = Debug|Any CPU
		{6BB19AAD-FA13-4D06-B952-DC953BCC027A}.Release|Any CPU.ActiveCfg = Release|Any CPU
		{D8A834AB-4368-48A2-BC12-5DAB87E24479}.Debug|Any CPU.ActiveCfg = Debug|Any CPU
		{D8A834AB-4368-48A2-BC12-5DAB87E24479}.Debug|Any CPU.Build.0 = Debug|Any CPU
		{D8A834AB-4368-48A2-BC12-5DAB87E24479}.Release|Any CPU.ActiveCfg = Release|Any CPU
		{89B9FF97-D635-4A2C-8A45-51DBFE8B9B50}.Debug|Any CPU.ActiveCfg = Debug|Any CPU
		{89B9FF97-D635-4A2C-8A45-51DBFE8B9B50}.Debug|Any CPU.Build.0 = Debug|Any CPU
		{89B9FF97-D635-4A2C-8A45-51DBFE8B9B50}.Release|Any CPU.ActiveCfg = Release|Any CPU
		{2E3D7A57-DA3C-4EDC-9F74-DD59834670B3}.Debug|Any CPU.ActiveCfg = Debug|Any CPU
		{2E3D7A57-DA3C-4EDC-9F74-DD59834670B3}.Debug|Any CPU.Build.0 = Debug|Any CPU
		{2E3D7A57-DA3C-4EDC-9F74-DD59834670B3}.Release|Any CPU.ActiveCfg = Release|Any CPU
		{247C58BB-C8E8-4B95-B2E7-33F4D08EDF56}.Debug|Any CPU.ActiveCfg = Debug|Any CPU
		{247C58BB-C8E8-4B95-B2E7-33F4D08EDF56}.Debug|Any CPU.Build.0 = Debug|Any CPU
		{247C58BB-C8E8-4B95-B2E7-33F4D08EDF56}.Release|Any CPU.ActiveCfg = Release|Any CPU
		{6D267718-44C7-4350-8352-2DE54B80D968}.Debug|Any CPU.ActiveCfg = Debug|Any CPU
		{6D267718-44C7-4350-8352-2DE54B80D968}.Debug|Any CPU.Build.0 = Debug|Any CPU
		{6D267718-44C7-4350-8352-2DE54B80D968}.Release|Any CPU.ActiveCfg = Release|Any CPU
		{70ECFC88-26D4-46EB-B3CB-983AB9ADD3F9}.Debug|Any CPU.ActiveCfg = Debug|Any CPU
		{70ECFC88-26D4-46EB-B3CB-983AB9ADD3F9}.Debug|Any CPU.Build.0 = Debug|Any CPU
		{70ECFC88-26D4-46EB-B3CB-983AB9ADD3F9}.Release|Any CPU.ActiveCfg = Release|Any CPU
		{64554291-D49F-4215-9914-32FB9A78A616}.Debug|Any CPU.ActiveCfg = Debug|Any CPU
		{64554291-D49F-4215-9914-32FB9A78A616}.Debug|Any CPU.Build.0 = Debug|Any CPU
		{64554291-D49F-4215-9914-32FB9A78A616}.Release|Any CPU.ActiveCfg = Release|Any CPU
		{362660C2-773E-4BA1-B7C9-49CB1C4A8F01}.Debug|Any CPU.ActiveCfg = Debug|Any CPU
		{362660C2-773E-4BA1-B7C9-49CB1C4A8F01}.Debug|Any CPU.Build.0 = Debug|Any CPU
		{362660C2-773E-4BA1-B7C9-49CB1C4A8F01}.Release|Any CPU.ActiveCfg = Release|Any CPU
		{853C689D-A08B-4742-9290-9E744A7A22E3}.Debug|Any CPU.ActiveCfg = Debug|Any CPU
		{853C689D-A08B-4742-9290-9E744A7A22E3}.Debug|Any CPU.Build.0 = Debug|Any CPU
		{853C689D-A08B-4742-9290-9E744A7A22E3}.Release|Any CPU.ActiveCfg = Release|Any CPU
		{57A820CB-AC2A-46DD-902D-97E562CB66EC}.Debug|Any CPU.ActiveCfg = Debug|Any CPU
		{57A820CB-AC2A-46DD-902D-97E562CB66EC}.Debug|Any CPU.Build.0 = Debug|Any CPU
		{57A820CB-AC2A-46DD-902D-97E562CB66EC}.Release|Any CPU.ActiveCfg = Release|Any CPU
		{34FF628F-A6E8-4332-B48C-40835BB32777}.Debug|Any CPU.ActiveCfg = Debug|Any CPU
		{34FF628F-A6E8-4332-B48C-40835BB32777}.Debug|Any CPU.Build.0 = Debug|Any CPU
		{34FF628F-A6E8-4332-B48C-40835BB32777}.Release|Any CPU.ActiveCfg = Release|Any CPU
		{795677A2-DE7F-4F3C-8D8F-C688593437DE}.Debug|Any CPU.ActiveCfg = Debug|Any CPU
		{795677A2-DE7F-4F3C-8D8F-C688593437DE}.Debug|Any CPU.Build.0 = Debug|Any CPU
		{795677A2-DE7F-4F3C-8D8F-C688593437DE}.Release|Any CPU.ActiveCfg = Release|Any CPU
		{F4CEFEE3-AED0-4534-984C-F4F4EC47BDCE}.Debug|Any CPU.ActiveCfg = Debug|Any CPU
		{F4CEFEE3-AED0-4534-984C-F4F4EC47BDCE}.Debug|Any CPU.Build.0 = Debug|Any CPU
		{F4CEFEE3-AED0-4534-984C-F4F4EC47BDCE}.Release|Any CPU.ActiveCfg = Release|Any CPU
		{7DD3882F-6031-4F5A-BE39-8C0D30AB7369}.Debug|Any CPU.ActiveCfg = Debug|Any CPU
		{7DD3882F-6031-4F5A-BE39-8C0D30AB7369}.Debug|Any CPU.Build.0 = Debug|Any CPU
		{7DD3882F-6031-4F5A-BE39-8C0D30AB7369}.Release|Any CPU.ActiveCfg = Release|Any CPU
		{356A3C50-86E1-4917-86ED-D731CCF99E00}.Debug|Any CPU.ActiveCfg = Debug|Any CPU
		{356A3C50-86E1-4917-86ED-D731CCF99E00}.Debug|Any CPU.Build.0 = Debug|Any CPU
		{356A3C50-86E1-4917-86ED-D731CCF99E00}.Release|Any CPU.ActiveCfg = Release|Any CPU
		{35B7ED6A-BD8E-44E8-8EFE-D6308CC83D7B}.Debug|Any CPU.ActiveCfg = Debug|Any CPU
		{35B7ED6A-BD8E-44E8-8EFE-D6308CC83D7B}.Debug|Any CPU.Build.0 = Debug|Any CPU
		{35B7ED6A-BD8E-44E8-8EFE-D6308CC83D7B}.Release|Any CPU.ActiveCfg = Release|Any CPU
		{6E6F76E4-D40E-42A2-87F6-AA25FCF2B9A5}.Debug|Any CPU.ActiveCfg = Debug|Any CPU
		{6E6F76E4-D40E-42A2-87F6-AA25FCF2B9A5}.Debug|Any CPU.Build.0 = Debug|Any CPU
		{6E6F76E4-D40E-42A2-87F6-AA25FCF2B9A5}.Release|Any CPU.ActiveCfg = Release|Any CPU
		{ADF8266F-DFFE-46C4-A36E-0975730237A3}.Debug|Any CPU.ActiveCfg = Debug|Any CPU
		{ADF8266F-DFFE-46C4-A36E-0975730237A3}.Debug|Any CPU.Build.0 = Debug|Any CPU
		{ADF8266F-DFFE-46C4-A36E-0975730237A3}.Release|Any CPU.ActiveCfg = Release|Any CPU
		{CE4236A6-3482-46AF-BFC1-0D887DB207CB}.Debug|Any CPU.ActiveCfg = Debug|Any CPU
		{CE4236A6-3482-46AF-BFC1-0D887DB207CB}.Debug|Any CPU.Build.0 = Debug|Any CPU
		{CE4236A6-3482-46AF-BFC1-0D887DB207CB}.Release|Any CPU.ActiveCfg = Release|Any CPU
		{646AA82D-DAD3-43B6-84F0-8D4DC81F43DB}.Debug|Any CPU.ActiveCfg = Debug|Any CPU
		{646AA82D-DAD3-43B6-84F0-8D4DC81F43DB}.Debug|Any CPU.Build.0 = Debug|Any CPU
		{646AA82D-DAD3-43B6-84F0-8D4DC81F43DB}.Release|Any CPU.ActiveCfg = Release|Any CPU
		{9FDFF43B-ED94-432B-83BB-2D7CA4E59E12}.Debug|Any CPU.ActiveCfg = Debug|Any CPU
		{9FDFF43B-ED94-432B-83BB-2D7CA4E59E12}.Debug|Any CPU.Build.0 = Debug|Any CPU
		{9FDFF43B-ED94-432B-83BB-2D7CA4E59E12}.Release|Any CPU.ActiveCfg = Release|Any CPU
		{7A6F6690-E20A-4F03-A5BA-2E773A6A2992}.Debug|Any CPU.ActiveCfg = Debug|Any CPU
		{7A6F6690-E20A-4F03-A5BA-2E773A6A2992}.Debug|Any CPU.Build.0 = Debug|Any CPU
		{7A6F6690-E20A-4F03-A5BA-2E773A6A2992}.Release|Any CPU.ActiveCfg = Release|Any CPU
		{2260CC98-AB91-46DD-830C-6A7E09C9B76C}.Debug|Any CPU.ActiveCfg = Debug|Any CPU
		{2260CC98-AB91-46DD-830C-6A7E09C9B76C}.Debug|Any CPU.Build.0 = Debug|Any CPU
		{2260CC98-AB91-46DD-830C-6A7E09C9B76C}.Release|Any CPU.ActiveCfg = Release|Any CPU
		{D7B6C6F8-E5E0-4ADE-8ACE-0E4295D03C0F}.Debug|Any CPU.ActiveCfg = Debug|Any CPU
		{D7B6C6F8-E5E0-4ADE-8ACE-0E4295D03C0F}.Debug|Any CPU.Build.0 = Debug|Any CPU
		{D7B6C6F8-E5E0-4ADE-8ACE-0E4295D03C0F}.Release|Any CPU.ActiveCfg = Release|Any CPU
		{C33E917C-ACE5-408F-833A-E5242DA35DFF}.Debug|Any CPU.ActiveCfg = Debug|Any CPU
		{C33E917C-ACE5-408F-833A-E5242DA35DFF}.Debug|Any CPU.Build.0 = Debug|Any CPU
		{C33E917C-ACE5-408F-833A-E5242DA35DFF}.Release|Any CPU.ActiveCfg = Release|Any CPU
		{4F1957F3-8C60-4590-9D87-720469B77B85}.Debug|Any CPU.ActiveCfg = Debug|Any CPU
		{4F1957F3-8C60-4590-9D87-720469B77B85}.Debug|Any CPU.Build.0 = Debug|Any CPU
		{4F1957F3-8C60-4590-9D87-720469B77B85}.Release|Any CPU.ActiveCfg = Release|Any CPU
		{2E35C389-F066-4DCF-A813-EE4FB7C34B7E}.Debug|Any CPU.ActiveCfg = Debug|Any CPU
		{2E35C389-F066-4DCF-A813-EE4FB7C34B7E}.Debug|Any CPU.Build.0 = Debug|Any CPU
		{2E35C389-F066-4DCF-A813-EE4FB7C34B7E}.Release|Any CPU.ActiveCfg = Release|Any CPU
		{1ECF0795-39E5-4891-B8B0-C5BBC9514D21}.Debug|Any CPU.ActiveCfg = Debug|Any CPU
		{1ECF0795-39E5-4891-B8B0-C5BBC9514D21}.Debug|Any CPU.Build.0 = Debug|Any CPU
		{1ECF0795-39E5-4891-B8B0-C5BBC9514D21}.Release|Any CPU.ActiveCfg = Release|Any CPU
		{A843226D-E519-4BFF-B976-15DFF86AFE19}.Debug|Any CPU.ActiveCfg = Debug|Any CPU
		{A843226D-E519-4BFF-B976-15DFF86AFE19}.Debug|Any CPU.Build.0 = Debug|Any CPU
		{A843226D-E519-4BFF-B976-15DFF86AFE19}.Release|Any CPU.ActiveCfg = Release|Any CPU
		{BBE2A285-FC79-485F-BF1A-5C7084123B9D}.Debug|Any CPU.ActiveCfg = Debug|Any CPU
		{BBE2A285-FC79-485F-BF1A-5C7084123B9D}.Debug|Any CPU.Build.0 = Debug|Any CPU
		{BBE2A285-FC79-485F-BF1A-5C7084123B9D}.Release|Any CPU.ActiveCfg = Release|Any CPU
		{7AA531FE-A310-4B3B-BB5D-730995B21AB0}.Debug|Any CPU.ActiveCfg = Debug|Any CPU
		{7AA531FE-A310-4B3B-BB5D-730995B21AB0}.Debug|Any CPU.Build.0 = Debug|Any CPU
		{7AA531FE-A310-4B3B-BB5D-730995B21AB0}.Release|Any CPU.ActiveCfg = Release|Any CPU
		{FF36603A-AFC9-463F-BBFB-2DAFFEC7F813}.Debug|Any CPU.ActiveCfg = Debug|Any CPU
		{FF36603A-AFC9-463F-BBFB-2DAFFEC7F813}.Debug|Any CPU.Build.0 = Debug|Any CPU
		{FF36603A-AFC9-463F-BBFB-2DAFFEC7F813}.Release|Any CPU.ActiveCfg = Release|Any CPU
		{15C81F25-8A90-46AE-A0C6-5BC5D7B7F75B}.Debug|Any CPU.ActiveCfg = Debug|Any CPU
		{15C81F25-8A90-46AE-A0C6-5BC5D7B7F75B}.Debug|Any CPU.Build.0 = Debug|Any CPU
		{15C81F25-8A90-46AE-A0C6-5BC5D7B7F75B}.Release|Any CPU.ActiveCfg = Release|Any CPU
		{7714A93A-EDCD-409E-BE27-BAF8FC4C81A9}.Debug|Any CPU.ActiveCfg = Debug|Any CPU
		{7714A93A-EDCD-409E-BE27-BAF8FC4C81A9}.Debug|Any CPU.Build.0 = Debug|Any CPU
		{7714A93A-EDCD-409E-BE27-BAF8FC4C81A9}.Release|Any CPU.ActiveCfg = Release|Any CPU
		{1864E570-2879-4C1B-8078-42BB0A8FD7C0}.Debug|Any CPU.ActiveCfg = Debug|Any CPU
		{1864E570-2879-4C1B-8078-42BB0A8FD7C0}.Debug|Any CPU.Build.0 = Debug|Any CPU
		{1864E570-2879-4C1B-8078-42BB0A8FD7C0}.Release|Any CPU.ActiveCfg = Release|Any CPU
		{D8277EC3-9630-41C9-8262-85BD61293093}.Debug|Any CPU.ActiveCfg = Debug|Any CPU
		{D8277EC3-9630-41C9-8262-85BD61293093}.Debug|Any CPU.Build.0 = Debug|Any CPU
		{D8277EC3-9630-41C9-8262-85BD61293093}.Release|Any CPU.ActiveCfg = Release|Any CPU
		{D02B8619-AA3D-40DD-AB8D-723952E04355}.Debug|Any CPU.ActiveCfg = Debug|Any CPU
		{D02B8619-AA3D-40DD-AB8D-723952E04355}.Debug|Any CPU.Build.0 = Debug|Any CPU
		{D02B8619-AA3D-40DD-AB8D-723952E04355}.Release|Any CPU.ActiveCfg = Release|Any CPU
		{ED2E6721-0CD3-496E-8BC1-E37F693FEC15}.Debug|Any CPU.ActiveCfg = Debug|Any CPU
		{ED2E6721-0CD3-496E-8BC1-E37F693FEC15}.Debug|Any CPU.Build.0 = Debug|Any CPU
		{ED2E6721-0CD3-496E-8BC1-E37F693FEC15}.Release|Any CPU.ActiveCfg = Release|Any CPU
		{F2ECF492-82CF-4A22-82DE-8728A835FB1F}.Debug|Any CPU.ActiveCfg = Debug|Any CPU
		{F2ECF492-82CF-4A22-82DE-8728A835FB1F}.Debug|Any CPU.Build.0 = Debug|Any CPU
		{F2ECF492-82CF-4A22-82DE-8728A835FB1F}.Release|Any CPU.ActiveCfg = Release|Any CPU
		{A40E0BE3-478F-4151-9398-AE21B49C38C0}.Debug|Any CPU.ActiveCfg = Debug|Any CPU
		{A40E0BE3-478F-4151-9398-AE21B49C38C0}.Debug|Any CPU.Build.0 = Debug|Any CPU
		{A40E0BE3-478F-4151-9398-AE21B49C38C0}.Release|Any CPU.ActiveCfg = Release|Any CPU
		{5F5B4C2F-9567-45C9-BF3D-85A954F4AA29}.Debug|Any CPU.ActiveCfg = Debug|Any CPU
		{5F5B4C2F-9567-45C9-BF3D-85A954F4AA29}.Debug|Any CPU.Build.0 = Debug|Any CPU
		{5F5B4C2F-9567-45C9-BF3D-85A954F4AA29}.Release|Any CPU.ActiveCfg = Release|Any CPU
		{1164BFDC-0A4D-4FB1-84FB-3390016C8578}.Debug|Any CPU.ActiveCfg = Debug|Any CPU
		{1164BFDC-0A4D-4FB1-84FB-3390016C8578}.Debug|Any CPU.Build.0 = Debug|Any CPU
		{1164BFDC-0A4D-4FB1-84FB-3390016C8578}.Release|Any CPU.ActiveCfg = Release|Any CPU
		{27D33281-9B56-457E-BC13-35A1E6E3088A}.Debug|Any CPU.ActiveCfg = Debug|Any CPU
		{27D33281-9B56-457E-BC13-35A1E6E3088A}.Debug|Any CPU.Build.0 = Debug|Any CPU
		{27D33281-9B56-457E-BC13-35A1E6E3088A}.Release|Any CPU.ActiveCfg = Release|Any CPU
		{AB6E1B3F-A774-41E8-874A-85E0A4F8866C}.Debug|Any CPU.ActiveCfg = Debug|Any CPU
		{AB6E1B3F-A774-41E8-874A-85E0A4F8866C}.Debug|Any CPU.Build.0 = Debug|Any CPU
		{AB6E1B3F-A774-41E8-874A-85E0A4F8866C}.Release|Any CPU.ActiveCfg = Release|Any CPU
		{FCED3998-7436-4584-9CE6-27985E12CEB6}.Debug|Any CPU.ActiveCfg = Debug|Any CPU
		{FCED3998-7436-4584-9CE6-27985E12CEB6}.Debug|Any CPU.Build.0 = Debug|Any CPU
		{FCED3998-7436-4584-9CE6-27985E12CEB6}.Release|Any CPU.ActiveCfg = Release|Any CPU
		{75E575BB-C4C3-4736-B1DD-F3D6C41C5674}.Debug|Any CPU.ActiveCfg = Debug|Any CPU
		{75E575BB-C4C3-4736-B1DD-F3D6C41C5674}.Debug|Any CPU.Build.0 = Debug|Any CPU
		{75E575BB-C4C3-4736-B1DD-F3D6C41C5674}.Release|Any CPU.ActiveCfg = Release|Any CPU
		{789C96F2-B740-4EE4-B3E6-21D88D4DBEDD}.Debug|Any CPU.ActiveCfg = Debug|Any CPU
		{789C96F2-B740-4EE4-B3E6-21D88D4DBEDD}.Debug|Any CPU.Build.0 = Debug|Any CPU
		{789C96F2-B740-4EE4-B3E6-21D88D4DBEDD}.Release|Any CPU.ActiveCfg = Release|Any CPU
		{23AEFD6F-EFDD-4501-9693-5E424784145F}.Debug|Any CPU.ActiveCfg = Debug|Any CPU
		{23AEFD6F-EFDD-4501-9693-5E424784145F}.Debug|Any CPU.Build.0 = Debug|Any CPU
		{23AEFD6F-EFDD-4501-9693-5E424784145F}.Release|Any CPU.ActiveCfg = Release|Any CPU
		{8D3F722E-F310-45A8-A658-98B98466E1A2}.Debug|Any CPU.ActiveCfg = Debug|Any CPU
		{8D3F722E-F310-45A8-A658-98B98466E1A2}.Debug|Any CPU.Build.0 = Debug|Any CPU
		{8D3F722E-F310-45A8-A658-98B98466E1A2}.Release|Any CPU.ActiveCfg = Release|Any CPU
		{C0DAEC69-2772-4B21-9B7D-A6B162086F06}.Debug|Any CPU.ActiveCfg = Debug|Any CPU
		{C0DAEC69-2772-4B21-9B7D-A6B162086F06}.Debug|Any CPU.Build.0 = Debug|Any CPU
		{C0DAEC69-2772-4B21-9B7D-A6B162086F06}.Release|Any CPU.ActiveCfg = Release|Any CPU
		{3D5A55D5-F031-4F04-9156-77050FB78D89}.Debug|Any CPU.ActiveCfg = Debug|Any CPU
		{3D5A55D5-F031-4F04-9156-77050FB78D89}.Debug|Any CPU.Build.0 = Debug|Any CPU
		{3D5A55D5-F031-4F04-9156-77050FB78D89}.Release|Any CPU.ActiveCfg = Release|Any CPU
		{83E4BCD2-CD6E-43CC-8077-25D75076E6A1}.Debug|Any CPU.ActiveCfg = Debug|Any CPU
		{83E4BCD2-CD6E-43CC-8077-25D75076E6A1}.Debug|Any CPU.Build.0 = Debug|Any CPU
		{83E4BCD2-CD6E-43CC-8077-25D75076E6A1}.Release|Any CPU.ActiveCfg = Release|Any CPU
		{ABCA65CE-0688-4BCC-9108-014327D515AC}.Debug|Any CPU.ActiveCfg = Debug|Any CPU
		{ABCA65CE-0688-4BCC-9108-014327D515AC}.Debug|Any CPU.Build.0 = Debug|Any CPU
		{ABCA65CE-0688-4BCC-9108-014327D515AC}.Release|Any CPU.ActiveCfg = Release|Any CPU
		{14F0EAB6-B9D3-437D-B1FF-C4141C4A5293}.Debug|Any CPU.ActiveCfg = Debug|Any CPU
		{14F0EAB6-B9D3-437D-B1FF-C4141C4A5293}.Debug|Any CPU.Build.0 = Debug|Any CPU
		{14F0EAB6-B9D3-437D-B1FF-C4141C4A5293}.Release|Any CPU.ActiveCfg = Release|Any CPU
		{082F6F80-B906-49DD-BC33-686A16DB92D0}.Debug|Any CPU.ActiveCfg = Debug|Any CPU
		{082F6F80-B906-49DD-BC33-686A16DB92D0}.Debug|Any CPU.Build.0 = Debug|Any CPU
		{082F6F80-B906-49DD-BC33-686A16DB92D0}.Release|Any CPU.ActiveCfg = Release|Any CPU
		{1E0C3626-2C27-4F73-A879-E72FFCFFF1BC}.Debug|Any CPU.ActiveCfg = Debug|Any CPU
		{1E0C3626-2C27-4F73-A879-E72FFCFFF1BC}.Debug|Any CPU.Build.0 = Debug|Any CPU
		{1E0C3626-2C27-4F73-A879-E72FFCFFF1BC}.Release|Any CPU.ActiveCfg = Release|Any CPU
		{D7141C60-2BAB-4B66-8D96-35E301CCE3B8}.Debug|Any CPU.ActiveCfg = Debug|Any CPU
		{D7141C60-2BAB-4B66-8D96-35E301CCE3B8}.Debug|Any CPU.Build.0 = Debug|Any CPU
		{D7141C60-2BAB-4B66-8D96-35E301CCE3B8}.Release|Any CPU.ActiveCfg = Release|Any CPU
		{8F4FBDA6-F476-4F9E-8707-0F51ADE54DD1}.Debug|Any CPU.ActiveCfg = Debug|Any CPU
		{8F4FBDA6-F476-4F9E-8707-0F51ADE54DD1}.Debug|Any CPU.Build.0 = Debug|Any CPU
		{8F4FBDA6-F476-4F9E-8707-0F51ADE54DD1}.Release|Any CPU.ActiveCfg = Release|Any CPU
		{679400F4-9102-4475-8E39-A5D040204BF8}.Debug|Any CPU.ActiveCfg = Debug|Any CPU
		{679400F4-9102-4475-8E39-A5D040204BF8}.Debug|Any CPU.Build.0 = Debug|Any CPU
		{679400F4-9102-4475-8E39-A5D040204BF8}.Release|Any CPU.ActiveCfg = Release|Any CPU
		{B81F024A-0C4C-403C-A4E3-2E0F47916A6F}.Debug|Any CPU.ActiveCfg = Debug|Any CPU
		{B81F024A-0C4C-403C-A4E3-2E0F47916A6F}.Debug|Any CPU.Build.0 = Debug|Any CPU
		{B81F024A-0C4C-403C-A4E3-2E0F47916A6F}.Release|Any CPU.ActiveCfg = Release|Any CPU
		{3885F96E-4C11-4191-8A52-3F8E162BA802}.Debug|Any CPU.ActiveCfg = Debug|Any CPU
		{3885F96E-4C11-4191-8A52-3F8E162BA802}.Debug|Any CPU.Build.0 = Debug|Any CPU
		{3885F96E-4C11-4191-8A52-3F8E162BA802}.Release|Any CPU.ActiveCfg = Release|Any CPU
		{070F85EC-038C-4AF2-9CDB-ED5F16F8CE78}.Debug|Any CPU.ActiveCfg = Debug|Any CPU
		{070F85EC-038C-4AF2-9CDB-ED5F16F8CE78}.Debug|Any CPU.Build.0 = Debug|Any CPU
		{070F85EC-038C-4AF2-9CDB-ED5F16F8CE78}.Release|Any CPU.ActiveCfg = Release|Any CPU
		{79752957-762C-4AF1-B8A6-4D0ED50F999D}.Debug|Any CPU.ActiveCfg = Debug|Any CPU
		{79752957-762C-4AF1-B8A6-4D0ED50F999D}.Debug|Any CPU.Build.0 = Debug|Any CPU
		{79752957-762C-4AF1-B8A6-4D0ED50F999D}.Release|Any CPU.ActiveCfg = Release|Any CPU
		{ECE79A97-B3DD-4EF1-855B-BA90DE0BAFE8}.Debug|Any CPU.ActiveCfg = Debug|Any CPU
		{ECE79A97-B3DD-4EF1-855B-BA90DE0BAFE8}.Debug|Any CPU.Build.0 = Debug|Any CPU
		{ECE79A97-B3DD-4EF1-855B-BA90DE0BAFE8}.Release|Any CPU.ActiveCfg = Release|Any CPU
		{54C3E07F-0B0C-4BAB-9937-5A3A2C114818}.Debug|Any CPU.ActiveCfg = Debug|Any CPU
		{54C3E07F-0B0C-4BAB-9937-5A3A2C114818}.Debug|Any CPU.Build.0 = Debug|Any CPU
		{54C3E07F-0B0C-4BAB-9937-5A3A2C114818}.Release|Any CPU.ActiveCfg = Release|Any CPU
		{D54F4EFD-2E03-40B9-84A6-AB00F70204E2}.Debug|Any CPU.ActiveCfg = Debug|Any CPU
		{D54F4EFD-2E03-40B9-84A6-AB00F70204E2}.Debug|Any CPU.Build.0 = Debug|Any CPU
		{D54F4EFD-2E03-40B9-84A6-AB00F70204E2}.Release|Any CPU.ActiveCfg = Release|Any CPU
		{D2BCE479-D0F5-467C-8575-4FC2741735DE}.Debug|Any CPU.ActiveCfg = Debug|Any CPU
		{D2BCE479-D0F5-467C-8575-4FC2741735DE}.Debug|Any CPU.Build.0 = Debug|Any CPU
		{D2BCE479-D0F5-467C-8575-4FC2741735DE}.Release|Any CPU.ActiveCfg = Release|Any CPU
		{EF466071-46D5-48EA-9B77-E9EE4603CE81}.Debug|Any CPU.ActiveCfg = Debug|Any CPU
		{EF466071-46D5-48EA-9B77-E9EE4603CE81}.Debug|Any CPU.Build.0 = Debug|Any CPU
		{EF466071-46D5-48EA-9B77-E9EE4603CE81}.Release|Any CPU.ActiveCfg = Release|Any CPU
		{174B6D37-BACC-4C60-894F-F5393A69B927}.Debug|Any CPU.ActiveCfg = Debug|Any CPU
		{174B6D37-BACC-4C60-894F-F5393A69B927}.Debug|Any CPU.Build.0 = Debug|Any CPU
		{174B6D37-BACC-4C60-894F-F5393A69B927}.Release|Any CPU.ActiveCfg = Release|Any CPU
		{C2BBF2C9-489D-4F16-BA4E-1DC0AE4BFD71}.Debug|Any CPU.ActiveCfg = Debug|Any CPU
		{C2BBF2C9-489D-4F16-BA4E-1DC0AE4BFD71}.Debug|Any CPU.Build.0 = Debug|Any CPU
		{C2BBF2C9-489D-4F16-BA4E-1DC0AE4BFD71}.Release|Any CPU.ActiveCfg = Release|Any CPU
		{53606EF3-C47E-4435-94A0-47D217EE772C}.Debug|Any CPU.ActiveCfg = Debug|Any CPU
		{53606EF3-C47E-4435-94A0-47D217EE772C}.Debug|Any CPU.Build.0 = Debug|Any CPU
		{53606EF3-C47E-4435-94A0-47D217EE772C}.Release|Any CPU.ActiveCfg = Release|Any CPU
		{CB89692D-3540-40A7-A070-2F079E75B1BE}.Debug|Any CPU.ActiveCfg = Debug|Any CPU
		{CB89692D-3540-40A7-A070-2F079E75B1BE}.Debug|Any CPU.Build.0 = Debug|Any CPU
		{CB89692D-3540-40A7-A070-2F079E75B1BE}.Release|Any CPU.ActiveCfg = Release|Any CPU
		{E89F804B-FF07-4BED-AAC4-568C64175EFD}.Debug|Any CPU.ActiveCfg = Debug|Any CPU
		{E89F804B-FF07-4BED-AAC4-568C64175EFD}.Debug|Any CPU.Build.0 = Debug|Any CPU
		{E89F804B-FF07-4BED-AAC4-568C64175EFD}.Release|Any CPU.ActiveCfg = Release|Any CPU
		{A683257D-26B1-4E3A-AE44-AF6C00603024}.Debug|Any CPU.ActiveCfg = Debug|Any CPU
		{A683257D-26B1-4E3A-AE44-AF6C00603024}.Debug|Any CPU.Build.0 = Debug|Any CPU
		{A683257D-26B1-4E3A-AE44-AF6C00603024}.Release|Any CPU.ActiveCfg = Release|Any CPU
		{6075FD62-A8F8-4309-A32B-8F7DE970200E}.Debug|Any CPU.ActiveCfg = Debug|Any CPU
		{6075FD62-A8F8-4309-A32B-8F7DE970200E}.Debug|Any CPU.Build.0 = Debug|Any CPU
		{6075FD62-A8F8-4309-A32B-8F7DE970200E}.Release|Any CPU.ActiveCfg = Release|Any CPU
		{755FD534-E848-4EC7-AE5C-0943147F2614}.Debug|Any CPU.ActiveCfg = Debug|Any CPU
		{755FD534-E848-4EC7-AE5C-0943147F2614}.Debug|Any CPU.Build.0 = Debug|Any CPU
		{755FD534-E848-4EC7-AE5C-0943147F2614}.Release|Any CPU.ActiveCfg = Release|Any CPU
		{084C5919-AAA1-4BBB-8F02-D603CBB10B16}.Debug|Any CPU.ActiveCfg = Debug|Any CPU
		{084C5919-AAA1-4BBB-8F02-D603CBB10B16}.Debug|Any CPU.Build.0 = Debug|Any CPU
		{084C5919-AAA1-4BBB-8F02-D603CBB10B16}.Release|Any CPU.ActiveCfg = Release|Any CPU
		{1C796D03-EB44-417F-B3C5-9EF21F6A7135}.Debug|Any CPU.ActiveCfg = Debug|Any CPU
		{1C796D03-EB44-417F-B3C5-9EF21F6A7135}.Debug|Any CPU.Build.0 = Debug|Any CPU
		{1C796D03-EB44-417F-B3C5-9EF21F6A7135}.Release|Any CPU.ActiveCfg = Release|Any CPU
		{DBE4BD8B-A38E-4A80-8B9D-C28CA3168C8D}.Debug|Any CPU.ActiveCfg = Debug|Any CPU
		{DBE4BD8B-A38E-4A80-8B9D-C28CA3168C8D}.Debug|Any CPU.Build.0 = Debug|Any CPU
		{DBE4BD8B-A38E-4A80-8B9D-C28CA3168C8D}.Release|Any CPU.ActiveCfg = Release|Any CPU
		{9B8113DF-7B5F-42B9-BC94-F9139D69E7B1}.Debug|Any CPU.ActiveCfg = Debug|Any CPU
		{9B8113DF-7B5F-42B9-BC94-F9139D69E7B1}.Debug|Any CPU.Build.0 = Debug|Any CPU
		{9B8113DF-7B5F-42B9-BC94-F9139D69E7B1}.Release|Any CPU.ActiveCfg = Release|Any CPU
		{BBA476AD-5A51-4F7E-8341-91FF974632A9}.Debug|Any CPU.ActiveCfg = Debug|Any CPU
		{BBA476AD-5A51-4F7E-8341-91FF974632A9}.Debug|Any CPU.Build.0 = Debug|Any CPU
		{BBA476AD-5A51-4F7E-8341-91FF974632A9}.Release|Any CPU.ActiveCfg = Release|Any CPU
		{58366089-3270-4F81-A504-650B5FA9A639}.Debug|Any CPU.ActiveCfg = Debug|Any CPU
		{58366089-3270-4F81-A504-650B5FA9A639}.Debug|Any CPU.Build.0 = Debug|Any CPU
		{58366089-3270-4F81-A504-650B5FA9A639}.Release|Any CPU.ActiveCfg = Release|Any CPU
		{4840CCC0-ABB5-4BF5-BB27-27BD487DAE92}.Debug|Any CPU.ActiveCfg = Debug|Any CPU
		{4840CCC0-ABB5-4BF5-BB27-27BD487DAE92}.Debug|Any CPU.Build.0 = Debug|Any CPU
		{4840CCC0-ABB5-4BF5-BB27-27BD487DAE92}.Release|Any CPU.ActiveCfg = Release|Any CPU
		{2F27828B-B4A4-423A-A124-C867CD20FEB2}.Debug|Any CPU.ActiveCfg = Debug|Any CPU
		{2F27828B-B4A4-423A-A124-C867CD20FEB2}.Debug|Any CPU.Build.0 = Debug|Any CPU
		{2F27828B-B4A4-423A-A124-C867CD20FEB2}.Release|Any CPU.ActiveCfg = Release|Any CPU
		{CB46AC78-EEB9-4641-883F-61E6F18D762F}.Debug|Any CPU.ActiveCfg = Debug|Any CPU
		{CB46AC78-EEB9-4641-883F-61E6F18D762F}.Debug|Any CPU.Build.0 = Debug|Any CPU
		{CB46AC78-EEB9-4641-883F-61E6F18D762F}.Release|Any CPU.ActiveCfg = Release|Any CPU
		{103BB86C-D79A-4661-950D-09FCF8CF6187}.Debug|Any CPU.ActiveCfg = Debug|Any CPU
		{103BB86C-D79A-4661-950D-09FCF8CF6187}.Debug|Any CPU.Build.0 = Debug|Any CPU
		{103BB86C-D79A-4661-950D-09FCF8CF6187}.Release|Any CPU.ActiveCfg = Release|Any CPU
		{2D37FBAC-16F1-4336-9DFB-33E73FC11F5A}.Debug|Any CPU.ActiveCfg = Debug|Any CPU
		{2D37FBAC-16F1-4336-9DFB-33E73FC11F5A}.Debug|Any CPU.Build.0 = Debug|Any CPU
		{2D37FBAC-16F1-4336-9DFB-33E73FC11F5A}.Release|Any CPU.ActiveCfg = Release|Any CPU
		{05D4FCEE-6EBD-4584-B2E9-400D97EDC2A8}.Debug|Any CPU.ActiveCfg = Debug|Any CPU
		{05D4FCEE-6EBD-4584-B2E9-400D97EDC2A8}.Debug|Any CPU.Build.0 = Debug|Any CPU
		{05D4FCEE-6EBD-4584-B2E9-400D97EDC2A8}.Release|Any CPU.ActiveCfg = Release|Any CPU
		{569E0371-D57A-40C4-847E-37A12BF1A186}.Debug|Any CPU.ActiveCfg = Debug|Any CPU
		{569E0371-D57A-40C4-847E-37A12BF1A186}.Debug|Any CPU.Build.0 = Debug|Any CPU
		{569E0371-D57A-40C4-847E-37A12BF1A186}.Release|Any CPU.ActiveCfg = Release|Any CPU
		{0F3F33E6-2557-4D08-9AE4-76BC8406CE42}.Debug|Any CPU.ActiveCfg = Debug|Any CPU
		{0F3F33E6-2557-4D08-9AE4-76BC8406CE42}.Debug|Any CPU.Build.0 = Debug|Any CPU
		{0F3F33E6-2557-4D08-9AE4-76BC8406CE42}.Release|Any CPU.ActiveCfg = Release|Any CPU
	EndGlobalSection
	GlobalSection(SolutionProperties) = preSolution
		HideSolutionNode = FALSE
	EndGlobalSection
	GlobalSection(NestedProjects) = preSolution
		{1670DD6E-4F07-4963-82D8-31C5D6EB2000} = {3C28B2FB-A4F7-46A7-88D4-159410DA7AE1}
		{7388A035-A891-4CCA-9288-80B5D9AC85BB} = {1670DD6E-4F07-4963-82D8-31C5D6EB2000}
		{94AF7299-E998-40DE-8026-F61FC48D30F1} = {7388A035-A891-4CCA-9288-80B5D9AC85BB}
		{91227632-EDB4-47E2-965B-29F7ACCDC212} = {7388A035-A891-4CCA-9288-80B5D9AC85BB}
		{E5CCEEF5-99FD-45CD-A83B-306344802D13} = {7388A035-A891-4CCA-9288-80B5D9AC85BB}
		{48370F95-1C5F-48A9-8FF8-03D8F1BBACB9} = {7388A035-A891-4CCA-9288-80B5D9AC85BB}
		{3FD937BA-6B78-4F32-B61A-276964DD791D} = {7388A035-A891-4CCA-9288-80B5D9AC85BB}
		{CD885C58-9F02-4EC1-8D92-AE89C8E012EE} = {7388A035-A891-4CCA-9288-80B5D9AC85BB}
		{61DFC939-F187-45E5-B7B6-404865978BE4} = {7388A035-A891-4CCA-9288-80B5D9AC85BB}
		{DCAC153D-FD02-4837-A9A5-1E7DAC4E75EF} = {7388A035-A891-4CCA-9288-80B5D9AC85BB}
		{64B29320-74D2-4DE8-AE4C-51C7D7E02002} = {7388A035-A891-4CCA-9288-80B5D9AC85BB}
		{81668E3A-5106-45AF-AE49-A030C45E4049} = {7388A035-A891-4CCA-9288-80B5D9AC85BB}
		{0C0DA8AF-B7F2-48EF-BFBA-EC9A235612DD} = {1670DD6E-4F07-4963-82D8-31C5D6EB2000}
		{7EC9BD7E-0F2F-41F7-9F1E-8604C931B894} = {0C0DA8AF-B7F2-48EF-BFBA-EC9A235612DD}
		{AE59EEA4-5DAB-4A6A-AB38-8780F13CB692} = {0C0DA8AF-B7F2-48EF-BFBA-EC9A235612DD}
		{1F3EAC68-8143-4070-A454-0F94F2EC74D5} = {0C0DA8AF-B7F2-48EF-BFBA-EC9A235612DD}
		{5D500E6A-E482-488B-9DC9-72210235B813} = {0C0DA8AF-B7F2-48EF-BFBA-EC9A235612DD}
		{5CD69D31-316E-4A23-B0D2-C8432E63F794} = {0C0DA8AF-B7F2-48EF-BFBA-EC9A235612DD}
		{824CC260-27BD-46CB-8705-26BF152E4C91} = {0C0DA8AF-B7F2-48EF-BFBA-EC9A235612DD}
		{94B30D62-1266-4195-8160-63237A7661F6} = {0C0DA8AF-B7F2-48EF-BFBA-EC9A235612DD}
		{D5721330-611B-43A1-A743-8377688BB873} = {0C0DA8AF-B7F2-48EF-BFBA-EC9A235612DD}
		{ED737BCE-AFB0-4FA6-A3B2-08D8E988F47C} = {0C0DA8AF-B7F2-48EF-BFBA-EC9A235612DD}
		{41261B63-EAA3-45A5-9290-9C6FB9A905FD} = {0C0DA8AF-B7F2-48EF-BFBA-EC9A235612DD}
		{33EDF7F9-0FAC-40CF-B754-6667DB22FEA6} = {0C0DA8AF-B7F2-48EF-BFBA-EC9A235612DD}
		{1563617D-3566-4E23-8F19-3B2EA5526D03} = {0C0DA8AF-B7F2-48EF-BFBA-EC9A235612DD}
		{C6298281-7596-43E3-9327-D3FE2B462880} = {0C0DA8AF-B7F2-48EF-BFBA-EC9A235612DD}
		{96CA389C-5FB0-4CF6-8D2A-CC869CDF6AD9} = {0C0DA8AF-B7F2-48EF-BFBA-EC9A235612DD}
		{48E9AEB3-9738-4958-B32A-3F5F69986358} = {96CA389C-5FB0-4CF6-8D2A-CC869CDF6AD9}
		{7BC7DA4F-E377-42C8-812B-CA24FF7BDB3E} = {96CA389C-5FB0-4CF6-8D2A-CC869CDF6AD9}
		{899E78C9-72B8-43E5-A25A-5B3645EEDAE4} = {1670DD6E-4F07-4963-82D8-31C5D6EB2000}
		{39921F9C-C8B1-4E0C-A31A-D7091D3CD542} = {899E78C9-72B8-43E5-A25A-5B3645EEDAE4}
		{92064534-1D02-4E8A-A974-F25DEA4AB4C0} = {899E78C9-72B8-43E5-A25A-5B3645EEDAE4}
		{8CFBC7C7-88FA-42BC-B6E4-2ACE9F6460D6} = {899E78C9-72B8-43E5-A25A-5B3645EEDAE4}
		{64078DBC-B8E6-4260-A663-1BDA4B83483E} = {899E78C9-72B8-43E5-A25A-5B3645EEDAE4}
		{6B45089C-98C7-4D45-9757-9124CBF28727} = {899E78C9-72B8-43E5-A25A-5B3645EEDAE4}
		{32A6EB5B-51F3-4463-8574-B446CA09FE40} = {899E78C9-72B8-43E5-A25A-5B3645EEDAE4}
		{2EF3A91C-D307-458F-AE81-A56CE1C174B6} = {899E78C9-72B8-43E5-A25A-5B3645EEDAE4}
		{DC64AD03-205C-470D-8CC1-D247D76CAFDE} = {899E78C9-72B8-43E5-A25A-5B3645EEDAE4}
		{B5C1B238-58D4-4466-8B20-7478EDB6E44C} = {899E78C9-72B8-43E5-A25A-5B3645EEDAE4}
		{5472A7EE-B872-44B4-93CD-0AB9113478A0} = {899E78C9-72B8-43E5-A25A-5B3645EEDAE4}
		{49D2454C-BA49-4054-8094-EEA55880ECAF} = {1670DD6E-4F07-4963-82D8-31C5D6EB2000}
		{E94DDEE9-7783-4A8E-928D-8230989E4736} = {49D2454C-BA49-4054-8094-EEA55880ECAF}
		{17357CBF-4D49-4AAC-8497-DCB43C79BA85} = {49D2454C-BA49-4054-8094-EEA55880ECAF}
		{8B3A35F6-C7E8-47B6-AD4D-46F6ADD367BF} = {49D2454C-BA49-4054-8094-EEA55880ECAF}
		{6D0B4CED-717C-42D4-AAE2-75521087F638} = {49D2454C-BA49-4054-8094-EEA55880ECAF}
		{BFFF28FD-D51D-4788-A57F-9BBD0197EC73} = {49D2454C-BA49-4054-8094-EEA55880ECAF}
		{100CC934-C510-4045-9D85-8B9DAA31E731} = {49D2454C-BA49-4054-8094-EEA55880ECAF}
		{FD46D300-FF5B-463A-B82A-14155C7466EC} = {49D2454C-BA49-4054-8094-EEA55880ECAF}
		{C74FC0B9-5AAE-4BC3-80E1-9949CE49A443} = {49D2454C-BA49-4054-8094-EEA55880ECAF}
		{D040F08F-CF99-48F7-96AC-A191A066A3E5} = {49D2454C-BA49-4054-8094-EEA55880ECAF}
		{D033D7EE-1A38-4FD3-910F-99559D19E73B} = {49D2454C-BA49-4054-8094-EEA55880ECAF}
		{023A85AE-2DFD-4C3C-9C5D-D5DD8E2FFCCD} = {1670DD6E-4F07-4963-82D8-31C5D6EB2000}
		{6A9F2DF8-14AE-47F1-9785-6CB604532FBB} = {023A85AE-2DFD-4C3C-9C5D-D5DD8E2FFCCD}
		{EE2CC527-9940-4211-AB1D-183141FA3E42} = {023A85AE-2DFD-4C3C-9C5D-D5DD8E2FFCCD}
		{55E05189-E2B6-4C0D-A772-983CEC0EC4E7} = {023A85AE-2DFD-4C3C-9C5D-D5DD8E2FFCCD}
		{B6BF3155-86C6-41C8-BB48-ACABCBFF5505} = {023A85AE-2DFD-4C3C-9C5D-D5DD8E2FFCCD}
		{B4F39F15-B67C-4655-BC55-82DFE6719317} = {023A85AE-2DFD-4C3C-9C5D-D5DD8E2FFCCD}
		{6002DECC-A338-49F3-89AD-283A7C58C163} = {023A85AE-2DFD-4C3C-9C5D-D5DD8E2FFCCD}
		{BD6A1540-932F-4D54-B277-B3B74BC0D340} = {023A85AE-2DFD-4C3C-9C5D-D5DD8E2FFCCD}
		{2CD4D1E7-7442-4D80-B81E-C7E3B57D159B} = {1670DD6E-4F07-4963-82D8-31C5D6EB2000}
		{F83FA17B-C53C-4184-B91A-E073E141E2F7} = {2CD4D1E7-7442-4D80-B81E-C7E3B57D159B}
		{A618FC45-E2E8-4646-A110-215374379B4B} = {2CD4D1E7-7442-4D80-B81E-C7E3B57D159B}
		{D1144E64-B4DF-4AC3-8C9B-B46F8AFE6446} = {2CD4D1E7-7442-4D80-B81E-C7E3B57D159B}
		{394FABDC-7612-45B3-ABCD-0829C89DF6A3} = {2CD4D1E7-7442-4D80-B81E-C7E3B57D159B}
		{E04E3AC6-29F9-4AAD-AF2E-508F4B8EF921} = {2CD4D1E7-7442-4D80-B81E-C7E3B57D159B}
		{2A941E84-AD28-4E2E-8633-C25745BEF307} = {1670DD6E-4F07-4963-82D8-31C5D6EB2000}
		{CED10958-F529-489C-80F8-21F7B0898B35} = {2A941E84-AD28-4E2E-8633-C25745BEF307}
		{E5DB5DE3-EAD4-4538-9826-809FC5E2108A} = {2A941E84-AD28-4E2E-8633-C25745BEF307}
		{E402E6E6-FA6B-45E1-A23B-BAE2C29717DE} = {2A941E84-AD28-4E2E-8633-C25745BEF307}
		{8F844457-850E-4AEA-AA2E-5DF686C547BD} = {2A941E84-AD28-4E2E-8633-C25745BEF307}
		{92A6E946-7E2A-4E03-8D7C-093EAF17E1C1} = {2A941E84-AD28-4E2E-8633-C25745BEF307}
		{4F3FD719-1393-437B-B383-759C3C700772} = {2A941E84-AD28-4E2E-8633-C25745BEF307}
		{4827256A-56BA-4076-B680-F51BF922287F} = {2A941E84-AD28-4E2E-8633-C25745BEF307}
		{6BB19AAD-FA13-4D06-B952-DC953BCC027A} = {2A941E84-AD28-4E2E-8633-C25745BEF307}
		{2048B2AF-E2F0-4CAB-89D9-51253B63E990} = {1670DD6E-4F07-4963-82D8-31C5D6EB2000}
		{D8A834AB-4368-48A2-BC12-5DAB87E24479} = {2048B2AF-E2F0-4CAB-89D9-51253B63E990}
		{89B9FF97-D635-4A2C-8A45-51DBFE8B9B50} = {2048B2AF-E2F0-4CAB-89D9-51253B63E990}
		{2E3D7A57-DA3C-4EDC-9F74-DD59834670B3} = {2048B2AF-E2F0-4CAB-89D9-51253B63E990}
		{247C58BB-C8E8-4B95-B2E7-33F4D08EDF56} = {2048B2AF-E2F0-4CAB-89D9-51253B63E990}
		{6D267718-44C7-4350-8352-2DE54B80D968} = {2048B2AF-E2F0-4CAB-89D9-51253B63E990}
		{70ECFC88-26D4-46EB-B3CB-983AB9ADD3F9} = {2048B2AF-E2F0-4CAB-89D9-51253B63E990}
		{64554291-D49F-4215-9914-32FB9A78A616} = {2048B2AF-E2F0-4CAB-89D9-51253B63E990}
		{362660C2-773E-4BA1-B7C9-49CB1C4A8F01} = {2048B2AF-E2F0-4CAB-89D9-51253B63E990}
		{853C689D-A08B-4742-9290-9E744A7A22E3} = {2048B2AF-E2F0-4CAB-89D9-51253B63E990}
		{623DC2B0-9D00-4BAF-A5B3-42ADA843B917} = {2048B2AF-E2F0-4CAB-89D9-51253B63E990}
		{57A820CB-AC2A-46DD-902D-97E562CB66EC} = {623DC2B0-9D00-4BAF-A5B3-42ADA843B917}
		{34FF628F-A6E8-4332-B48C-40835BB32777} = {623DC2B0-9D00-4BAF-A5B3-42ADA843B917}
		{C9166041-EC59-48AD-B59C-0ACC936B5A19} = {1670DD6E-4F07-4963-82D8-31C5D6EB2000}
		{795677A2-DE7F-4F3C-8D8F-C688593437DE} = {C9166041-EC59-48AD-B59C-0ACC936B5A19}
		{F4CEFEE3-AED0-4534-984C-F4F4EC47BDCE} = {C9166041-EC59-48AD-B59C-0ACC936B5A19}
		{7DD3882F-6031-4F5A-BE39-8C0D30AB7369} = {C9166041-EC59-48AD-B59C-0ACC936B5A19}
		{356A3C50-86E1-4917-86ED-D731CCF99E00} = {C9166041-EC59-48AD-B59C-0ACC936B5A19}
		{35B7ED6A-BD8E-44E8-8EFE-D6308CC83D7B} = {C9166041-EC59-48AD-B59C-0ACC936B5A19}
		{6E6F76E4-D40E-42A2-87F6-AA25FCF2B9A5} = {C9166041-EC59-48AD-B59C-0ACC936B5A19}
		{ADF8266F-DFFE-46C4-A36E-0975730237A3} = {C9166041-EC59-48AD-B59C-0ACC936B5A19}
		{CE4236A6-3482-46AF-BFC1-0D887DB207CB} = {C9166041-EC59-48AD-B59C-0ACC936B5A19}
		{646AA82D-DAD3-43B6-84F0-8D4DC81F43DB} = {C9166041-EC59-48AD-B59C-0ACC936B5A19}
		{9FDFF43B-ED94-432B-83BB-2D7CA4E59E12} = {C9166041-EC59-48AD-B59C-0ACC936B5A19}
		{7A6F6690-E20A-4F03-A5BA-2E773A6A2992} = {C9166041-EC59-48AD-B59C-0ACC936B5A19}
		{2260CC98-AB91-46DD-830C-6A7E09C9B76C} = {C9166041-EC59-48AD-B59C-0ACC936B5A19}
		{235D64EC-6147-4857-8F55-C9C739B571AF} = {C9166041-EC59-48AD-B59C-0ACC936B5A19}
		{D7B6C6F8-E5E0-4ADE-8ACE-0E4295D03C0F} = {235D64EC-6147-4857-8F55-C9C739B571AF}
		{C33E917C-ACE5-408F-833A-E5242DA35DFF} = {235D64EC-6147-4857-8F55-C9C739B571AF}
		{4F1957F3-8C60-4590-9D87-720469B77B85} = {235D64EC-6147-4857-8F55-C9C739B571AF}
		{23CBE53D-D45B-42F7-A6F2-638ADF3892A5} = {C9166041-EC59-48AD-B59C-0ACC936B5A19}
		{2E35C389-F066-4DCF-A813-EE4FB7C34B7E} = {23CBE53D-D45B-42F7-A6F2-638ADF3892A5}
		{1ECF0795-39E5-4891-B8B0-C5BBC9514D21} = {23CBE53D-D45B-42F7-A6F2-638ADF3892A5}
		{35A80BF0-E942-435D-A8D2-8C92ABA4790B} = {1670DD6E-4F07-4963-82D8-31C5D6EB2000}
		{A843226D-E519-4BFF-B976-15DFF86AFE19} = {35A80BF0-E942-435D-A8D2-8C92ABA4790B}
		{BBE2A285-FC79-485F-BF1A-5C7084123B9D} = {35A80BF0-E942-435D-A8D2-8C92ABA4790B}
		{7AA531FE-A310-4B3B-BB5D-730995B21AB0} = {35A80BF0-E942-435D-A8D2-8C92ABA4790B}
		{FF36603A-AFC9-463F-BBFB-2DAFFEC7F813} = {35A80BF0-E942-435D-A8D2-8C92ABA4790B}
		{15C81F25-8A90-46AE-A0C6-5BC5D7B7F75B} = {35A80BF0-E942-435D-A8D2-8C92ABA4790B}
		{7714A93A-EDCD-409E-BE27-BAF8FC4C81A9} = {35A80BF0-E942-435D-A8D2-8C92ABA4790B}
		{1864E570-2879-4C1B-8078-42BB0A8FD7C0} = {35A80BF0-E942-435D-A8D2-8C92ABA4790B}
		{C04CE246-5BBC-4E37-A73E-A90C446C5259} = {1670DD6E-4F07-4963-82D8-31C5D6EB2000}
		{D8277EC3-9630-41C9-8262-85BD61293093} = {C04CE246-5BBC-4E37-A73E-A90C446C5259}
		{D02B8619-AA3D-40DD-AB8D-723952E04355} = {C04CE246-5BBC-4E37-A73E-A90C446C5259}
		{ED2E6721-0CD3-496E-8BC1-E37F693FEC15} = {C04CE246-5BBC-4E37-A73E-A90C446C5259}
		{7F83A8FE-F981-4386-B15A-D7578CC687A7} = {1670DD6E-4F07-4963-82D8-31C5D6EB2000}
		{F2ECF492-82CF-4A22-82DE-8728A835FB1F} = {7F83A8FE-F981-4386-B15A-D7578CC687A7}
		{A40E0BE3-478F-4151-9398-AE21B49C38C0} = {7F83A8FE-F981-4386-B15A-D7578CC687A7}
		{5F5B4C2F-9567-45C9-BF3D-85A954F4AA29} = {7F83A8FE-F981-4386-B15A-D7578CC687A7}
		{1164BFDC-0A4D-4FB1-84FB-3390016C8578} = {7F83A8FE-F981-4386-B15A-D7578CC687A7}
		{27D33281-9B56-457E-BC13-35A1E6E3088A} = {7F83A8FE-F981-4386-B15A-D7578CC687A7}
		{AB6E1B3F-A774-41E8-874A-85E0A4F8866C} = {7F83A8FE-F981-4386-B15A-D7578CC687A7}
		{FCED3998-7436-4584-9CE6-27985E12CEB6} = {7F83A8FE-F981-4386-B15A-D7578CC687A7}
		{99892004-45EB-4FB3-B4E3-4C3B2C2107F1} = {1670DD6E-4F07-4963-82D8-31C5D6EB2000}
		{75E575BB-C4C3-4736-B1DD-F3D6C41C5674} = {99892004-45EB-4FB3-B4E3-4C3B2C2107F1}
		{789C96F2-B740-4EE4-B3E6-21D88D4DBEDD} = {99892004-45EB-4FB3-B4E3-4C3B2C2107F1}
		{23AEFD6F-EFDD-4501-9693-5E424784145F} = {99892004-45EB-4FB3-B4E3-4C3B2C2107F1}
		{8D3F722E-F310-45A8-A658-98B98466E1A2} = {99892004-45EB-4FB3-B4E3-4C3B2C2107F1}
		{C0DAEC69-2772-4B21-9B7D-A6B162086F06} = {99892004-45EB-4FB3-B4E3-4C3B2C2107F1}
		{3D5A55D5-F031-4F04-9156-77050FB78D89} = {99892004-45EB-4FB3-B4E3-4C3B2C2107F1}
		{83E4BCD2-CD6E-43CC-8077-25D75076E6A1} = {99892004-45EB-4FB3-B4E3-4C3B2C2107F1}
		{ABCA65CE-0688-4BCC-9108-014327D515AC} = {99892004-45EB-4FB3-B4E3-4C3B2C2107F1}
		{14F0EAB6-B9D3-437D-B1FF-C4141C4A5293} = {99892004-45EB-4FB3-B4E3-4C3B2C2107F1}
		{64604909-F0E3-4D4A-BFA8-E37DEC12AE23} = {99892004-45EB-4FB3-B4E3-4C3B2C2107F1}
		{082F6F80-B906-49DD-BC33-686A16DB92D0} = {64604909-F0E3-4D4A-BFA8-E37DEC12AE23}
		{1E0C3626-2C27-4F73-A879-E72FFCFFF1BC} = {64604909-F0E3-4D4A-BFA8-E37DEC12AE23}
		{914AF606-AC86-4C6E-967E-BD6A7BA8AF92} = {99892004-45EB-4FB3-B4E3-4C3B2C2107F1}
		{D7141C60-2BAB-4B66-8D96-35E301CCE3B8} = {914AF606-AC86-4C6E-967E-BD6A7BA8AF92}
		{8F4FBDA6-F476-4F9E-8707-0F51ADE54DD1} = {914AF606-AC86-4C6E-967E-BD6A7BA8AF92}
		{AB8621FE-2E47-423D-A11D-6E2EAF833F69} = {1670DD6E-4F07-4963-82D8-31C5D6EB2000}
		{679400F4-9102-4475-8E39-A5D040204BF8} = {AB8621FE-2E47-423D-A11D-6E2EAF833F69}
		{B81F024A-0C4C-403C-A4E3-2E0F47916A6F} = {AB8621FE-2E47-423D-A11D-6E2EAF833F69}
		{3885F96E-4C11-4191-8A52-3F8E162BA802} = {AB8621FE-2E47-423D-A11D-6E2EAF833F69}
		{9459D90E-DB84-48B9-BB8F-1A74DC4E3BB1} = {AB8621FE-2E47-423D-A11D-6E2EAF833F69}
		{070F85EC-038C-4AF2-9CDB-ED5F16F8CE78} = {9459D90E-DB84-48B9-BB8F-1A74DC4E3BB1}
		{79752957-762C-4AF1-B8A6-4D0ED50F999D} = {9459D90E-DB84-48B9-BB8F-1A74DC4E3BB1}
		{B8CF72DB-8020-4477-A974-1D66F60A7940} = {3C28B2FB-A4F7-46A7-88D4-159410DA7AE1}
		{ECE79A97-B3DD-4EF1-855B-BA90DE0BAFE8} = {B8CF72DB-8020-4477-A974-1D66F60A7940}
		{3C0DF44D-61AC-4A24-9E02-F432F5E6A44A} = {B8CF72DB-8020-4477-A974-1D66F60A7940}
		{54C3E07F-0B0C-4BAB-9937-5A3A2C114818} = {3C0DF44D-61AC-4A24-9E02-F432F5E6A44A}
		{D5070745-9308-4BE4-9C3B-4B4B430585A5} = {B8CF72DB-8020-4477-A974-1D66F60A7940}
		{D54F4EFD-2E03-40B9-84A6-AB00F70204E2} = {D5070745-9308-4BE4-9C3B-4B4B430585A5}
		{D2BCE479-D0F5-467C-8575-4FC2741735DE} = {D5070745-9308-4BE4-9C3B-4B4B430585A5}
		{EF466071-46D5-48EA-9B77-E9EE4603CE81} = {D5070745-9308-4BE4-9C3B-4B4B430585A5}
		{174B6D37-BACC-4C60-894F-F5393A69B927} = {D5070745-9308-4BE4-9C3B-4B4B430585A5}
		{C2BBF2C9-489D-4F16-BA4E-1DC0AE4BFD71} = {D5070745-9308-4BE4-9C3B-4B4B430585A5}
		{0219DE7D-B249-467A-8744-A30EC07035D8} = {B8CF72DB-8020-4477-A974-1D66F60A7940}
		{53606EF3-C47E-4435-94A0-47D217EE772C} = {0219DE7D-B249-467A-8744-A30EC07035D8}
		{E36A2E9B-FA71-4591-A4D6-7DB1F4DA0670} = {B8CF72DB-8020-4477-A974-1D66F60A7940}
		{CB89692D-3540-40A7-A070-2F079E75B1BE} = {E36A2E9B-FA71-4591-A4D6-7DB1F4DA0670}
		{E89F804B-FF07-4BED-AAC4-568C64175EFD} = {E36A2E9B-FA71-4591-A4D6-7DB1F4DA0670}
		{A683257D-26B1-4E3A-AE44-AF6C00603024} = {E36A2E9B-FA71-4591-A4D6-7DB1F4DA0670}
		{17BF480A-7577-468C-AF77-350C025ADF86} = {B8CF72DB-8020-4477-A974-1D66F60A7940}
		{6075FD62-A8F8-4309-A32B-8F7DE970200E} = {17BF480A-7577-468C-AF77-350C025ADF86}
		{755FD534-E848-4EC7-AE5C-0943147F2614} = {17BF480A-7577-468C-AF77-350C025ADF86}
		{F07E1FFD-99E2-48D9-9567-AD0572ACE2BA} = {17BF480A-7577-468C-AF77-350C025ADF86}
		{084C5919-AAA1-4BBB-8F02-D603CBB10B16} = {F07E1FFD-99E2-48D9-9567-AD0572ACE2BA}
		{7FD962F4-5D50-4D23-87ED-54DDB051E527} = {17BF480A-7577-468C-AF77-350C025ADF86}
		{1C796D03-EB44-417F-B3C5-9EF21F6A7135} = {7FD962F4-5D50-4D23-87ED-54DDB051E527}
		{DBE4BD8B-A38E-4A80-8B9D-C28CA3168C8D} = {7FD962F4-5D50-4D23-87ED-54DDB051E527}
		{9B8113DF-7B5F-42B9-BC94-F9139D69E7B1} = {7FD962F4-5D50-4D23-87ED-54DDB051E527}
		{BBA476AD-5A51-4F7E-8341-91FF974632A9} = {7FD962F4-5D50-4D23-87ED-54DDB051E527}
		{58366089-3270-4F81-A504-650B5FA9A639} = {7FD962F4-5D50-4D23-87ED-54DDB051E527}
		{4840CCC0-ABB5-4BF5-BB27-27BD487DAE92} = {7FD962F4-5D50-4D23-87ED-54DDB051E527}
		{C4BFE4BB-AB54-4CB7-A3D0-1CB75D507C99} = {17BF480A-7577-468C-AF77-350C025ADF86}
		{2F27828B-B4A4-423A-A124-C867CD20FEB2} = {C4BFE4BB-AB54-4CB7-A3D0-1CB75D507C99}
		{CB46AC78-EEB9-4641-883F-61E6F18D762F} = {C4BFE4BB-AB54-4CB7-A3D0-1CB75D507C99}
		{E16A96D7-2206-4B38-B8B7-CEADACD9CE0F} = {A77D6EA2-AD61-4F81-AE19-2C6FCCCDE157}
		{51F6E375-0581-4FFD-BD4C-6305AD1D33B9} = {E16A96D7-2206-4B38-B8B7-CEADACD9CE0F}
		{103BB86C-D79A-4661-950D-09FCF8CF6187} = {51F6E375-0581-4FFD-BD4C-6305AD1D33B9}
		{2D37FBAC-16F1-4336-9DFB-33E73FC11F5A} = {51F6E375-0581-4FFD-BD4C-6305AD1D33B9}
		{05D4FCEE-6EBD-4584-B2E9-400D97EDC2A8} = {51F6E375-0581-4FFD-BD4C-6305AD1D33B9}
		{569E0371-D57A-40C4-847E-37A12BF1A186} = {51F6E375-0581-4FFD-BD4C-6305AD1D33B9}
		{0F3F33E6-2557-4D08-9AE4-76BC8406CE42} = {51F6E375-0581-4FFD-BD4C-6305AD1D33B9}
	EndGlobalSection
EndGlobal
