Microsoft Visual Studio Solution File, Format Version 11.00
# Visual Studio 2010
Project("{FAE04EC0-301F-11D3-BF4B-00C04F79EFBC}") = "AddHeaderInPDF", "AddHeaderInPDF.csproj", "{6019C391-9185-491F-BA97-BCF1577FA8C6}"
EndProject
Global
	GlobalSection(SolutionConfigurationPlatforms) = preSolution
		Debug|Any CPU = Debug|Any CPU
		Release|Any CPU = Release|Any CPU
	EndGlobalSection
	GlobalSection(ProjectConfigurationPlatforms) = postSolution
		{6019C391-9185-491F-BA97-BCF1577FA8C6}.Debug|Any CPU.ActiveCfg = Debug|Any CPU
		{6019C391-9185-491F-BA97-BCF1577FA8C6}.Debug|Any CPU.Build.0 = Debug|Any CPU
		{6019C391-9185-491F-BA97-BCF1577FA8C6}.Release|Any CPU.ActiveCfg = Release|Any CPU
	EndGlobalSection
	GlobalSection(SolutionProperties) = preSolution
		HideSolutionNode = FALSE
	EndGlobalSection
EndGlobal
