Microsoft Visual Studio Solution File, Format Version 10.00
# Visual Studio 2008
Project("{FAE04EC0-301F-11D3-BF4B-00C04F79EFBC}") = "ReplaceTextExistingPdf", "ReplaceTextExistingPdf.csproj", "{05B27F65-2921-4251-BE57-0ACEB683C64D}"
EndProject
Global
	GlobalSection(SolutionConfigurationPlatforms) = preSolution
		Debug|Any CPU = Debug|Any CPU
		Release|Any CPU = Release|Any CPU
	EndGlobalSection
	GlobalSection(ProjectConfigurationPlatforms) = postSolution
		{05B27F65-2921-4251-BE57-0ACEB683C64D}.Debug|Any CPU.ActiveCfg = Debug|Any CPU
		{05B27F65-2921-4251-BE57-0ACEB683C64D}.Debug|Any CPU.Build.0 = Debug|Any CPU
		{05B27F65-2921-4251-BE57-0ACEB683C64D}.Release|Any CPU.ActiveCfg = Release|Any CPU
	EndGlobalSection
	GlobalSection(SolutionProperties) = preSolution
		HideSolutionNode = FALSE
	EndGlobalSection
EndGlobal
