Microsoft Visual Studio Solution File, Format Version 10.00
# Visual Studio 2008
Project("{FAE04EC0-301F-11D3-BF4B-00C04F79EFBC}") = "ExtractImagesFromRangeOfPages", "ExtractImagesFromRangeOfPages.csproj", "{3CE374B1-3550-4A86-A5CC-2788303812B6}"
EndProject
Global
	GlobalSection(SolutionConfigurationPlatforms) = preSolution
		Debug|Any CPU = Debug|Any CPU
		Release|Any CPU = Release|Any CPU
	EndGlobalSection
	GlobalSection(ProjectConfigurationPlatforms) = postSolution
		{3CE374B1-3550-4A86-A5CC-2788303812B6}.Debug|Any CPU.ActiveCfg = Debug|Any CPU
		{3CE374B1-3550-4A86-A5CC-2788303812B6}.Debug|Any CPU.Build.0 = Debug|Any CPU
		{3CE374B1-3550-4A86-A5CC-2788303812B6}.Release|Any CPU.ActiveCfg = Release|Any CPU
	EndGlobalSection
	GlobalSection(SolutionProperties) = preSolution
		HideSolutionNode = FALSE
	EndGlobalSection
EndGlobal
