Microsoft Visual Studio Solution File, Format Version 11.00
# Visual Studio 2010
Project("{FAE04EC0-301F-11D3-BF4B-00C04F79EFBC}") = "AddTextStampOnAllPagesInPDF", "AddTextStampOnAllPagesInPDF.csproj", "{3B5AB8E7-966B-4F12-A250-FA17F76C36BF}"
EndProject
Global
	GlobalSection(SolutionConfigurationPlatforms) = preSolution
		Debug|Any CPU = Debug|Any CPU
		Release|Any CPU = Release|Any CPU
	EndGlobalSection
	GlobalSection(ProjectConfigurationPlatforms) = postSolution
		{3B5AB8E7-966B-4F12-A250-FA17F76C36BF}.Debug|Any CPU.ActiveCfg = Debug|Any CPU
		{3B5AB8E7-966B-4F12-A250-FA17F76C36BF}.Debug|Any CPU.Build.0 = Debug|Any CPU
		{3B5AB8E7-966B-4F12-A250-FA17F76C36BF}.Release|Any CPU.ActiveCfg = Release|Any CPU
	EndGlobalSection
	GlobalSection(SolutionProperties) = preSolution
		HideSolutionNode = FALSE
	EndGlobalSection
EndGlobal
