Microsoft Visual Studio Solution File, Format Version 10.00
# Visual Studio 2008
Project("{FAE04EC0-301F-11D3-BF4B-00C04F79EFBC}") = "ConvertPDFFileToSingleTIFF", "ConvertPDFFileToSingleTIFF.csproj", "{AC81FD0A-7427-4CB8-8DD3-AAC37FDFC122}"
EndProject
Global
	GlobalSection(SolutionConfigurationPlatforms) = preSolution
		Debug|Any CPU = Debug|Any CPU
		Release|Any CPU = Release|Any CPU
	EndGlobalSection
	GlobalSection(ProjectConfigurationPlatforms) = postSolution
		{AC81FD0A-7427-4CB8-8DD3-AAC37FDFC122}.Debug|Any CPU.ActiveCfg = Debug|Any CPU
		{AC81FD0A-7427-4CB8-8DD3-AAC37FDFC122}.Debug|Any CPU.Build.0 = Debug|Any CPU
		{AC81FD0A-7427-4CB8-8DD3-AAC37FDFC122}.Release|Any CPU.ActiveCfg = Release|Any CPU
	EndGlobalSection
	GlobalSection(SolutionProperties) = preSolution
		HideSolutionNode = FALSE
	EndGlobalSection
EndGlobal
