Microsoft Visual Studio Solution File, Format Version 10.00
# Visual Studio 2008
Project("{FAE04EC0-301F-11D3-BF4B-00C04F79EFBC}") = "DeleteaParticularBookmark", "DeleteaParticularBookmark.csproj", "{A09F8E54-3A6D-479E-B96D-DA5E890839A2}"
EndProject
Global
	GlobalSection(SolutionConfigurationPlatforms) = preSolution
		Debug|Any CPU = Debug|Any CPU
		Release|Any CPU = Release|Any CPU
	EndGlobalSection
	GlobalSection(ProjectConfigurationPlatforms) = postSolution
		{A09F8E54-3A6D-479E-B96D-DA5E890839A2}.Debug|Any CPU.ActiveCfg = Debug|Any CPU
		{A09F8E54-3A6D-479E-B96D-DA5E890839A2}.Debug|Any CPU.Build.0 = Debug|Any CPU
		{A09F8E54-3A6D-479E-B96D-DA5E890839A2}.Release|Any CPU.ActiveCfg = Release|Any CPU
	EndGlobalSection
	GlobalSection(SolutionProperties) = preSolution
		HideSolutionNode = FALSE
	EndGlobalSection
EndGlobal
