Microsoft Visual Studio Solution File, Format Version 11.00
# Visual Studio 2010
Project("{FAE04EC0-301F-11D3-BF4B-00C04F79EFBC}") = "CopyOuterField", "CopyOuterField.csproj", "{71CA6061-73CD-476B-8519-E445A7CA83ED}"
EndProject
Global
	GlobalSection(SolutionConfigurationPlatforms) = preSolution
		Debug|Any CPU = Debug|Any CPU
		Release|Any CPU = Release|Any CPU
	EndGlobalSection
	GlobalSection(ProjectConfigurationPlatforms) = postSolution
		{71CA6061-73CD-476B-8519-E445A7CA83ED}.Debug|Any CPU.ActiveCfg = Debug|Any CPU
		{71CA6061-73CD-476B-8519-E445A7CA83ED}.Debug|Any CPU.Build.0 = Debug|Any CPU
		{71CA6061-73CD-476B-8519-E445A7CA83ED}.Release|Any CPU.ActiveCfg = Release|Any CPU
	EndGlobalSection
	GlobalSection(SolutionProperties) = preSolution
		HideSolutionNode = FALSE
	EndGlobalSection
EndGlobal
