Microsoft Visual Studio Solution File, Format Version 10.00
# Visual Studio 2008
Project("{FAE04EC0-301F-11D3-BF4B-00C04F79EFBC}") = "AddPageStampOnAllPages", "AddPageStampOnAllPages.csproj", "{D61D4F1E-D41D-486C-A072-958CD2E13CAB}"
EndProject
Global
	GlobalSection(SolutionConfigurationPlatforms) = preSolution
		Debug|Any CPU = Debug|Any CPU
		Release|Any CPU = Release|Any CPU
	EndGlobalSection
	GlobalSection(ProjectConfigurationPlatforms) = postSolution
		{D61D4F1E-D41D-486C-A072-958CD2E13CAB}.Debug|Any CPU.ActiveCfg = Debug|Any CPU
		{D61D4F1E-D41D-486C-A072-958CD2E13CAB}.Debug|Any CPU.Build.0 = Debug|Any CPU
		{D61D4F1E-D41D-486C-A072-958CD2E13CAB}.Release|Any CPU.ActiveCfg = Release|Any CPU
	EndGlobalSection
	GlobalSection(SolutionProperties) = preSolution
		HideSolutionNode = FALSE
	EndGlobalSection
EndGlobal
