Microsoft Visual Studio Solution File, Format Version 11.00
# Visual Studio 2010
Project("{FAE04EC0-301F-11D3-BF4B-00C04F79EFBC}") = "AddAttachmentFromStream", "AddAttachmentFromStream.csproj", "{BBEB7E37-7B6F-48F5-9B3D-36F02E90D329}"
EndProject
Global
	GlobalSection(SolutionConfigurationPlatforms) = preSolution
		Debug|Any CPU = Debug|Any CPU
		Release|Any CPU = Release|Any CPU
	EndGlobalSection
	GlobalSection(ProjectConfigurationPlatforms) = postSolution
		{BBEB7E37-7B6F-48F5-9B3D-36F02E90D329}.Debug|Any CPU.ActiveCfg = Debug|Any CPU
		{BBEB7E37-7B6F-48F5-9B3D-36F02E90D329}.Debug|Any CPU.Build.0 = Debug|Any CPU
		{BBEB7E37-7B6F-48F5-9B3D-36F02E90D329}.Release|Any CPU.ActiveCfg = Release|Any CPU
	EndGlobalSection
	GlobalSection(SolutionProperties) = preSolution
		HideSolutionNode = FALSE
	EndGlobalSection
EndGlobal
