
Microsoft Visual Studio Solution File, Format Version 11.00
# Visual Studio 2010
Project("{FAE04EC0-301F-11D3-BF4B-00C04F79EFBC}") = "ConvertPagesToImages", "ConvertPagesToImages.csproj", "{7EC9BD7E-0F2F-41F7-9F1E-8604C931B894}"
EndProject
Global
	GlobalSection(SolutionConfigurationPlatforms) = preSolution
		Debug|Any CPU = Debug|Any CPU
		Release|Any CPU = Release|Any CPU
	EndGlobalSection
	GlobalSection(ProjectConfigurationPlatforms) = postSolution
		{7EC9BD7E-0F2F-41F7-9F1E-8604C931B894}.Debug|Any CPU.ActiveCfg = Debug|Any CPU
		{7EC9BD7E-0F2F-41F7-9F1E-8604C931B894}.Debug|Any CPU.Build.0 = Debug|Any CPU
		{7EC9BD7E-0F2F-41F7-9F1E-8604C931B894}.Release|Any CPU.ActiveCfg = Release|Any CPU
		{7EC9BD7E-0F2F-41F7-9F1E-8604C931B894}.Release|Any CPU.Build.0 = Release|Any CPU
	EndGlobalSection
	GlobalSection(SolutionProperties) = preSolution
		HideSolutionNode = FALSE
	EndGlobalSection
EndGlobal
