
Microsoft Visual Studio Solution File, Format Version 11.00
# Visual Studio 2010
Project("{FAE04EC0-301F-11D3-BF4B-00C04F79EFBC}") = "TableInHeaderFooter", "TableInHeaderFooter.csproj", "{569E0371-D57A-40C4-847E-37A12BF1A186}"
EndProject
Global
	GlobalSection(SolutionConfigurationPlatforms) = preSolution
		Debug|Any CPU = Debug|Any CPU
		Release|Any CPU = Release|Any CPU
	EndGlobalSection
	GlobalSection(ProjectConfigurationPlatforms) = postSolution
		{569E0371-D57A-40C4-847E-37A12BF1A186}.Debug|Any CPU.ActiveCfg = Debug|Any CPU
		{569E0371-D57A-40C4-847E-37A12BF1A186}.Debug|Any CPU.Build.0 = Debug|Any CPU
		{569E0371-D57A-40C4-847E-37A12BF1A186}.Release|Any CPU.ActiveCfg = Release|Any CPU
		{569E0371-D57A-40C4-847E-37A12BF1A186}.Release|Any CPU.Build.0 = Release|Any CPU
	EndGlobalSection
	GlobalSection(SolutionProperties) = preSolution
		HideSolutionNode = FALSE
	EndGlobalSection
EndGlobal
