Microsoft Visual Studio Solution File, Format Version 11.00
# Visual Studio 2010
Project("{FAE04EC0-301F-11D3-BF4B-00C04F79EFBC}") = "ChangePositionOfAStamp", "ChangePositionOfAStamp.csproj", "{EEBC2E7A-3088-4498-B0CB-E4E751A12A25}"
EndProject
Global
	GlobalSection(SolutionConfigurationPlatforms) = preSolution
		Debug|Any CPU = Debug|Any CPU
		Release|Any CPU = Release|Any CPU
	EndGlobalSection
	GlobalSection(ProjectConfigurationPlatforms) = postSolution
		{EEBC2E7A-3088-4498-B0CB-E4E751A12A25}.Debug|Any CPU.ActiveCfg = Debug|Any CPU
		{EEBC2E7A-3088-4498-B0CB-E4E751A12A25}.Debug|Any CPU.Build.0 = Debug|Any CPU
		{EEBC2E7A-3088-4498-B0CB-E4E751A12A25}.Release|Any CPU.ActiveCfg = Release|Any CPU
	EndGlobalSection
	GlobalSection(SolutionProperties) = preSolution
		HideSolutionNode = FALSE
	EndGlobalSection
EndGlobal
