Microsoft Visual Studio Solution File, Format Version 10.00
# Visual Studio 2008
Project("{FAE04EC0-301F-11D3-BF4B-00C04F79EFBC}") = "SetViewerPreference", "SetViewerPreference.csproj", "{1E810AB5-70CB-42AC-908B-FA17D4ECDAF5}"
EndProject
Global
	GlobalSection(SolutionConfigurationPlatforms) = preSolution
		Debug|Any CPU = Debug|Any CPU
		Release|Any CPU = Release|Any CPU
	EndGlobalSection
	GlobalSection(ProjectConfigurationPlatforms) = postSolution
		{1E810AB5-70CB-42AC-908B-FA17D4ECDAF5}.Debug|Any CPU.ActiveCfg = Debug|Any CPU
		{1E810AB5-70CB-42AC-908B-FA17D4ECDAF5}.Debug|Any CPU.Build.0 = Debug|Any CPU
		{1E810AB5-70CB-42AC-908B-FA17D4ECDAF5}.Release|Any CPU.ActiveCfg = Release|Any CPU
	EndGlobalSection
	GlobalSection(SolutionProperties) = preSolution
		HideSolutionNode = FALSE
	EndGlobalSection
EndGlobal
