Microsoft Visual Studio Solution File, Format Version 10.00
# Visual Studio 2008
Project("{FAE04EC0-301F-11D3-BF4B-00C04F79EFBC}") = "GetXMPMetadata", "GetXMPMetadata.csproj", "{9901CEFC-5F1B-44A8-9000-87096751C4B6}"
EndProject
Global
	GlobalSection(SolutionConfigurationPlatforms) = preSolution
		Debug|Any CPU = Debug|Any CPU
		Release|Any CPU = Release|Any CPU
	EndGlobalSection
	GlobalSection(ProjectConfigurationPlatforms) = postSolution
		{9901CEFC-5F1B-44A8-9000-87096751C4B6}.Debug|Any CPU.ActiveCfg = Debug|Any CPU
		{9901CEFC-5F1B-44A8-9000-87096751C4B6}.Debug|Any CPU.Build.0 = Debug|Any CPU
		{9901CEFC-5F1B-44A8-9000-87096751C4B6}.Release|Any CPU.ActiveCfg = Release|Any CPU
	EndGlobalSection
	GlobalSection(SolutionProperties) = preSolution
		HideSolutionNode = FALSE
	EndGlobalSection
EndGlobal
