Microsoft Visual Studio Solution File, Format Version 10.00
# Visual Studio 2008
Project("{FAE04EC0-301F-11D3-BF4B-00C04F79EFBC}") = "ConvertPDFPages", "ConvertPDFPages.csproj", "{BF9E8153-C8C0-44E2-BC91-4EBE32C695F6}"
EndProject
Global
	GlobalSection(SolutionConfigurationPlatforms) = preSolution
		Debug|Any CPU = Debug|Any CPU
		Release|Any CPU = Release|Any CPU
	EndGlobalSection
	GlobalSection(ProjectConfigurationPlatforms) = postSolution
		{BF9E8153-C8C0-44E2-BC91-4EBE32C695F6}.Debug|Any CPU.ActiveCfg = Debug|Any CPU
		{BF9E8153-C8C0-44E2-BC91-4EBE32C695F6}.Debug|Any CPU.Build.0 = Debug|Any CPU
		{BF9E8153-C8C0-44E2-BC91-4EBE32C695F6}.Release|Any CPU.ActiveCfg = Release|Any CPU
	EndGlobalSection
	GlobalSection(SolutionProperties) = preSolution
		HideSolutionNode = FALSE
	EndGlobalSection
EndGlobal
