
Microsoft Visual Studio Solution File, Format Version 11.00
# Visual Studio 2010
Project("{FAE04EC0-301F-11D3-BF4B-00C04F79EFBC}") = "ConvertImageToPDF", "ConvertImageToPDF.csproj", "{2D37FBAC-16F1-4336-9DFB-33E73FC11F5A}"
EndProject
Global
	GlobalSection(SolutionConfigurationPlatforms) = preSolution
		Debug|Any CPU = Debug|Any CPU
		Release|Any CPU = Release|Any CPU
	EndGlobalSection
	GlobalSection(ProjectConfigurationPlatforms) = postSolution
		{2D37FBAC-16F1-4336-9DFB-33E73FC11F5A}.Debug|Any CPU.ActiveCfg = Debug|Any CPU
		{2D37FBAC-16F1-4336-9DFB-33E73FC11F5A}.Debug|Any CPU.Build.0 = Debug|Any CPU
		{2D37FBAC-16F1-4336-9DFB-33E73FC11F5A}.Release|Any CPU.ActiveCfg = Release|Any CPU
		{2D37FBAC-16F1-4336-9DFB-33E73FC11F5A}.Release|Any CPU.Build.0 = Release|Any CPU
	EndGlobalSection
	GlobalSection(SolutionProperties) = preSolution
		HideSolutionNode = FALSE
	EndGlobalSection
EndGlobal
