Microsoft Visual Studio Solution File, Format Version 11.00
# Visual Studio 2010
Project("{FAE04EC0-301F-11D3-BF4B-00C04F79EFBC}") = "AddListItem", "AddListItem.csproj", "{5886A8C5-5276-4EE6-AD10-DE8663394A60}"
EndProject
Global
	GlobalSection(SolutionConfigurationPlatforms) = preSolution
		Debug|Any CPU = Debug|Any CPU
		Release|Any CPU = Release|Any CPU
	EndGlobalSection
	GlobalSection(ProjectConfigurationPlatforms) = postSolution
		{5886A8C5-5276-4EE6-AD10-DE8663394A60}.Debug|Any CPU.ActiveCfg = Debug|Any CPU
		{5886A8C5-5276-4EE6-AD10-DE8663394A60}.Debug|Any CPU.Build.0 = Debug|Any CPU
		{5886A8C5-5276-4EE6-AD10-DE8663394A60}.Release|Any CPU.ActiveCfg = Release|Any CPU
	EndGlobalSection
	GlobalSection(SolutionProperties) = preSolution
		HideSolutionNode = FALSE
	EndGlobalSection
EndGlobal
